{
  "version": 4,
  "terraform_version": "1.15.6",
  "serial": 266,
  "lineage": "9c5f9801-3b39-cde2-f95c-23efb654bf46",
  "outputs": {
    "alb_dns_name": {
      "value": "https://petclinic-isi-prod-alb-1792670642.us-east-1.elb.amazonaws.com",
      "type": "string"
    },
    "db_secret_arn": {
      "value": "arn:aws:secretsmanager:us-east-1:049618906674:secret:petclinic-isi-prod/rds/credentials-3OZLid",
      "type": "string",
      "sensitive": true
    },
    "deploy_instructions": {
      "value": "====== Instructions de déploiement ======\n\n1. Authentifier Docker auprès d'ECR :\n   aws ecr get-login-password --region us-east-1 | docker login --username AWS --password-stdin 049618906674.dkr.ecr.us-east-1.amazonaws.com/petclinic-isi-prod/petclinic-isi\n\n2. Builder et pousser l'image :\n   docker build -t petclinic-isi .\n   docker tag petclinic-isi:latest 049618906674.dkr.ecr.us-east-1.amazonaws.com/petclinic-isi-prod/petclinic-isi:latest\n   docker push 049618906674.dkr.ecr.us-east-1.amazonaws.com/petclinic-isi-prod/petclinic-isi:latest\n\n3. Forcer le redéploiement ECS :\n   aws ecs update-service --cluster petclinic-isi-prod-cluster --service petclinic-isi-prod-service --force-new-deployment\n\n4. Application accessible sur :\n   https://petclinic-isi-prod-alb-1792670642.us-east-1.elb.amazonaws.com\n\n5. Nettoyage sur le terraform avec terraform:\n   terraform destroy -auto-approve\n   Remove-Item terraform.tfstate* -ErrorAction SilentlyContinue\n   Remove-Item .terraform -Recurse -Force -ErrorAction SilentlyContinue\n   Remove-Item .terraform.lock.hcl -ErrorAction SilentlyContinue\n",
      "type": "string"
    },
    "ecr_repository_url": {
      "value": "049618906674.dkr.ecr.us-east-1.amazonaws.com/petclinic-isi-prod/petclinic-isi",
      "type": "string"
    },
    "ecs_cluster_name": {
      "value": "petclinic-isi-prod-cluster",
      "type": "string"
    },
    "rds_endpoint": {
      "value": "petclinic-isi-prod-postgres.cipqeoo2wdpt.us-east-1.rds.amazonaws.com:5432",
      "type": "string",
      "sensitive": true
    },
    "vpc_id": {
      "value": "vpc-0975d7ec991cf3482",
      "type": "string"
    }
  },
  "resources": [
    {
      "module": "module.alb",
      "mode": "data",
      "type": "aws_elb_service_account",
      "name": "main",
      "provider": "provider[\"registry.terraform.io/hashicorp/aws\"]",
      "instances": [
        {
          "schema_version": 0,
          "attributes": {
            "arn": "arn:aws:iam::127311923021:root",
            "id": "127311923021",
            "region": null
          },
          "sensitive_attributes": [],
          "identity_schema_version": 0
        }
      ]
    },
    {
      "module": "module.alb",
      "mode": "managed",
      "type": "aws_lb",
      "name": "main",
      "provider": "provider[\"registry.terraform.io/hashicorp/aws\"]",
      "instances": [
        {
          "schema_version": 0,
          "attributes": {
            "access_logs": [
              {
                "bucket": "petclinic-isi-prod-alb-logs-39d27543",
                "enabled": true,
                "prefix": "alb"
              }
            ],
            "arn": "arn:aws:elasticloadbalancing:us-east-1:049618906674:loadbalancer/app/petclinic-isi-prod-alb/589c5a0de6bb21b9",
            "arn_suffix": "app/petclinic-isi-prod-alb/589c5a0de6bb21b9",
            "client_keep_alive": 3600,
            "connection_logs": [
              {
                "bucket": "",
                "enabled": false,
                "prefix": ""
              }
            ],
            "customer_owned_ipv4_pool": "",
            "desync_mitigation_mode": "defensive",
            "dns_name": "petclinic-isi-prod-alb-1792670642.us-east-1.elb.amazonaws.com",
            "dns_record_client_routing_policy": null,
            "drop_invalid_header_fields": true,
            "enable_cross_zone_load_balancing": true,
            "enable_deletion_protection": false,
            "enable_http2": true,
            "enable_tls_version_and_cipher_suite_headers": false,
            "enable_waf_fail_open": false,
            "enable_xff_client_port": false,
            "enable_zonal_shift": false,
            "enforce_security_group_inbound_rules_on_private_link_traffic": "",
            "id": "arn:aws:elasticloadbalancing:us-east-1:049618906674:loadbalancer/app/petclinic-isi-prod-alb/589c5a0de6bb21b9",
            "idle_timeout": 60,
            "internal": false,
            "ip_address_type": "ipv4",
            "ipam_pools": [],
            "load_balancer_type": "application",
            "minimum_load_balancer_capacity": [],
            "name": "petclinic-isi-prod-alb",
            "name_prefix": "",
            "preserve_host_header": false,
            "security_groups": [
              "sg-03c9d47959dcf7d97"
            ],
            "subnet_mapping": [
              {
                "allocation_id": "",
                "ipv6_address": "",
                "outpost_id": "",
                "private_ipv4_address": "",
                "subnet_id": "subnet-07f562276cd87f3f5"
              },
              {
                "allocation_id": "",
                "ipv6_address": "",
                "outpost_id": "",
                "private_ipv4_address": "",
                "subnet_id": "subnet-08fca09be869512f4"
              },
              {
                "allocation_id": "",
                "ipv6_address": "",
                "outpost_id": "",
                "private_ipv4_address": "",
                "subnet_id": "subnet-09a9fb273581998f5"
              }
            ],
            "subnets": [
              "subnet-07f562276cd87f3f5",
              "subnet-08fca09be869512f4",
              "subnet-09a9fb273581998f5"
            ],
            "tags": {
              "Name": "petclinic-isi-prod-alb"
            },
            "tags_all": {
              "ManagedBy": "Terraform",
              "Name": "petclinic-isi-prod-alb",
              "Project": "petclinic"
            },
            "timeouts": null,
            "vpc_id": "vpc-0975d7ec991cf3482",
            "xff_header_processing_mode": "append",
            "zone_id": "Z35SXDOTRQ7X7K"
          },
          "sensitive_attributes": [],
          "identity_schema_version": 0,
          "private": "eyJlMmJmYjczMC1lY2FhLTExZTYtOGY4OC0zNDM2M2JjN2M0YzAiOnsiY3JlYXRlIjo2MDAwMDAwMDAwMDAsImRlbGV0ZSI6NjAwMDAwMDAwMDAwLCJ1cGRhdGUiOjYwMDAwMDAwMDAwMH19",
          "dependencies": [
            "module.alb.aws_s3_bucket.alb_logs",
            "module.alb.random_id.suffix",
            "module.security_groups.aws_security_group.alb",
            "module.vpc.aws_subnet.public",
            "module.vpc.aws_vpc.main"
          ],
          "create_before_destroy": true
        }
      ]
    },
    {
      "module": "module.alb",
      "mode": "managed",
      "type": "aws_lb_listener",
      "name": "http_redirect",
      "provider": "provider[\"registry.terraform.io/hashicorp/aws\"]",
      "instances": [
        {
          "schema_version": 0,
          "attributes": {
            "alpn_policy": null,
            "arn": "arn:aws:elasticloadbalancing:us-east-1:049618906674:listener/app/petclinic-isi-prod-alb/589c5a0de6bb21b9/7786b5b01fb193a5",
            "certificate_arn": null,
            "default_action": [
              {
                "authenticate_cognito": [],
                "authenticate_oidc": [],
                "fixed_response": [],
                "forward": [],
                "order": 1,
                "redirect": [
                  {
                    "host": "#{host}",
                    "path": "/#{path}",
                    "port": "443",
                    "protocol": "HTTPS",
                    "query": "#{query}",
                    "status_code": "HTTP_301"
                  }
                ],
                "target_group_arn": "",
                "type": "redirect"
              }
            ],
            "id": "arn:aws:elasticloadbalancing:us-east-1:049618906674:listener/app/petclinic-isi-prod-alb/589c5a0de6bb21b9/7786b5b01fb193a5",
            "load_balancer_arn": "arn:aws:elasticloadbalancing:us-east-1:049618906674:loadbalancer/app/petclinic-isi-prod-alb/589c5a0de6bb21b9",
            "mutual_authentication": [],
            "port": 80,
            "protocol": "HTTP",
            "routing_http_request_x_amzn_mtls_clientcert_header_name": null,
            "routing_http_request_x_amzn_mtls_clientcert_issuer_header_name": null,
            "routing_http_request_x_amzn_mtls_clientcert_leaf_header_name": null,
            "routing_http_request_x_amzn_mtls_clientcert_serial_number_header_name": null,
            "routing_http_request_x_amzn_mtls_clientcert_subject_header_name": null,
            "routing_http_request_x_amzn_mtls_clientcert_validity_header_name": null,
            "routing_http_request_x_amzn_tls_cipher_suite_header_name": null,
            "routing_http_request_x_amzn_tls_version_header_name": null,
            "routing_http_response_access_control_allow_credentials_header_value": "",
            "routing_http_response_access_control_allow_headers_header_value": "",
            "routing_http_response_access_control_allow_methods_header_value": "",
            "routing_http_response_access_control_allow_origin_header_value": "",
            "routing_http_response_access_control_expose_headers_header_value": "",
            "routing_http_response_access_control_max_age_header_value": "",
            "routing_http_response_content_security_policy_header_value": "",
            "routing_http_response_server_enabled": true,
            "routing_http_response_strict_transport_security_header_value": "",
            "routing_http_response_x_content_type_options_header_value": "",
            "routing_http_response_x_frame_options_header_value": "",
            "ssl_policy": "",
            "tags": null,
            "tags_all": {
              "ManagedBy": "Terraform",
              "Project": "petclinic"
            },
            "tcp_idle_timeout_seconds": null,
            "timeouts": null
          },
          "sensitive_attributes": [],
          "identity_schema_version": 0,
          "private": "eyJlMmJmYjczMC1lY2FhLTExZTYtOGY4OC0zNDM2M2JjN2M0YzAiOnsiY3JlYXRlIjozMDAwMDAwMDAwMDAsInVwZGF0ZSI6MzAwMDAwMDAwMDAwfX0=",
          "dependencies": [
            "module.alb.aws_lb.main",
            "module.alb.aws_s3_bucket.alb_logs",
            "module.alb.random_id.suffix",
            "module.security_groups.aws_security_group.alb",
            "module.vpc.aws_subnet.public",
            "module.vpc.aws_vpc.main"
          ]
        }
      ]
    },
    {
      "module": "module.alb",
      "mode": "managed",
      "type": "aws_lb_listener",
      "name": "https",
      "provider": "provider[\"registry.terraform.io/hashicorp/aws\"]",
      "instances": [
        {
          "schema_version": 0,
          "attributes": {
            "alpn_policy": null,
            "arn": "arn:aws:elasticloadbalancing:us-east-1:049618906674:listener/app/petclinic-isi-prod-alb/589c5a0de6bb21b9/214594c5efda2394",
            "certificate_arn": "arn:aws:iam::049618906674:server-certificate/petclinic-isi-prod-automated-cert",
            "default_action": [
              {
                "authenticate_cognito": [],
                "authenticate_oidc": [],
                "fixed_response": [],
                "forward": [],
                "order": 1,
                "redirect": [],
                "target_group_arn": "arn:aws:elasticloadbalancing:us-east-1:049618906674:targetgroup/petclinic-isi-prod-tg/d706a6008109a867",
                "type": "forward"
              }
            ],
            "id": "arn:aws:elasticloadbalancing:us-east-1:049618906674:listener/app/petclinic-isi-prod-alb/589c5a0de6bb21b9/214594c5efda2394",
            "load_balancer_arn": "arn:aws:elasticloadbalancing:us-east-1:049618906674:loadbalancer/app/petclinic-isi-prod-alb/589c5a0de6bb21b9",
            "mutual_authentication": [
              {
                "advertise_trust_store_ca_names": "",
                "ignore_client_certificate_expiry": false,
                "mode": "off",
                "trust_store_arn": ""
              }
            ],
            "port": 443,
            "protocol": "HTTPS",
            "routing_http_request_x_amzn_mtls_clientcert_header_name": "",
            "routing_http_request_x_amzn_mtls_clientcert_issuer_header_name": "",
            "routing_http_request_x_amzn_mtls_clientcert_leaf_header_name": "",
            "routing_http_request_x_amzn_mtls_clientcert_serial_number_header_name": "",
            "routing_http_request_x_amzn_mtls_clientcert_subject_header_name": "",
            "routing_http_request_x_amzn_mtls_clientcert_validity_header_name": "",
            "routing_http_request_x_amzn_tls_cipher_suite_header_name": "",
            "routing_http_request_x_amzn_tls_version_header_name": "",
            "routing_http_response_access_control_allow_credentials_header_value": "",
            "routing_http_response_access_control_allow_headers_header_value": "",
            "routing_http_response_access_control_allow_methods_header_value": "",
            "routing_http_response_access_control_allow_origin_header_value": "",
            "routing_http_response_access_control_expose_headers_header_value": "",
            "routing_http_response_access_control_max_age_header_value": "",
            "routing_http_response_content_security_policy_header_value": "",
            "routing_http_response_server_enabled": true,
            "routing_http_response_strict_transport_security_header_value": "",
            "routing_http_response_x_content_type_options_header_value": "",
            "routing_http_response_x_frame_options_header_value": "",
            "ssl_policy": "ELBSecurityPolicy-TLS13-1-2-2021-06",
            "tags": null,
            "tags_all": {
              "ManagedBy": "Terraform",
              "Project": "petclinic"
            },
            "tcp_idle_timeout_seconds": null,
            "timeouts": null
          },
          "sensitive_attributes": [],
          "identity_schema_version": 0,
          "private": "eyJlMmJmYjczMC1lY2FhLTExZTYtOGY4OC0zNDM2M2JjN2M0YzAiOnsiY3JlYXRlIjozMDAwMDAwMDAwMDAsInVwZGF0ZSI6MzAwMDAwMDAwMDAwfX0=",
          "dependencies": [
            "module.alb.aws_lb.main",
            "module.alb.aws_lb_target_group.app",
            "module.alb.aws_s3_bucket.alb_logs",
            "module.alb.random_id.suffix",
            "module.iam.aws_iam_server_certificate.petclinic_automated_cert",
            "module.iam.tls_private_key.petclinic_key",
            "module.iam.tls_self_signed_cert.petclinic_self_signed",
            "module.security_groups.aws_security_group.alb",
            "module.vpc.aws_subnet.public",
            "module.vpc.aws_vpc.main"
          ],
          "create_before_destroy": true
        }
      ]
    },
    {
      "module": "module.alb",
      "mode": "managed",
      "type": "aws_lb_target_group",
      "name": "app",
      "provider": "provider[\"registry.terraform.io/hashicorp/aws\"]",
      "instances": [
        {
          "schema_version": 0,
          "attributes": {
            "arn": "arn:aws:elasticloadbalancing:us-east-1:049618906674:targetgroup/petclinic-isi-prod-tg/d706a6008109a867",
            "arn_suffix": "targetgroup/petclinic-isi-prod-tg/d706a6008109a867",
            "connection_termination": null,
            "deregistration_delay": "30",
            "health_check": [
              {
                "enabled": true,
                "healthy_threshold": 2,
                "interval": 30,
                "matcher": "200,302",
                "path": "/",
                "port": "traffic-port",
                "protocol": "HTTP",
                "timeout": 10,
                "unhealthy_threshold": 3
              }
            ],
            "id": "arn:aws:elasticloadbalancing:us-east-1:049618906674:targetgroup/petclinic-isi-prod-tg/d706a6008109a867",
            "ip_address_type": "ipv4",
            "lambda_multi_value_headers_enabled": false,
            "load_balancer_arns": [],
            "load_balancing_algorithm_type": "round_robin",
            "load_balancing_anomaly_mitigation": "off",
            "load_balancing_cross_zone_enabled": "use_load_balancer_configuration",
            "name": "petclinic-isi-prod-tg",
            "name_prefix": "",
            "port": 8080,
            "preserve_client_ip": null,
            "protocol": "HTTP",
            "protocol_version": "HTTP1",
            "proxy_protocol_v2": false,
            "slow_start": 0,
            "stickiness": [
              {
                "cookie_duration": 86400,
                "cookie_name": "",
                "enabled": false,
                "type": "lb_cookie"
              }
            ],
            "tags": {
              "Name": "petclinic-isi-prod-tg"
            },
            "tags_all": {
              "ManagedBy": "Terraform",
              "Name": "petclinic-isi-prod-tg",
              "Project": "petclinic"
            },
            "target_failover": [
              {
                "on_deregistration": null,
                "on_unhealthy": null
              }
            ],
            "target_group_health": [
              {
                "dns_failover": [
                  {
                    "minimum_healthy_targets_count": "1",
                    "minimum_healthy_targets_percentage": "off"
                  }
                ],
                "unhealthy_state_routing": [
                  {
                    "minimum_healthy_targets_count": 1,
                    "minimum_healthy_targets_percentage": "off"
                  }
                ]
              }
            ],
            "target_health_state": [
              {
                "enable_unhealthy_connection_termination": null,
                "unhealthy_draining_interval": null
              }
            ],
            "target_type": "ip",
            "vpc_id": "vpc-0975d7ec991cf3482"
          },
          "sensitive_attributes": [],
          "identity_schema_version": 0,
          "private": "bnVsbA==",
          "dependencies": [
            "module.vpc.aws_vpc.main"
          ],
          "create_before_destroy": true
        }
      ]
    },
    {
      "module": "module.alb",
      "mode": "managed",
      "type": "aws_s3_bucket",
      "name": "alb_logs",
      "provider": "provider[\"registry.terraform.io/hashicorp/aws\"]",
      "instances": [
        {
          "schema_version": 0,
          "attributes": {
            "acceleration_status": "",
            "acl": null,
            "arn": "arn:aws:s3:::petclinic-isi-prod-alb-logs-39d27543",
            "bucket": "petclinic-isi-prod-alb-logs-39d27543",
            "bucket_domain_name": "petclinic-isi-prod-alb-logs-39d27543.s3.amazonaws.com",
            "bucket_prefix": "",
            "bucket_regional_domain_name": "petclinic-isi-prod-alb-logs-39d27543.s3.us-east-1.amazonaws.com",
            "cors_rule": [],
            "force_destroy": true,
            "grant": [
              {
                "id": "b1404d63462dc3c27439d37c7b7f56ff3df3d324b33de9690c583ff48680ae45",
                "permissions": [
                  "FULL_CONTROL"
                ],
                "type": "CanonicalUser",
                "uri": ""
              }
            ],
            "hosted_zone_id": "Z3AQBSTGFYJSTF",
            "id": "petclinic-isi-prod-alb-logs-39d27543",
            "lifecycle_rule": [],
            "logging": [],
            "object_lock_configuration": [],
            "object_lock_enabled": false,
            "policy": "",
            "region": "us-east-1",
            "replication_configuration": [],
            "request_payer": "BucketOwner",
            "server_side_encryption_configuration": [
              {
                "rule": [
                  {
                    "apply_server_side_encryption_by_default": [
                      {
                        "kms_master_key_id": "",
                        "sse_algorithm": "AES256"
                      }
                    ],
                    "bucket_key_enabled": false
                  }
                ]
              }
            ],
            "tags": {
              "Name": "petclinic-isi-prod-alb-logs"
            },
            "tags_all": {
              "ManagedBy": "Terraform",
              "Name": "petclinic-isi-prod-alb-logs",
              "Project": "petclinic"
            },
            "timeouts": null,
            "versioning": [
              {
                "enabled": false,
                "mfa_delete": false
              }
            ],
            "website": [],
            "website_domain": null,
            "website_endpoint": null
          },
          "sensitive_attributes": [],
          "identity_schema_version": 0,
          "private": "eyJlMmJmYjczMC1lY2FhLTExZTYtOGY4OC0zNDM2M2JjN2M0YzAiOnsiY3JlYXRlIjoxMjAwMDAwMDAwMDAwLCJkZWxldGUiOjM2MDAwMDAwMDAwMDAsInJlYWQiOjEyMDAwMDAwMDAwMDAsInVwZGF0ZSI6MTIwMDAwMDAwMDAwMH19",
          "dependencies": [
            "module.alb.random_id.suffix"
          ],
          "create_before_destroy": true
        }
      ]
    },
    {
      "module": "module.alb",
      "mode": "managed",
      "type": "aws_s3_bucket_lifecycle_configuration",
      "name": "alb_logs",
      "provider": "provider[\"registry.terraform.io/hashicorp/aws\"]",
      "instances": [
        {
          "schema_version": 1,
          "attributes": {
            "bucket": "petclinic-isi-prod-alb-logs-39d27543",
            "expected_bucket_owner": "",
            "id": "petclinic-isi-prod-alb-logs-39d27543",
            "rule": [
              {
                "abort_incomplete_multipart_upload": [],
                "expiration": [
                  {
                    "date": null,
                    "days": 90,
                    "expired_object_delete_marker": false
                  }
                ],
                "filter": [
                  {
                    "and": [],
                    "object_size_greater_than": null,
                    "object_size_less_than": null,
                    "prefix": "",
                    "tag": []
                  }
                ],
                "id": "expire-logs",
                "noncurrent_version_expiration": [],
                "noncurrent_version_transition": [],
                "prefix": "",
                "status": "Enabled",
                "transition": []
              }
            ],
            "timeouts": null,
            "transition_default_minimum_object_size": "all_storage_classes_128K"
          },
          "sensitive_attributes": [],
          "identity_schema_version": 0,
          "dependencies": [
            "module.alb.aws_s3_bucket.alb_logs",
            "module.alb.random_id.suffix"
          ]
        }
      ]
    },
    {
      "module": "module.alb",
      "mode": "managed",
      "type": "aws_s3_bucket_policy",
      "name": "alb_logs",
      "provider": "provider[\"registry.terraform.io/hashicorp/aws\"]",
      "instances": [
        {
          "schema_version": 0,
          "attributes": {
            "bucket": "petclinic-isi-prod-alb-logs-39d27543",
            "id": "petclinic-isi-prod-alb-logs-39d27543",
            "policy": "{\"Statement\":[{\"Action\":\"s3:PutObject\",\"Effect\":\"Allow\",\"Principal\":{\"AWS\":\"arn:aws:iam::127311923021:root\"},\"Resource\":\"arn:aws:s3:::petclinic-isi-prod-alb-logs-39d27543/alb/AWSLogs/*\"}],\"Version\":\"2012-10-17\"}"
          },
          "sensitive_attributes": [],
          "identity_schema_version": 0,
          "private": "bnVsbA==",
          "dependencies": [
            "module.alb.aws_s3_bucket.alb_logs",
            "module.alb.data.aws_elb_service_account.main",
            "module.alb.random_id.suffix"
          ]
        }
      ]
    },
    {
      "module": "module.alb",
      "mode": "managed",
      "type": "aws_s3_bucket_public_access_block",
      "name": "alb_logs",
      "provider": "provider[\"registry.terraform.io/hashicorp/aws\"]",
      "instances": [
        {
          "schema_version": 0,
          "attributes": {
            "block_public_acls": true,
            "block_public_policy": true,
            "bucket": "petclinic-isi-prod-alb-logs-39d27543",
            "id": "petclinic-isi-prod-alb-logs-39d27543",
            "ignore_public_acls": true,
            "restrict_public_buckets": true
          },
          "sensitive_attributes": [],
          "identity_schema_version": 0,
          "private": "bnVsbA==",
          "dependencies": [
            "module.alb.aws_s3_bucket.alb_logs",
            "module.alb.random_id.suffix"
          ]
        }
      ]
    },
    {
      "module": "module.alb",
      "mode": "managed",
      "type": "aws_s3_bucket_versioning",
      "name": "alb_logs",
      "provider": "provider[\"registry.terraform.io/hashicorp/aws\"]",
      "instances": [
        {
          "schema_version": 0,
          "attributes": {
            "bucket": "petclinic-isi-prod-alb-logs-39d27543",
            "expected_bucket_owner": "",
            "id": "petclinic-isi-prod-alb-logs-39d27543",
            "mfa": null,
            "versioning_configuration": [
              {
                "mfa_delete": "",
                "status": "Enabled"
              }
            ]
          },
          "sensitive_attributes": [],
          "identity_schema_version": 0,
          "private": "bnVsbA==",
          "dependencies": [
            "module.alb.aws_s3_bucket.alb_logs",
            "module.alb.random_id.suffix"
          ]
        }
      ]
    },
    {
      "module": "module.alb",
      "mode": "managed",
      "type": "random_id",
      "name": "suffix",
      "provider": "provider[\"registry.terraform.io/hashicorp/random\"]",
      "instances": [
        {
          "schema_version": 0,
          "attributes": {
            "b64_std": "OdJ1Qw==",
            "b64_url": "OdJ1Qw",
            "byte_length": 4,
            "dec": "970093891",
            "hex": "39d27543",
            "id": "OdJ1Qw",
            "keepers": null,
            "prefix": null
          },
          "sensitive_attributes": [],
          "identity_schema_version": 0,
          "create_before_destroy": true
        }
      ]
    },
    {
      "module": "module.budgets",
      "mode": "managed",
      "type": "aws_budgets_budget",
      "name": "monthly",
      "provider": "provider[\"registry.terraform.io/hashicorp/aws\"]",
      "instances": [
        {
          "schema_version": 0,
          "attributes": {
            "account_id": "049618906674",
            "arn": "arn:aws:budgets::049618906674:budget/petclinic-isi-prod-monthly-budget",
            "auto_adjust_data": [],
            "budget_type": "COST",
            "cost_filter": [],
            "cost_types": [
              {
                "include_credit": true,
                "include_discount": true,
                "include_other_subscription": true,
                "include_recurring": true,
                "include_refund": true,
                "include_subscription": true,
                "include_support": true,
                "include_tax": true,
                "include_upfront": true,
                "use_amortized": false,
                "use_blended": false
              }
            ],
            "id": "049618906674:petclinic-isi-prod-monthly-budget",
            "limit_amount": "50.0",
            "limit_unit": "USD",
            "name": "petclinic-isi-prod-monthly-budget",
            "name_prefix": "",
            "notification": [
              {
                "comparison_operator": "GREATER_THAN",
                "notification_type": "ACTUAL",
                "subscriber_email_addresses": [
                  "mpididehi@mail.com"
                ],
                "subscriber_sns_topic_arns": [],
                "threshold": 80,
                "threshold_type": "PERCENTAGE"
              },
              {
                "comparison_operator": "GREATER_THAN",
                "notification_type": "FORECASTED",
                "subscriber_email_addresses": [
                  "mpididehi@mail.com"
                ],
                "subscriber_sns_topic_arns": [],
                "threshold": 100,
                "threshold_type": "PERCENTAGE"
              }
            ],
            "planned_limit": [],
            "tags": null,
            "tags_all": {
              "ManagedBy": "Terraform",
              "Project": "petclinic"
            },
            "time_period_end": "2087-06-15_00:00",
            "time_period_start": "2026-07-01_00:00",
            "time_unit": "MONTHLY"
          },
          "sensitive_attributes": [],
          "identity_schema_version": 0,
          "private": "bnVsbA=="
        }
      ]
    },
    {
      "module": "module.cloudwatch",
      "mode": "managed",
      "type": "aws_cloudwatch_dashboard",
      "name": "main",
      "provider": "provider[\"registry.terraform.io/hashicorp/aws\"]",
      "instances": [
        {
          "schema_version": 0,
          "attributes": {
            "dashboard_arn": "arn:aws:cloudwatch::049618906674:dashboard/petclinic-isi-prod-dashboard",
            "dashboard_body": "{\"widgets\":[{\"properties\":{\"metrics\":[[\"AWS/ECS\",\"CPUUtilization\",\"ClusterName\",\"petclinic-isi-prod-cluster\",\"ServiceName\",\"petclinic-isi-prod-service\"],[\"AWS/ECS\",\"MemoryUtilization\",\"ClusterName\",\"petclinic-isi-prod-cluster\",\"ServiceName\",\"petclinic-isi-prod-service\"]],\"period\":60,\"region\":\"us-east-1\",\"stacked\":false,\"stat\":\"Average\",\"title\":\"ECS CPU \u0026 Memoire\",\"view\":\"timeSeries\",\"yAxis\":{\"left\":{\"max\":100,\"min\":0}}},\"type\":\"metric\"},{\"properties\":{\"metrics\":[[\"AWS/ApplicationELB\",\"RequestCount\",\"LoadBalancer\",\"app/petclinic-isi-prod-alb/589c5a0de6bb21b9\"],[\"AWS/ApplicationELB\",\"HTTPCode_ELB_5XX_Count\",\"LoadBalancer\",\"app/petclinic-isi-prod-alb/589c5a0de6bb21b9\"]],\"period\":60,\"region\":\"us-east-1\",\"stacked\":false,\"stat\":\"Sum\",\"title\":\"ALB Requetes \u0026 Erreurs 5xx\",\"view\":\"timeSeries\"},\"type\":\"metric\"},{\"properties\":{\"metrics\":[[\"AWS/RDS\",\"CPUUtilization\",\"DBInstanceIdentifier\",\"petclinic-isi-prod-postgres\"],[\"AWS/RDS\",\"DatabaseConnections\",\"DBInstanceIdentifier\",\"petclinic-isi-prod-postgres\"]],\"period\":60,\"region\":\"us-east-1\",\"stacked\":false,\"stat\":\"Average\",\"title\":\"RDS CPU \u0026 Connexions\",\"view\":\"timeSeries\",\"yAxis\":{\"left\":{\"max\":100,\"min\":0}}},\"type\":\"metric\"}]}",
            "dashboard_name": "petclinic-isi-prod-dashboard",
            "id": "petclinic-isi-prod-dashboard"
          },
          "sensitive_attributes": [],
          "identity_schema_version": 0,
          "private": "bnVsbA==",
          "dependencies": [
            "module.alb.aws_lb.main",
            "module.alb.aws_s3_bucket.alb_logs",
            "module.alb.random_id.suffix",
            "module.security_groups.aws_security_group.alb",
            "module.vpc.aws_subnet.public",
            "module.vpc.aws_vpc.main"
          ]
        }
      ]
    },
    {
      "module": "module.cloudwatch",
      "mode": "managed",
      "type": "aws_cloudwatch_log_group",
      "name": "ecs",
      "provider": "provider[\"registry.terraform.io/hashicorp/aws\"]",
      "instances": [
        {
          "schema_version": 0,
          "attributes": {
            "arn": "arn:aws:logs:us-east-1:049618906674:log-group:/ecs/petclinic-isi-prod",
            "id": "/ecs/petclinic-isi-prod",
            "kms_key_id": "",
            "log_group_class": "STANDARD",
            "name": "/ecs/petclinic-isi-prod",
            "name_prefix": "",
            "retention_in_days": 30,
            "skip_destroy": false,
            "tags": {
              "Name": "petclinic-isi-prod-ecs-logs"
            },
            "tags_all": {
              "ManagedBy": "Terraform",
              "Name": "petclinic-isi-prod-ecs-logs",
              "Project": "petclinic"
            }
          },
          "sensitive_attributes": [],
          "identity_schema_version": 0,
          "private": "bnVsbA=="
        }
      ]
    },
    {
      "module": "module.cloudwatch",
      "mode": "managed",
      "type": "aws_cloudwatch_metric_alarm",
      "name": "alb_5xx",
      "provider": "provider[\"registry.terraform.io/hashicorp/aws\"]",
      "instances": [
        {
          "schema_version": 1,
          "attributes": {
            "actions_enabled": true,
            "alarm_actions": [
              "arn:aws:sns:us-east-1:049618906674:petclinic-isi-prod-alerts"
            ],
            "alarm_description": "Plus de 10 erreurs 5xx en 1 minute",
            "alarm_name": "petclinic-isi-prod-alb-5xx-errors",
            "arn": "arn:aws:cloudwatch:us-east-1:049618906674:alarm:petclinic-isi-prod-alb-5xx-errors",
            "comparison_operator": "GreaterThanThreshold",
            "datapoints_to_alarm": 0,
            "dimensions": {
              "LoadBalancer": "app/petclinic-isi-prod-alb/589c5a0de6bb21b9"
            },
            "evaluate_low_sample_count_percentiles": "",
            "evaluation_periods": 1,
            "extended_statistic": "",
            "id": "petclinic-isi-prod-alb-5xx-errors",
            "insufficient_data_actions": null,
            "metric_name": "HTTPCode_ELB_5XX_Count",
            "metric_query": [],
            "namespace": "AWS/ApplicationELB",
            "ok_actions": null,
            "period": 60,
            "statistic": "Sum",
            "tags": null,
            "tags_all": {
              "ManagedBy": "Terraform",
              "Project": "petclinic"
            },
            "threshold": 10,
            "threshold_metric_id": "",
            "treat_missing_data": "notBreaching",
            "unit": ""
          },
          "sensitive_attributes": [],
          "identity_schema_version": 0,
          "private": "eyJzY2hlbWFfdmVyc2lvbiI6IjEifQ==",
          "dependencies": [
            "module.alb.aws_lb.main",
            "module.alb.aws_s3_bucket.alb_logs",
            "module.alb.random_id.suffix",
            "module.cloudwatch.aws_sns_topic.alerts",
            "module.security_groups.aws_security_group.alb",
            "module.vpc.aws_subnet.public",
            "module.vpc.aws_vpc.main"
          ]
        }
      ]
    },
    {
      "module": "module.cloudwatch",
      "mode": "managed",
      "type": "aws_cloudwatch_metric_alarm",
      "name": "alb_unhealthy_hosts",
      "provider": "provider[\"registry.terraform.io/hashicorp/aws\"]",
      "instances": [
        {
          "schema_version": 1,
          "attributes": {
            "actions_enabled": true,
            "alarm_actions": [
              "arn:aws:sns:us-east-1:049618906674:petclinic-isi-prod-alerts"
            ],
            "alarm_description": "Au moins une cible ALB est en mauvaise santé",
            "alarm_name": "petclinic-isi-prod-alb-unhealthy-hosts",
            "arn": "arn:aws:cloudwatch:us-east-1:049618906674:alarm:petclinic-isi-prod-alb-unhealthy-hosts",
            "comparison_operator": "GreaterThanThreshold",
            "datapoints_to_alarm": 0,
            "dimensions": {
              "LoadBalancer": "app/petclinic-isi-prod-alb/589c5a0de6bb21b9",
              "TargetGroup": "targetgroup/petclinic-isi-prod-tg/d706a6008109a867"
            },
            "evaluate_low_sample_count_percentiles": "",
            "evaluation_periods": 1,
            "extended_statistic": "",
            "id": "petclinic-isi-prod-alb-unhealthy-hosts",
            "insufficient_data_actions": null,
            "metric_name": "UnHealthyHostCount",
            "metric_query": [],
            "namespace": "AWS/ApplicationELB",
            "ok_actions": null,
            "period": 60,
            "statistic": "Average",
            "tags": null,
            "tags_all": {
              "ManagedBy": "Terraform",
              "Project": "petclinic"
            },
            "threshold": 0,
            "threshold_metric_id": "",
            "treat_missing_data": "notBreaching",
            "unit": ""
          },
          "sensitive_attributes": [],
          "identity_schema_version": 0,
          "private": "eyJzY2hlbWFfdmVyc2lvbiI6IjEifQ==",
          "dependencies": [
            "module.alb.aws_lb.main",
            "module.alb.aws_lb_target_group.app",
            "module.alb.aws_s3_bucket.alb_logs",
            "module.alb.random_id.suffix",
            "module.cloudwatch.aws_sns_topic.alerts",
            "module.security_groups.aws_security_group.alb",
            "module.vpc.aws_subnet.public",
            "module.vpc.aws_vpc.main"
          ]
        }
      ]
    },
    {
      "module": "module.cloudwatch",
      "mode": "managed",
      "type": "aws_cloudwatch_metric_alarm",
      "name": "ecs_cpu_high",
      "provider": "provider[\"registry.terraform.io/hashicorp/aws\"]",
      "instances": [
        {
          "schema_version": 1,
          "attributes": {
            "actions_enabled": true,
            "alarm_actions": [
              "arn:aws:sns:us-east-1:049618906674:petclinic-isi-prod-alerts"
            ],
            "alarm_description": "CPU ECS \u003e 80% pendant 2 minutes",
            "alarm_name": "petclinic-isi-prod-ecs-cpu-high",
            "arn": "arn:aws:cloudwatch:us-east-1:049618906674:alarm:petclinic-isi-prod-ecs-cpu-high",
            "comparison_operator": "GreaterThanThreshold",
            "datapoints_to_alarm": 0,
            "dimensions": {
              "ClusterName": "petclinic-isi-prod-cluster",
              "ServiceName": "petclinic-isi-prod-service"
            },
            "evaluate_low_sample_count_percentiles": "",
            "evaluation_periods": 2,
            "extended_statistic": "",
            "id": "petclinic-isi-prod-ecs-cpu-high",
            "insufficient_data_actions": null,
            "metric_name": "CPUUtilization",
            "metric_query": [],
            "namespace": "AWS/ECS",
            "ok_actions": [
              "arn:aws:sns:us-east-1:049618906674:petclinic-isi-prod-alerts"
            ],
            "period": 60,
            "statistic": "Average",
            "tags": null,
            "tags_all": {
              "ManagedBy": "Terraform",
              "Project": "petclinic"
            },
            "threshold": 80,
            "threshold_metric_id": "",
            "treat_missing_data": "missing",
            "unit": ""
          },
          "sensitive_attributes": [],
          "identity_schema_version": 0,
          "private": "eyJzY2hlbWFfdmVyc2lvbiI6IjEifQ==",
          "dependencies": [
            "module.cloudwatch.aws_sns_topic.alerts"
          ]
        }
      ]
    },
    {
      "module": "module.cloudwatch",
      "mode": "managed",
      "type": "aws_cloudwatch_metric_alarm",
      "name": "ecs_memory_high",
      "provider": "provider[\"registry.terraform.io/hashicorp/aws\"]",
      "instances": [
        {
          "schema_version": 1,
          "attributes": {
            "actions_enabled": true,
            "alarm_actions": [
              "arn:aws:sns:us-east-1:049618906674:petclinic-isi-prod-alerts"
            ],
            "alarm_description": "Mémoire ECS \u003e 85% pendant 2 minutes",
            "alarm_name": "petclinic-isi-prod-ecs-memory-high",
            "arn": "arn:aws:cloudwatch:us-east-1:049618906674:alarm:petclinic-isi-prod-ecs-memory-high",
            "comparison_operator": "GreaterThanThreshold",
            "datapoints_to_alarm": 0,
            "dimensions": {
              "ClusterName": "petclinic-isi-prod-cluster",
              "ServiceName": "petclinic-isi-prod-service"
            },
            "evaluate_low_sample_count_percentiles": "",
            "evaluation_periods": 2,
            "extended_statistic": "",
            "id": "petclinic-isi-prod-ecs-memory-high",
            "insufficient_data_actions": null,
            "metric_name": "MemoryUtilization",
            "metric_query": [],
            "namespace": "AWS/ECS",
            "ok_actions": null,
            "period": 60,
            "statistic": "Average",
            "tags": null,
            "tags_all": {
              "ManagedBy": "Terraform",
              "Project": "petclinic"
            },
            "threshold": 85,
            "threshold_metric_id": "",
            "treat_missing_data": "missing",
            "unit": ""
          },
          "sensitive_attributes": [],
          "identity_schema_version": 0,
          "private": "eyJzY2hlbWFfdmVyc2lvbiI6IjEifQ==",
          "dependencies": [
            "module.cloudwatch.aws_sns_topic.alerts"
          ]
        }
      ]
    },
    {
      "module": "module.cloudwatch",
      "mode": "managed",
      "type": "aws_cloudwatch_metric_alarm",
      "name": "rds_cpu_high",
      "provider": "provider[\"registry.terraform.io/hashicorp/aws\"]",
      "instances": [
        {
          "schema_version": 1,
          "attributes": {
            "actions_enabled": true,
            "alarm_actions": [
              "arn:aws:sns:us-east-1:049618906674:petclinic-isi-prod-alerts"
            ],
            "alarm_description": "CPU RDS \u003e 80%",
            "alarm_name": "petclinic-isi-prod-rds-cpu-high",
            "arn": "arn:aws:cloudwatch:us-east-1:049618906674:alarm:petclinic-isi-prod-rds-cpu-high",
            "comparison_operator": "GreaterThanThreshold",
            "datapoints_to_alarm": 0,
            "dimensions": {
              "DBInstanceIdentifier": "petclinic-isi-prod-postgres"
            },
            "evaluate_low_sample_count_percentiles": "",
            "evaluation_periods": 2,
            "extended_statistic": "",
            "id": "petclinic-isi-prod-rds-cpu-high",
            "insufficient_data_actions": null,
            "metric_name": "CPUUtilization",
            "metric_query": [],
            "namespace": "AWS/RDS",
            "ok_actions": null,
            "period": 300,
            "statistic": "Average",
            "tags": null,
            "tags_all": {
              "ManagedBy": "Terraform",
              "Project": "petclinic"
            },
            "threshold": 80,
            "threshold_metric_id": "",
            "treat_missing_data": "missing",
            "unit": ""
          },
          "sensitive_attributes": [],
          "identity_schema_version": 0,
          "private": "eyJzY2hlbWFfdmVyc2lvbiI6IjEifQ==",
          "dependencies": [
            "module.cloudwatch.aws_sns_topic.alerts"
          ]
        }
      ]
    },
    {
      "module": "module.cloudwatch",
      "mode": "managed",
      "type": "aws_cloudwatch_metric_alarm",
      "name": "rds_storage_low",
      "provider": "provider[\"registry.terraform.io/hashicorp/aws\"]",
      "instances": [
        {
          "schema_version": 1,
          "attributes": {
            "actions_enabled": true,
            "alarm_actions": [
              "arn:aws:sns:us-east-1:049618906674:petclinic-isi-prod-alerts"
            ],
            "alarm_description": "Espace libre RDS \u003c 2 Go",
            "alarm_name": "petclinic-isi-prod-rds-storage-low",
            "arn": "arn:aws:cloudwatch:us-east-1:049618906674:alarm:petclinic-isi-prod-rds-storage-low",
            "comparison_operator": "LessThanThreshold",
            "datapoints_to_alarm": 0,
            "dimensions": {
              "DBInstanceIdentifier": "petclinic-isi-prod-postgres"
            },
            "evaluate_low_sample_count_percentiles": "",
            "evaluation_periods": 1,
            "extended_statistic": "",
            "id": "petclinic-isi-prod-rds-storage-low",
            "insufficient_data_actions": null,
            "metric_name": "FreeStorageSpace",
            "metric_query": [],
            "namespace": "AWS/RDS",
            "ok_actions": null,
            "period": 300,
            "statistic": "Average",
            "tags": null,
            "tags_all": {
              "ManagedBy": "Terraform",
              "Project": "petclinic"
            },
            "threshold": 2147483648,
            "threshold_metric_id": "",
            "treat_missing_data": "missing",
            "unit": ""
          },
          "sensitive_attributes": [],
          "identity_schema_version": 0,
          "private": "eyJzY2hlbWFfdmVyc2lvbiI6IjEifQ==",
          "dependencies": [
            "module.cloudwatch.aws_sns_topic.alerts"
          ]
        }
      ]
    },
    {
      "module": "module.cloudwatch",
      "mode": "managed",
      "type": "aws_sns_topic",
      "name": "alerts",
      "provider": "provider[\"registry.terraform.io/hashicorp/aws\"]",
      "instances": [
        {
          "schema_version": 0,
          "attributes": {
            "application_failure_feedback_role_arn": "",
            "application_success_feedback_role_arn": "",
            "application_success_feedback_sample_rate": 0,
            "archive_policy": "",
            "arn": "arn:aws:sns:us-east-1:049618906674:petclinic-isi-prod-alerts",
            "beginning_archive_time": "",
            "content_based_deduplication": false,
            "delivery_policy": "",
            "display_name": "",
            "fifo_throughput_scope": "",
            "fifo_topic": false,
            "firehose_failure_feedback_role_arn": "",
            "firehose_success_feedback_role_arn": "",
            "firehose_success_feedback_sample_rate": 0,
            "http_failure_feedback_role_arn": "",
            "http_success_feedback_role_arn": "",
            "http_success_feedback_sample_rate": 0,
            "id": "arn:aws:sns:us-east-1:049618906674:petclinic-isi-prod-alerts",
            "kms_master_key_id": "",
            "lambda_failure_feedback_role_arn": "",
            "lambda_success_feedback_role_arn": "",
            "lambda_success_feedback_sample_rate": 0,
            "name": "petclinic-isi-prod-alerts",
            "name_prefix": "",
            "owner": "049618906674",
            "policy": "{\"Id\":\"__default_policy_ID\",\"Statement\":[{\"Action\":[\"SNS:GetTopicAttributes\",\"SNS:SetTopicAttributes\",\"SNS:AddPermission\",\"SNS:RemovePermission\",\"SNS:DeleteTopic\",\"SNS:Subscribe\",\"SNS:ListSubscriptionsByTopic\",\"SNS:Publish\"],\"Condition\":{\"StringEquals\":{\"AWS:SourceOwner\":\"049618906674\"}},\"Effect\":\"Allow\",\"Principal\":{\"AWS\":\"*\"},\"Resource\":\"arn:aws:sns:us-east-1:049618906674:petclinic-isi-prod-alerts\",\"Sid\":\"__default_statement_ID\"}],\"Version\":\"2008-10-17\"}",
            "signature_version": 0,
            "sqs_failure_feedback_role_arn": "",
            "sqs_success_feedback_role_arn": "",
            "sqs_success_feedback_sample_rate": 0,
            "tags": {
              "Name": "petclinic-isi-prod-alerts"
            },
            "tags_all": {
              "ManagedBy": "Terraform",
              "Name": "petclinic-isi-prod-alerts",
              "Project": "petclinic"
            },
            "tracing_config": ""
          },
          "sensitive_attributes": [],
          "identity_schema_version": 0,
          "private": "bnVsbA=="
        }
      ]
    },
    {
      "module": "module.cloudwatch",
      "mode": "managed",
      "type": "aws_sns_topic_subscription",
      "name": "email",
      "provider": "provider[\"registry.terraform.io/hashicorp/aws\"]",
      "instances": [
        {
          "schema_version": 0,
          "attributes": {
            "arn": "arn:aws:sns:us-east-1:049618906674:petclinic-isi-prod-alerts:4f7d9bba-f128-440a-97bb-452586d585ad",
            "confirmation_timeout_in_minutes": 1,
            "confirmation_was_authenticated": false,
            "delivery_policy": "",
            "endpoint": "mpididehi@mail.com",
            "endpoint_auto_confirms": false,
            "filter_policy": "",
            "filter_policy_scope": "",
            "id": "arn:aws:sns:us-east-1:049618906674:petclinic-isi-prod-alerts:4f7d9bba-f128-440a-97bb-452586d585ad",
            "owner_id": "049618906674",
            "pending_confirmation": true,
            "protocol": "email",
            "raw_message_delivery": false,
            "redrive_policy": "",
            "replay_policy": "",
            "subscription_role_arn": "",
            "topic_arn": "arn:aws:sns:us-east-1:049618906674:petclinic-isi-prod-alerts"
          },
          "sensitive_attributes": [],
          "identity_schema_version": 0,
          "private": "bnVsbA==",
          "dependencies": [
            "module.cloudwatch.aws_sns_topic.alerts"
          ]
        }
      ]
    },
    {
      "module": "module.ecr",
      "mode": "managed",
      "type": "aws_ecr_lifecycle_policy",
      "name": "main",
      "provider": "provider[\"registry.terraform.io/hashicorp/aws\"]",
      "instances": [
        {
          "schema_version": 0,
          "attributes": {
            "id": "petclinic-isi-prod/petclinic-isi",
            "policy": "{\"rules\":[{\"action\":{\"type\":\"expire\"},\"description\":\"Conserver les 10 dernières images\",\"rulePriority\":1,\"selection\":{\"countNumber\":10,\"countType\":\"imageCountMoreThan\",\"tagStatus\":\"any\"}}]}",
            "registry_id": "049618906674",
            "repository": "petclinic-isi-prod/petclinic-isi"
          },
          "sensitive_attributes": [],
          "identity_schema_version": 0,
          "private": "bnVsbA==",
          "dependencies": [
            "module.ecr.aws_ecr_repository.main"
          ]
        }
      ]
    },
    {
      "module": "module.ecr",
      "mode": "managed",
      "type": "aws_ecr_repository",
      "name": "main",
      "provider": "provider[\"registry.terraform.io/hashicorp/aws\"]",
      "instances": [
        {
          "schema_version": 0,
          "attributes": {
            "arn": "arn:aws:ecr:us-east-1:049618906674:repository/petclinic-isi-prod/petclinic-isi",
            "encryption_configuration": [
              {
                "encryption_type": "KMS",
                "kms_key": "arn:aws:kms:us-east-1:049618906674:key/94f7a44a-fe23-403f-b4a6-f195f57a18a9"
              }
            ],
            "force_delete": true,
            "id": "petclinic-isi-prod/petclinic-isi",
            "image_scanning_configuration": [
              {
                "scan_on_push": true
              }
            ],
            "image_tag_mutability": "MUTABLE",
            "name": "petclinic-isi-prod/petclinic-isi",
            "registry_id": "049618906674",
            "repository_url": "049618906674.dkr.ecr.us-east-1.amazonaws.com/petclinic-isi-prod/petclinic-isi",
            "tags": {
              "Name": "petclinic-isi-prod-ecr"
            },
            "tags_all": {
              "ManagedBy": "Terraform",
              "Name": "petclinic-isi-prod-ecr",
              "Project": "petclinic"
            },
            "timeouts": null
          },
          "sensitive_attributes": [],
          "identity_schema_version": 0,
          "private": "eyJlMmJmYjczMC1lY2FhLTExZTYtOGY4OC0zNDM2M2JjN2M0YzAiOnsiZGVsZXRlIjoxMjAwMDAwMDAwMDAwfX0="
        }
      ]
    },
    {
      "module": "module.ecs",
      "mode": "managed",
      "type": "aws_appautoscaling_policy",
      "name": "cpu",
      "provider": "provider[\"registry.terraform.io/hashicorp/aws\"]",
      "instances": [
        {
          "schema_version": 0,
          "attributes": {
            "alarm_arns": [
              "arn:aws:cloudwatch:us-east-1:049618906674:alarm:TargetTracking-service/petclinic-isi-prod-cluster/petclinic-isi-prod-service-AlarmHigh-89c48ed7-f08a-4e71-9e4a-295cffb99562",
              "arn:aws:cloudwatch:us-east-1:049618906674:alarm:TargetTracking-service/petclinic-isi-prod-cluster/petclinic-isi-prod-service-AlarmLow-2750244a-fbc9-47d3-897f-dc43d4bcd61d"
            ],
            "arn": "arn:aws:autoscaling:us-east-1:049618906674:scalingPolicy:766f2605-e96a-4d3d-b9b2-37d869a43401:resource/ecs/service/petclinic-isi-prod-cluster/petclinic-isi-prod-service:policyName/petclinic-isi-prod-cpu-scaling",
            "id": "petclinic-isi-prod-cpu-scaling",
            "name": "petclinic-isi-prod-cpu-scaling",
            "policy_type": "TargetTrackingScaling",
            "resource_id": "service/petclinic-isi-prod-cluster/petclinic-isi-prod-service",
            "scalable_dimension": "ecs:service:DesiredCount",
            "service_namespace": "ecs",
            "step_scaling_policy_configuration": [],
            "target_tracking_scaling_policy_configuration": [
              {
                "customized_metric_specification": [],
                "disable_scale_in": false,
                "predefined_metric_specification": [
                  {
                    "predefined_metric_type": "ECSServiceAverageCPUUtilization",
                    "resource_label": ""
                  }
                ],
                "scale_in_cooldown": 300,
                "scale_out_cooldown": 60,
                "target_value": 70
              }
            ]
          },
          "sensitive_attributes": [],
          "identity_schema_version": 0,
          "private": "bnVsbA==",
          "dependencies": [
            "module.alb.aws_lb_target_group.app",
            "module.cloudwatch.aws_cloudwatch_log_group.ecs",
            "module.ecr.aws_ecr_repository.main",
            "module.ecs.aws_appautoscaling_target.ecs",
            "module.ecs.aws_ecs_cluster.main",
            "module.ecs.aws_ecs_service.app",
            "module.ecs.aws_ecs_task_definition.app",
            "module.iam.aws_iam_role.ecs_execution",
            "module.iam.aws_iam_role.ecs_task",
            "module.rds.aws_db_instance.main",
            "module.rds.aws_db_parameter_group.main",
            "module.rds.aws_db_subnet_group.main",
            "module.rds.aws_iam_role.rds_enhanced_monitoring",
            "module.rds.aws_kms_key.rds",
            "module.secrets.aws_secretsmanager_secret.db",
            "module.secrets.random_password.db",
            "module.security_groups.aws_security_group.app",
            "module.security_groups.aws_security_group.rds",
            "module.vpc.aws_subnet.db",
            "module.vpc.aws_subnet.private",
            "module.vpc.aws_vpc.main"
          ]
        }
      ]
    },
    {
      "module": "module.ecs",
      "mode": "managed",
      "type": "aws_appautoscaling_policy",
      "name": "memory",
      "provider": "provider[\"registry.terraform.io/hashicorp/aws\"]",
      "instances": [
        {
          "schema_version": 0,
          "attributes": {
            "alarm_arns": [
              "arn:aws:cloudwatch:us-east-1:049618906674:alarm:TargetTracking-service/petclinic-isi-prod-cluster/petclinic-isi-prod-service-AlarmHigh-eb78500e-c26d-40c5-808b-0c93a6852cd1",
              "arn:aws:cloudwatch:us-east-1:049618906674:alarm:TargetTracking-service/petclinic-isi-prod-cluster/petclinic-isi-prod-service-AlarmLow-c8df0ee4-3637-43ee-973f-937870d4e877"
            ],
            "arn": "arn:aws:autoscaling:us-east-1:049618906674:scalingPolicy:766f2605-e96a-4d3d-b9b2-37d869a43401:resource/ecs/service/petclinic-isi-prod-cluster/petclinic-isi-prod-service:policyName/petclinic-isi-prod-memory-scaling",
            "id": "petclinic-isi-prod-memory-scaling",
            "name": "petclinic-isi-prod-memory-scaling",
            "policy_type": "TargetTrackingScaling",
            "resource_id": "service/petclinic-isi-prod-cluster/petclinic-isi-prod-service",
            "scalable_dimension": "ecs:service:DesiredCount",
            "service_namespace": "ecs",
            "step_scaling_policy_configuration": [],
            "target_tracking_scaling_policy_configuration": [
              {
                "customized_metric_specification": [],
                "disable_scale_in": false,
                "predefined_metric_specification": [
                  {
                    "predefined_metric_type": "ECSServiceAverageMemoryUtilization",
                    "resource_label": ""
                  }
                ],
                "scale_in_cooldown": 300,
                "scale_out_cooldown": 60,
                "target_value": 80
              }
            ]
          },
          "sensitive_attributes": [],
          "identity_schema_version": 0,
          "private": "bnVsbA==",
          "dependencies": [
            "module.alb.aws_lb_target_group.app",
            "module.cloudwatch.aws_cloudwatch_log_group.ecs",
            "module.ecr.aws_ecr_repository.main",
            "module.ecs.aws_appautoscaling_target.ecs",
            "module.ecs.aws_ecs_cluster.main",
            "module.ecs.aws_ecs_service.app",
            "module.ecs.aws_ecs_task_definition.app",
            "module.iam.aws_iam_role.ecs_execution",
            "module.iam.aws_iam_role.ecs_task",
            "module.rds.aws_db_instance.main",
            "module.rds.aws_db_parameter_group.main",
            "module.rds.aws_db_subnet_group.main",
            "module.rds.aws_iam_role.rds_enhanced_monitoring",
            "module.rds.aws_kms_key.rds",
            "module.secrets.aws_secretsmanager_secret.db",
            "module.secrets.random_password.db",
            "module.security_groups.aws_security_group.app",
            "module.security_groups.aws_security_group.rds",
            "module.vpc.aws_subnet.db",
            "module.vpc.aws_subnet.private",
            "module.vpc.aws_vpc.main"
          ]
        }
      ]
    },
    {
      "module": "module.ecs",
      "mode": "managed",
      "type": "aws_appautoscaling_target",
      "name": "ecs",
      "provider": "provider[\"registry.terraform.io/hashicorp/aws\"]",
      "instances": [
        {
          "schema_version": 0,
          "attributes": {
            "arn": "arn:aws:application-autoscaling:us-east-1:049618906674:scalable-target/0ec5766f2605e96a4d3db9b237d869a43401",
            "id": "service/petclinic-isi-prod-cluster/petclinic-isi-prod-service",
            "max_capacity": 6,
            "min_capacity": 2,
            "resource_id": "service/petclinic-isi-prod-cluster/petclinic-isi-prod-service",
            "role_arn": "arn:aws:iam::049618906674:role/aws-service-role/ecs.application-autoscaling.amazonaws.com/AWSServiceRoleForApplicationAutoScaling_ECSService",
            "scalable_dimension": "ecs:service:DesiredCount",
            "service_namespace": "ecs",
            "suspended_state": [
              {
                "dynamic_scaling_in_suspended": false,
                "dynamic_scaling_out_suspended": false,
                "scheduled_scaling_suspended": false
              }
            ],
            "tags": null,
            "tags_all": {
              "ManagedBy": "Terraform",
              "Project": "petclinic"
            }
          },
          "sensitive_attributes": [],
          "identity_schema_version": 0,
          "private": "bnVsbA==",
          "dependencies": [
            "module.alb.aws_lb_target_group.app",
            "module.cloudwatch.aws_cloudwatch_log_group.ecs",
            "module.ecr.aws_ecr_repository.main",
            "module.ecs.aws_ecs_cluster.main",
            "module.ecs.aws_ecs_service.app",
            "module.ecs.aws_ecs_task_definition.app",
            "module.iam.aws_iam_role.ecs_execution",
            "module.iam.aws_iam_role.ecs_task",
            "module.rds.aws_db_instance.main",
            "module.rds.aws_db_parameter_group.main",
            "module.rds.aws_db_subnet_group.main",
            "module.rds.aws_iam_role.rds_enhanced_monitoring",
            "module.rds.aws_kms_key.rds",
            "module.secrets.aws_secretsmanager_secret.db",
            "module.secrets.random_password.db",
            "module.security_groups.aws_security_group.app",
            "module.security_groups.aws_security_group.rds",
            "module.vpc.aws_subnet.db",
            "module.vpc.aws_subnet.private",
            "module.vpc.aws_vpc.main"
          ]
        }
      ]
    },
    {
      "module": "module.ecs",
      "mode": "managed",
      "type": "aws_ecs_cluster",
      "name": "main",
      "provider": "provider[\"registry.terraform.io/hashicorp/aws\"]",
      "instances": [
        {
          "schema_version": 0,
          "attributes": {
            "arn": "arn:aws:ecs:us-east-1:049618906674:cluster/petclinic-isi-prod-cluster",
            "configuration": [],
            "id": "arn:aws:ecs:us-east-1:049618906674:cluster/petclinic-isi-prod-cluster",
            "name": "petclinic-isi-prod-cluster",
            "service_connect_defaults": [],
            "setting": [
              {
                "name": "containerInsights",
                "value": "enabled"
              }
            ],
            "tags": {
              "Name": "petclinic-isi-prod-cluster"
            },
            "tags_all": {
              "ManagedBy": "Terraform",
              "Name": "petclinic-isi-prod-cluster",
              "Project": "petclinic"
            }
          },
          "sensitive_attributes": [],
          "identity_schema_version": 0,
          "private": "bnVsbA=="
        }
      ]
    },
    {
      "module": "module.ecs",
      "mode": "managed",
      "type": "aws_ecs_cluster_capacity_providers",
      "name": "main",
      "provider": "provider[\"registry.terraform.io/hashicorp/aws\"]",
      "instances": [
        {
          "schema_version": 0,
          "attributes": {
            "capacity_providers": [
              "FARGATE",
              "FARGATE_SPOT"
            ],
            "cluster_name": "petclinic-isi-prod-cluster",
            "default_capacity_provider_strategy": [
              {
                "base": 1,
                "capacity_provider": "FARGATE",
                "weight": 1
              }
            ],
            "id": "petclinic-isi-prod-cluster"
          },
          "sensitive_attributes": [],
          "identity_schema_version": 0,
          "private": "bnVsbA==",
          "dependencies": [
            "module.ecs.aws_ecs_cluster.main"
          ]
        }
      ]
    },
    {
      "module": "module.ecs",
      "mode": "managed",
      "type": "aws_ecs_service",
      "name": "app",
      "provider": "provider[\"registry.terraform.io/hashicorp/aws\"]",
      "instances": [
        {
          "schema_version": 1,
          "attributes": {
            "alarms": [],
            "availability_zone_rebalancing": "DISABLED",
            "capacity_provider_strategy": [
              {
                "base": 1,
                "capacity_provider": "FARGATE",
                "weight": 1
              }
            ],
            "cluster": "arn:aws:ecs:us-east-1:049618906674:cluster/petclinic-isi-prod-cluster",
            "deployment_circuit_breaker": [
              {
                "enable": true,
                "rollback": true
              }
            ],
            "deployment_controller": [
              {
                "type": "ECS"
              }
            ],
            "deployment_maximum_percent": 200,
            "deployment_minimum_healthy_percent": 100,
            "desired_count": 3,
            "enable_ecs_managed_tags": false,
            "enable_execute_command": true,
            "force_delete": null,
            "force_new_deployment": null,
            "health_check_grace_period_seconds": 120,
            "iam_role": "/aws-service-role/ecs.amazonaws.com/AWSServiceRoleForECS",
            "id": "arn:aws:ecs:us-east-1:049618906674:service/petclinic-isi-prod-cluster/petclinic-isi-prod-service",
            "launch_type": "",
            "load_balancer": [
              {
                "container_name": "petclinic",
                "container_port": 8080,
                "elb_name": "",
                "target_group_arn": "arn:aws:elasticloadbalancing:us-east-1:049618906674:targetgroup/petclinic-isi-prod-tg/d706a6008109a867"
              }
            ],
            "name": "petclinic-isi-prod-service",
            "network_configuration": [
              {
                "assign_public_ip": false,
                "security_groups": [
                  "sg-0b0ea9dc398ae1e08"
                ],
                "subnets": [
                  "subnet-038cfbfdcb62b497c",
                  "subnet-053973f6d1b01c7c8",
                  "subnet-0ef38c51692a2ec1e"
                ]
              }
            ],
            "ordered_placement_strategy": [],
            "placement_constraints": [],
            "platform_version": "LATEST",
            "propagate_tags": "NONE",
            "scheduling_strategy": "REPLICA",
            "service_connect_configuration": [],
            "service_registries": [],
            "tags": {
              "Name": "petclinic-isi-prod-service"
            },
            "tags_all": {
              "ManagedBy": "Terraform",
              "Name": "petclinic-isi-prod-service",
              "Project": "petclinic"
            },
            "task_definition": "arn:aws:ecs:us-east-1:049618906674:task-definition/petclinic-isi-prod-task:9",
            "timeouts": null,
            "triggers": {},
            "volume_configuration": [],
            "vpc_lattice_configurations": [],
            "wait_for_steady_state": false
          },
          "sensitive_attributes": [],
          "identity_schema_version": 0,
          "private": "eyJlMmJmYjczMC1lY2FhLTExZTYtOGY4OC0zNDM2M2JjN2M0YzAiOnsiY3JlYXRlIjoxMjAwMDAwMDAwMDAwLCJkZWxldGUiOjEyMDAwMDAwMDAwMDAsInVwZGF0ZSI6MTIwMDAwMDAwMDAwMH0sInNjaGVtYV92ZXJzaW9uIjoiMSJ9",
          "dependencies": [
            "module.alb.aws_lb_target_group.app",
            "module.cloudwatch.aws_cloudwatch_log_group.ecs",
            "module.ecr.aws_ecr_repository.main",
            "module.ecs.aws_ecs_cluster.main",
            "module.ecs.aws_ecs_task_definition.app",
            "module.iam.aws_iam_role.ecs_execution",
            "module.iam.aws_iam_role.ecs_task",
            "module.rds.aws_db_instance.main",
            "module.rds.aws_db_parameter_group.main",
            "module.rds.aws_db_subnet_group.main",
            "module.rds.aws_iam_role.rds_enhanced_monitoring",
            "module.rds.aws_kms_key.rds",
            "module.secrets.aws_secretsmanager_secret.db",
            "module.secrets.random_password.db",
            "module.security_groups.aws_security_group.app",
            "module.security_groups.aws_security_group.rds",
            "module.vpc.aws_subnet.db",
            "module.vpc.aws_subnet.private",
            "module.vpc.aws_vpc.main"
          ]
        }
      ]
    },
    {
      "module": "module.ecs",
      "mode": "managed",
      "type": "aws_ecs_task_definition",
      "name": "app",
      "provider": "provider[\"registry.terraform.io/hashicorp/aws\"]",
      "instances": [
        {
          "schema_version": 1,
          "attributes": {
            "arn": "arn:aws:ecs:us-east-1:049618906674:task-definition/petclinic-isi-prod-task:9",
            "arn_without_revision": "arn:aws:ecs:us-east-1:049618906674:task-definition/petclinic-isi-prod-task",
            "container_definitions": "[{\"environment\":[{\"name\":\"SERVER_PORT\",\"value\":\"8080\"},{\"name\":\"SPRING_DATASOURCE_URL\",\"value\":\"jdbc:postgresql://petclinic-isi-prod-postgres.cipqeoo2wdpt.us-east-1.rds.amazonaws.com:5432/petclinic\"},{\"name\":\"SPRING_PROFILES_ACTIVE\",\"value\":\"postgres\"}],\"essential\":true,\"healthCheck\":{\"command\":[\"CMD-SHELL\",\"curl -f http://localhost:8080/actuator/health || exit 1\"],\"interval\":30,\"retries\":3,\"startPeriod\":60,\"timeout\":10},\"image\":\"049618906674.dkr.ecr.us-east-1.amazonaws.com/petclinic-isi-prod/petclinic-isi:latest\",\"linuxParameters\":{\"initProcessEnabled\":true},\"logConfiguration\":{\"logDriver\":\"awslogs\",\"options\":{\"awslogs-stream-prefix\":\"ecs\",\"awslogs-group\":\"/ecs/petclinic-isi-prod\",\"awslogs-region\":\"us-east-1\"}},\"mountPoints\":[],\"name\":\"petclinic\",\"portMappings\":[{\"containerPort\":8080,\"hostPort\":8080,\"protocol\":\"tcp\"}],\"secrets\":[{\"name\":\"SPRING_DATASOURCE_PASSWORD\",\"valueFrom\":\"arn:aws:secretsmanager:us-east-1:049618906674:secret:petclinic-isi-prod/rds/credentials-3OZLid:password::\"},{\"name\":\"SPRING_DATASOURCE_USERNAME\",\"valueFrom\":\"arn:aws:secretsmanager:us-east-1:049618906674:secret:petclinic-isi-prod/rds/credentials-3OZLid:username::\"}],\"systemControls\":[],\"volumesFrom\":[]}]",
            "cpu": "512",
            "enable_fault_injection": false,
            "ephemeral_storage": [],
            "execution_role_arn": "arn:aws:iam::049618906674:role/petclinic-isi-prod-ecs-execution-role",
            "family": "petclinic-isi-prod-task",
            "id": "petclinic-isi-prod-task",
            "inference_accelerator": [],
            "ipc_mode": "",
            "memory": "1024",
            "network_mode": "awsvpc",
            "pid_mode": "",
            "placement_constraints": [],
            "proxy_configuration": [],
            "requires_compatibilities": [
              "FARGATE"
            ],
            "revision": 9,
            "runtime_platform": [],
            "skip_destroy": false,
            "tags": {
              "Name": "petclinic-isi-prod-task"
            },
            "tags_all": {
              "ManagedBy": "Terraform",
              "Name": "petclinic-isi-prod-task",
              "Project": "petclinic"
            },
            "task_role_arn": "arn:aws:iam::049618906674:role/petclinic-isi-prod-ecs-task-role",
            "track_latest": false,
            "volume": []
          },
          "sensitive_attributes": [
            [
              {
                "type": "get_attr",
                "value": "container_definitions"
              }
            ]
          ],
          "identity_schema_version": 0,
          "private": "eyJzY2hlbWFfdmVyc2lvbiI6IjEifQ==",
          "dependencies": [
            "module.cloudwatch.aws_cloudwatch_log_group.ecs",
            "module.ecr.aws_ecr_repository.main",
            "module.iam.aws_iam_role.ecs_execution",
            "module.iam.aws_iam_role.ecs_task",
            "module.rds.aws_db_instance.main",
            "module.rds.aws_db_parameter_group.main",
            "module.rds.aws_db_subnet_group.main",
            "module.rds.aws_iam_role.rds_enhanced_monitoring",
            "module.rds.aws_kms_key.rds",
            "module.secrets.aws_secretsmanager_secret.db",
            "module.secrets.random_password.db",
            "module.security_groups.aws_security_group.rds",
            "module.vpc.aws_subnet.db",
            "module.vpc.aws_vpc.main"
          ]
        }
      ]
    },
    {
      "module": "module.iam",
      "mode": "data",
      "type": "aws_caller_identity",
      "name": "current",
      "provider": "provider[\"registry.terraform.io/hashicorp/aws\"]",
      "instances": [
        {
          "schema_version": 0,
          "attributes": {
            "account_id": "049618906674",
            "arn": "arn:aws:iam::049618906674:user/terraform-users",
            "id": "049618906674",
            "user_id": "AIDAQXDMENYZAQHTNZH2V"
          },
          "sensitive_attributes": [],
          "identity_schema_version": 0
        }
      ]
    },
    {
      "module": "module.iam",
      "mode": "managed",
      "type": "aws_iam_role",
      "name": "ecs_execution",
      "provider": "provider[\"registry.terraform.io/hashicorp/aws\"]",
      "instances": [
        {
          "schema_version": 0,
          "attributes": {
            "arn": "arn:aws:iam::049618906674:role/petclinic-isi-prod-ecs-execution-role",
            "assume_role_policy": "{\"Statement\":[{\"Action\":\"sts:AssumeRole\",\"Effect\":\"Allow\",\"Principal\":{\"Service\":\"ecs-tasks.amazonaws.com\"}}],\"Version\":\"2012-10-17\"}",
            "create_date": "2026-07-09T00:07:29Z",
            "description": "",
            "force_detach_policies": false,
            "id": "petclinic-isi-prod-ecs-execution-role",
            "inline_policy": [],
            "managed_policy_arns": [],
            "max_session_duration": 3600,
            "name": "petclinic-isi-prod-ecs-execution-role",
            "name_prefix": "",
            "path": "/",
            "permissions_boundary": "",
            "tags": {
              "Name": "petclinic-isi-prod-ecs-execution-role"
            },
            "tags_all": {
              "ManagedBy": "Terraform",
              "Name": "petclinic-isi-prod-ecs-execution-role",
              "Project": "petclinic"
            },
            "unique_id": "AROAQXDMENYZMZ2XL5O7T"
          },
          "sensitive_attributes": [],
          "identity_schema_version": 0,
          "private": "bnVsbA=="
        }
      ]
    },
    {
      "module": "module.iam",
      "mode": "managed",
      "type": "aws_iam_role",
      "name": "ecs_task",
      "provider": "provider[\"registry.terraform.io/hashicorp/aws\"]",
      "instances": [
        {
          "schema_version": 0,
          "attributes": {
            "arn": "arn:aws:iam::049618906674:role/petclinic-isi-prod-ecs-task-role",
            "assume_role_policy": "{\"Statement\":[{\"Action\":\"sts:AssumeRole\",\"Effect\":\"Allow\",\"Principal\":{\"Service\":\"ecs-tasks.amazonaws.com\"}}],\"Version\":\"2012-10-17\"}",
            "create_date": "2026-07-09T00:07:29Z",
            "description": "",
            "force_detach_policies": false,
            "id": "petclinic-isi-prod-ecs-task-role",
            "inline_policy": [],
            "managed_policy_arns": [],
            "max_session_duration": 3600,
            "name": "petclinic-isi-prod-ecs-task-role",
            "name_prefix": "",
            "path": "/",
            "permissions_boundary": "",
            "tags": {
              "Name": "petclinic-isi-prod-ecs-task-role"
            },
            "tags_all": {
              "ManagedBy": "Terraform",
              "Name": "petclinic-isi-prod-ecs-task-role",
              "Project": "petclinic"
            },
            "unique_id": "AROAQXDMENYZFEFUV6L4D"
          },
          "sensitive_attributes": [],
          "identity_schema_version": 0,
          "private": "bnVsbA=="
        }
      ]
    },
    {
      "module": "module.iam",
      "mode": "managed",
      "type": "aws_iam_role_policy",
      "name": "ecs_execution_custom",
      "provider": "provider[\"registry.terraform.io/hashicorp/aws\"]",
      "instances": [
        {
          "schema_version": 0,
          "attributes": {
            "id": "petclinic-isi-prod-ecs-execution-role:petclinic-isi-prod-ecs-execution-custom",
            "name": "petclinic-isi-prod-ecs-execution-custom",
            "name_prefix": "",
            "policy": "{\"Version\":\"2012-10-17\",\"Statement\":[{\"Action\":[\"secretsmanager:GetSecretValue\",\"secretsmanager:DescribeSecret\"],\"Effect\":\"Allow\",\"Resource\":[\"arn:aws:secretsmanager:us-east-1:049618906674:secret:petclinic-isi-prod/rds/credentials-3OZLid\"],\"Sid\":\"ReadDBSecret\"},{\"Action\":[\"ecr:GetDownloadUrlForLayer\",\"ecr:BatchGetImage\",\"ecr:BatchCheckLayerAvailability\",\"ecr:GetAuthorizationToken\"],\"Effect\":\"Allow\",\"Resource\":[\"arn:aws:ecr:us-east-1:049618906674:repository/petclinic-isi-prod/petclinic-isi\",\"*\"],\"Sid\":\"PullFromECR\"},{\"Action\":[\"logs:CreateLogStream\",\"logs:PutLogEvents\"],\"Effect\":\"Allow\",\"Resource\":[\"arn:aws:logs:us-east-1:049618906674:log-group:/ecs/petclinic-isi-prod:*\"],\"Sid\":\"WriteLogs\"}]}",
            "role": "petclinic-isi-prod-ecs-execution-role"
          },
          "sensitive_attributes": [],
          "identity_schema_version": 0,
          "private": "bnVsbA==",
          "dependencies": [
            "module.cloudwatch.aws_cloudwatch_log_group.ecs",
            "module.ecr.aws_ecr_repository.main",
            "module.iam.aws_iam_role.ecs_execution",
            "module.secrets.aws_secretsmanager_secret.db"
          ]
        }
      ]
    },
    {
      "module": "module.iam",
      "mode": "managed",
      "type": "aws_iam_role_policy",
      "name": "ecs_task_custom",
      "provider": "provider[\"registry.terraform.io/hashicorp/aws\"]",
      "instances": [
        {
          "schema_version": 0,
          "attributes": {
            "id": "petclinic-isi-prod-ecs-task-role:petclinic-isi-prod-ecs-task-custom",
            "name": "petclinic-isi-prod-ecs-task-custom",
            "name_prefix": "",
            "policy": "{\"Version\":\"2012-10-17\",\"Statement\":[{\"Action\":[\"secretsmanager:GetSecretValue\"],\"Effect\":\"Allow\",\"Resource\":[\"arn:aws:secretsmanager:us-east-1:049618906674:secret:petclinic-isi-prod/rds/credentials-3OZLid\"],\"Sid\":\"ReadDBSecret\"},{\"Action\":[\"ssmmessages:CreateControlChannel\",\"ssmmessages:CreateDataChannel\",\"ssmmessages:OpenControlChannel\",\"ssmmessages:OpenDataChannel\"],\"Effect\":\"Allow\",\"Resource\":\"*\",\"Sid\":\"AllowSSMMessages\"}]}",
            "role": "petclinic-isi-prod-ecs-task-role"
          },
          "sensitive_attributes": [],
          "identity_schema_version": 0,
          "private": "bnVsbA==",
          "dependencies": [
            "module.iam.aws_iam_role.ecs_task",
            "module.secrets.aws_secretsmanager_secret.db"
          ]
        }
      ]
    },
    {
      "module": "module.iam",
      "mode": "managed",
      "type": "aws_iam_role_policy_attachment",
      "name": "ecs_execution_base",
      "provider": "provider[\"registry.terraform.io/hashicorp/aws\"]",
      "instances": [
        {
          "schema_version": 0,
          "attributes": {
            "id": "petclinic-isi-prod-ecs-execution-role-20260709000729622400000004",
            "policy_arn": "arn:aws:iam::aws:policy/service-role/AmazonECSTaskExecutionRolePolicy",
            "role": "petclinic-isi-prod-ecs-execution-role"
          },
          "sensitive_attributes": [],
          "identity_schema_version": 0,
          "private": "bnVsbA==",
          "dependencies": [
            "module.iam.aws_iam_role.ecs_execution"
          ]
        }
      ]
    },
    {
      "module": "module.iam",
      "mode": "managed",
      "type": "aws_iam_server_certificate",
      "name": "petclinic_automated_cert",
      "provider": "provider[\"registry.terraform.io/hashicorp/aws\"]",
      "instances": [
        {
          "schema_version": 0,
          "attributes": {
            "arn": "arn:aws:iam::049618906674:server-certificate/petclinic-isi-prod-automated-cert",
            "certificate_body": "-----BEGIN CERTIFICATE-----\nMIIDIjCCAgqgAwIBAgIRAP03hvu4D6nJ12EIRsGe/A0wDQYJKoZIhvcNAQELBQAw\nMTESMBAGA1UEChMJSVNJIERha2FyMRswGQYDVQQDExJwZXRjbGluaWMtaXNpLXBy\nb2QwHhcNMjYwNzA5MDAwNzI2WhcNMjcwNzA5MDAwNzI2WjAxMRIwEAYDVQQKEwlJ\nU0kgRGFrYXIxGzAZBgNVBAMTEnBldGNsaW5pYy1pc2ktcHJvZDCCASIwDQYJKoZI\nhvcNAQEBBQADggEPADCCAQoCggEBAPT8pJ3mHplDpWDbQcxXypZvcmQfK64dP7bF\nIeS7+xoJzOBIEjlyyjDwbMlXfADkVBvjSvMlpC7Q9idkp75OFZbh3LIn8nTexZgc\n3P4vq0mLF5s32t68A7tNH3UohnRMbDHKFZUH0xf0+7zwPLmratwqU+ovO8SahX70\n1TXHBN1H1sgG9Kj8L1hP5BAxQKeNuk27/bcsOCohS5Q++9ajMz2LY+V880WiKNCp\nQE0zCtLLHsHQmDOCqx17doZzczT2RzvQNegLebdZFkggxGERCtVJ/ashIbQH5xi0\nWAGt3/nUIz4bdUTdViSmnAOIvEBXOdwTMqeNWMD4bvOsEu0jJPsCAwEAAaM1MDMw\nDgYDVR0PAQH/BAQDAgWgMBMGA1UdJQQMMAoGCCsGAQUFBwMBMAwGA1UdEwEB/wQC\nMAAwDQYJKoZIhvcNAQELBQADggEBALkf72GnPI2fLY4oek34ELIT7yt0gy48xzBT\njGbwr0xdsNheSlfWeTmpLTesuApD1eCxKvlXw23cdEuSKh0pLt6RacfkAleHmZVx\nGtQKeBrFTH+sKpASX4AyQhP2EAOzQapsZm6RHKAocUhK/F7WRalg66L4EgKNqIX7\nAYmT4R4Sh4DlnBn25tAcQwFQBcfIo67z0LhabfjSTN88uxJgv4NMblFhVUXbf47h\nXsvjTf6Iqu/l0x9vp2V0VFSxj2/8Iy5AxGohJpEjwGrVP+qJlxPacQ62lg2czaqi\ndDeGpBqCUc1njscjfrWFv0PllBjt9sVWLN+6znVAz0w3LxF3uJo=\n-----END CERTIFICATE-----",
            "certificate_chain": "",
            "expiration": "2027-07-09T00:07:26Z",
            "id": "ASCAQXDMENYZFW7LZRRR4",
            "name": "petclinic-isi-prod-automated-cert",
            "name_prefix": "",
            "path": "/",
            "private_key": "-----BEGIN RSA PRIVATE KEY-----\nMIIEowIBAAKCAQEA9PykneYemUOlYNtBzFfKlm9yZB8rrh0/tsUh5Lv7GgnM4EgS\nOXLKMPBsyVd8AORUG+NK8yWkLtD2J2Snvk4VluHcsifydN7FmBzc/i+rSYsXmzfa\n3rwDu00fdSiGdExsMcoVlQfTF/T7vPA8uatq3CpT6i87xJqFfvTVNccE3UfWyAb0\nqPwvWE/kEDFAp426Tbv9tyw4KiFLlD771qMzPYtj5XzzRaIo0KlATTMK0ssewdCY\nM4KrHXt2hnNzNPZHO9A16At5t1kWSCDEYREK1Un9qyEhtAfnGLRYAa3f+dQjPht1\nRN1WJKacA4i8QFc53BMyp41YwPhu86wS7SMk+wIDAQABAoIBACaAlZnlQoDW40+7\nayC42XOBdL/B2wUPFBDe9CqKf/ZsfODwzWsZnHz1hDtefvQgQ7cVppVby0Jk/+gF\nXIw+9wtSrZ3oQ6V/ehwjySLqY1KjGWTWcepYhS5I0CgDDvffJ4/ppoZYskyNFDVH\np7Dh0mEOBp3YVN3bZR35+jpB8C9FyNtdeo+X3BwZAH1ez/M3nU1HzNOKbslvekBl\njJhSdxf0bGVZcoFj2M9yP1QFmEMRJxjOLqKNGHBywiHrdZQjgcQUZ9hk4mp9B/3h\nXnylgcE3bqWVbSdseRltyfJ2JRt3OWE7ePB/lpo1SLPfbRDMXNyEqZt0JGHhxUW3\nzBxcmQ0CgYEA+D+SCDSS6k6Lspm/9KmGjQbLOz4U7RSiRCTcJ46CtjAIvyt6z+nT\nWOTqvcvrQVcfL74bTpckV921Snqvnnj7o0ebNHBF1m7mXrryrxwxlNKBKsp0IGbS\n+qpkciwuEUNlidLNI3vaQ3MsTyDlNv4Xr79ne24P78HmLydqeZjiiUUCgYEA/KMA\nZvU9VoU4rVRgMFUUjFp2G2QJZT4kzTQYhq4Yo/+ABmYpGPHCpznwo6E1UjjDwttc\npxvRaDvWh1Q23xArF9IRo6Z0vHKNrChjm2OeT5AzBwXGHFwXcfpgKxb39CdRfFtS\n57F+m2U68p8OMMJo0s1/2zpblS3k1OGXo1M3OT8CgYBuMqn8gnoFEMDqk12mmepk\nh/OHZNOdOl+dqE8iMBzOCxyW4BIwYTe0aknZ3r+bzbTGWLl+dZFof76ORU/YJRRv\nMsYuzPfzbF9PBeXc3cMUsS0tdZl/GKXnJ+RW2k3I1AYq3Cy756rH7kRpC800UC7r\nkSe6nuzsHUK1A+Y7/CXzkQKBgQC2TfmwUi/dC22GxmhS+FJHpc+snFebU2jDG2DH\nb0IgtfLwqy/k7DCG8+yOZ3pOxt+c8Sa+//fwu51nMoIWHVi7a7+G1EtQ4WkSXmLi\nctR+nZP08VmwhVP1z7Mt5Pkwml7W2h/NSewOvtH22ogm72MtG1W0ITyNPfzvEYuX\nNCmZiQKBgBMwGN87byq19zrOWxIvEEldlLgz/RHalOUPJgNvN6phlqPoDdxVRSPB\n1IpVb87Odge672OwqlpxMsMrXEblCoYImOnZ4MneJmJEOY4jk32UmZVyZ0tANSLh\nZQoir1fmJ1CvbywCsg4iWkZV5ZTxQ+IgV1bcOOuZAdbZNKAOp74L\n-----END RSA PRIVATE KEY-----",
            "tags": null,
            "tags_all": {
              "ManagedBy": "Terraform",
              "Project": "petclinic"
            },
            "timeouts": null,
            "upload_date": "2026-07-09T00:07:28Z"
          },
          "sensitive_attributes": [
            [
              {
                "type": "get_attr",
                "value": "private_key"
              }
            ]
          ],
          "identity_schema_version": 0,
          "private": "eyJlMmJmYjczMC1lY2FhLTExZTYtOGY4OC0zNDM2M2JjN2M0YzAiOnsiZGVsZXRlIjo5MDAwMDAwMDAwMDB9fQ==",
          "dependencies": [
            "module.iam.tls_private_key.petclinic_key",
            "module.iam.tls_self_signed_cert.petclinic_self_signed"
          ],
          "create_before_destroy": true
        }
      ]
    },
    {
      "module": "module.iam",
      "mode": "managed",
      "type": "tls_private_key",
      "name": "petclinic_key",
      "provider": "provider[\"registry.terraform.io/hashicorp/tls\"]",
      "instances": [
        {
          "schema_version": 1,
          "attributes": {
            "algorithm": "RSA",
            "ecdsa_curve": "P224",
            "id": "1ed438f1453a6845133adb7bad16abf9932fc72c",
            "private_key_openssh": "-----BEGIN OPENSSH PRIVATE KEY-----\nb3BlbnNzaC1rZXktdjEAAAAABG5vbmUAAAAEbm9uZQAAAAAAAAABAAABFwAAAAdz\nc2gtcnNhAAAAAwEAAQAAAQEA9PykneYemUOlYNtBzFfKlm9yZB8rrh0/tsUh5Lv7\nGgnM4EgSOXLKMPBsyVd8AORUG+NK8yWkLtD2J2Snvk4VluHcsifydN7FmBzc/i+r\nSYsXmzfa3rwDu00fdSiGdExsMcoVlQfTF/T7vPA8uatq3CpT6i87xJqFfvTVNccE\n3UfWyAb0qPwvWE/kEDFAp426Tbv9tyw4KiFLlD771qMzPYtj5XzzRaIo0KlATTMK\n0ssewdCYM4KrHXt2hnNzNPZHO9A16At5t1kWSCDEYREK1Un9qyEhtAfnGLRYAa3f\n+dQjPht1RN1WJKacA4i8QFc53BMyp41YwPhu86wS7SMk+wAAA7iEYb+PhGG/jwAA\nAAdzc2gtcnNhAAABAQD0/KSd5h6ZQ6Vg20HMV8qWb3JkHyuuHT+2xSHku/saCczg\nSBI5csow8GzJV3wA5FQb40rzJaQu0PYnZKe+ThWW4dyyJ/J03sWYHNz+L6tJixeb\nN9revAO7TR91KIZ0TGwxyhWVB9MX9Pu88Dy5q2rcKlPqLzvEmoV+9NU1xwTdR9bI\nBvSo/C9YT+QQMUCnjbpNu/23LDgqIUuUPvvWozM9i2PlfPNFoijQqUBNMwrSyx7B\n0Jgzgqsde3aGc3M09kc70DXoC3m3WRZIIMRhEQrVSf2rISG0B+cYtFgBrd/51CM+\nG3VE3VYkppwDiLxAVzncEzKnjVjA+G7zrBLtIyT7AAAAAwEAAQAAAQAmgJWZ5UKA\n1uNPu2sguNlzgXS/wdsFDxQQ3vQqin/2bHzg8M1rGZx89YQ7Xn70IEO3FaaVW8tC\nZP/oBVyMPvcLUq2d6EOlf3ocI8ki6mNSoxlk1nHqWIUuSNAoAw733yeP6aaGWLJM\njRQ1R6ew4dJhDgad2FTd22Ud+fo6QfAvRcjbXXqPl9wcGQB9Xs/zN51NR8zTim7J\nb3pAZYyYUncX9GxlWXKBY9jPcj9UBZhDEScYzi6ijRhwcsIh63WUI4HEFGfYZOJq\nfQf94V58pYHBN26llW0nbHkZbcnydiUbdzlhO3jwf5aaNUiz320QzFzchKmbdCRh\n4cVFt8wcXJkNAAAAgBMwGN87byq19zrOWxIvEEldlLgz/RHalOUPJgNvN6phlqPo\nDdxVRSPB1IpVb87Odge672OwqlpxMsMrXEblCoYImOnZ4MneJmJEOY4jk32UmZVy\nZ0tANSLhZQoir1fmJ1CvbywCsg4iWkZV5ZTxQ+IgV1bcOOuZAdbZNKAOp74LAAAA\ngQD4P5IINJLqTouymb/0qYaNBss7PhTtFKJEJNwnjoK2MAi/K3rP6dNY5Oq9y+tB\nVx8vvhtOlyRX3bVKeq+eePujR5s0cEXWbuZeuvKvHDGU0oEqynQgZtL6qmRyLC4R\nQ2WJ0s0je9pDcyxPIOU2/hevv2d7bg/vweYvJ2p5mOKJRQAAAIEA/KMAZvU9VoU4\nrVRgMFUUjFp2G2QJZT4kzTQYhq4Yo/+ABmYpGPHCpznwo6E1UjjDwttcpxvRaDvW\nh1Q23xArF9IRo6Z0vHKNrChjm2OeT5AzBwXGHFwXcfpgKxb39CdRfFtS57F+m2U6\n8p8OMMJo0s1/2zpblS3k1OGXo1M3OT8AAAAAAQID\n-----END OPENSSH PRIVATE KEY-----\n",
            "private_key_pem": "-----BEGIN RSA PRIVATE KEY-----\nMIIEowIBAAKCAQEA9PykneYemUOlYNtBzFfKlm9yZB8rrh0/tsUh5Lv7GgnM4EgS\nOXLKMPBsyVd8AORUG+NK8yWkLtD2J2Snvk4VluHcsifydN7FmBzc/i+rSYsXmzfa\n3rwDu00fdSiGdExsMcoVlQfTF/T7vPA8uatq3CpT6i87xJqFfvTVNccE3UfWyAb0\nqPwvWE/kEDFAp426Tbv9tyw4KiFLlD771qMzPYtj5XzzRaIo0KlATTMK0ssewdCY\nM4KrHXt2hnNzNPZHO9A16At5t1kWSCDEYREK1Un9qyEhtAfnGLRYAa3f+dQjPht1\nRN1WJKacA4i8QFc53BMyp41YwPhu86wS7SMk+wIDAQABAoIBACaAlZnlQoDW40+7\nayC42XOBdL/B2wUPFBDe9CqKf/ZsfODwzWsZnHz1hDtefvQgQ7cVppVby0Jk/+gF\nXIw+9wtSrZ3oQ6V/ehwjySLqY1KjGWTWcepYhS5I0CgDDvffJ4/ppoZYskyNFDVH\np7Dh0mEOBp3YVN3bZR35+jpB8C9FyNtdeo+X3BwZAH1ez/M3nU1HzNOKbslvekBl\njJhSdxf0bGVZcoFj2M9yP1QFmEMRJxjOLqKNGHBywiHrdZQjgcQUZ9hk4mp9B/3h\nXnylgcE3bqWVbSdseRltyfJ2JRt3OWE7ePB/lpo1SLPfbRDMXNyEqZt0JGHhxUW3\nzBxcmQ0CgYEA+D+SCDSS6k6Lspm/9KmGjQbLOz4U7RSiRCTcJ46CtjAIvyt6z+nT\nWOTqvcvrQVcfL74bTpckV921Snqvnnj7o0ebNHBF1m7mXrryrxwxlNKBKsp0IGbS\n+qpkciwuEUNlidLNI3vaQ3MsTyDlNv4Xr79ne24P78HmLydqeZjiiUUCgYEA/KMA\nZvU9VoU4rVRgMFUUjFp2G2QJZT4kzTQYhq4Yo/+ABmYpGPHCpznwo6E1UjjDwttc\npxvRaDvWh1Q23xArF9IRo6Z0vHKNrChjm2OeT5AzBwXGHFwXcfpgKxb39CdRfFtS\n57F+m2U68p8OMMJo0s1/2zpblS3k1OGXo1M3OT8CgYBuMqn8gnoFEMDqk12mmepk\nh/OHZNOdOl+dqE8iMBzOCxyW4BIwYTe0aknZ3r+bzbTGWLl+dZFof76ORU/YJRRv\nMsYuzPfzbF9PBeXc3cMUsS0tdZl/GKXnJ+RW2k3I1AYq3Cy756rH7kRpC800UC7r\nkSe6nuzsHUK1A+Y7/CXzkQKBgQC2TfmwUi/dC22GxmhS+FJHpc+snFebU2jDG2DH\nb0IgtfLwqy/k7DCG8+yOZ3pOxt+c8Sa+//fwu51nMoIWHVi7a7+G1EtQ4WkSXmLi\nctR+nZP08VmwhVP1z7Mt5Pkwml7W2h/NSewOvtH22ogm72MtG1W0ITyNPfzvEYuX\nNCmZiQKBgBMwGN87byq19zrOWxIvEEldlLgz/RHalOUPJgNvN6phlqPoDdxVRSPB\n1IpVb87Odge672OwqlpxMsMrXEblCoYImOnZ4MneJmJEOY4jk32UmZVyZ0tANSLh\nZQoir1fmJ1CvbywCsg4iWkZV5ZTxQ+IgV1bcOOuZAdbZNKAOp74L\n-----END RSA PRIVATE KEY-----\n",
            "private_key_pem_pkcs8": "-----BEGIN PRIVATE KEY-----\nMIIEvQIBADANBgkqhkiG9w0BAQEFAASCBKcwggSjAgEAAoIBAQD0/KSd5h6ZQ6Vg\n20HMV8qWb3JkHyuuHT+2xSHku/saCczgSBI5csow8GzJV3wA5FQb40rzJaQu0PYn\nZKe+ThWW4dyyJ/J03sWYHNz+L6tJixebN9revAO7TR91KIZ0TGwxyhWVB9MX9Pu8\n8Dy5q2rcKlPqLzvEmoV+9NU1xwTdR9bIBvSo/C9YT+QQMUCnjbpNu/23LDgqIUuU\nPvvWozM9i2PlfPNFoijQqUBNMwrSyx7B0Jgzgqsde3aGc3M09kc70DXoC3m3WRZI\nIMRhEQrVSf2rISG0B+cYtFgBrd/51CM+G3VE3VYkppwDiLxAVzncEzKnjVjA+G7z\nrBLtIyT7AgMBAAECggEAJoCVmeVCgNbjT7trILjZc4F0v8HbBQ8UEN70Kop/9mx8\n4PDNaxmcfPWEO15+9CBDtxWmlVvLQmT/6AVcjD73C1KtnehDpX96HCPJIupjUqMZ\nZNZx6liFLkjQKAMO998nj+mmhliyTI0UNUensOHSYQ4GndhU3dtlHfn6OkHwL0XI\n2116j5fcHBkAfV7P8zedTUfM04puyW96QGWMmFJ3F/RsZVlygWPYz3I/VAWYQxEn\nGM4uoo0YcHLCIet1lCOBxBRn2GTian0H/eFefKWBwTdupZVtJ2x5GW3J8nYlG3c5\nYTt48H+WmjVIs99tEMxc3ISpm3QkYeHFRbfMHFyZDQKBgQD4P5IINJLqTouymb/0\nqYaNBss7PhTtFKJEJNwnjoK2MAi/K3rP6dNY5Oq9y+tBVx8vvhtOlyRX3bVKeq+e\nePujR5s0cEXWbuZeuvKvHDGU0oEqynQgZtL6qmRyLC4RQ2WJ0s0je9pDcyxPIOU2\n/hevv2d7bg/vweYvJ2p5mOKJRQKBgQD8owBm9T1WhTitVGAwVRSMWnYbZAllPiTN\nNBiGrhij/4AGZikY8cKnOfCjoTVSOMPC21ynG9FoO9aHVDbfECsX0hGjpnS8co2s\nKGObY55PkDMHBcYcXBdx+mArFvf0J1F8W1LnsX6bZTrynw4wwmjSzX/bOluVLeTU\n4ZejUzc5PwKBgG4yqfyCegUQwOqTXaaZ6mSH84dk0506X52oTyIwHM4LHJbgEjBh\nN7RqSdnev5vNtMZYuX51kWh/vo5FT9glFG8yxi7M9/NsX08F5dzdwxSxLS11mX8Y\npecn5FbaTcjUBircLLvnqsfuRGkLzTRQLuuRJ7qe7OwdQrUD5jv8JfORAoGBALZN\n+bBSL90LbYbGaFL4Ukelz6ycV5tTaMMbYMdvQiC18vCrL+TsMIbz7I5nek7G35zx\nJr7/9/C7nWcyghYdWLtrv4bUS1DhaRJeYuJy1H6dk/TxWbCFU/XPsy3k+TCaXtba\nH81J7A6+0fbaiCbvYy0bVbQhPI09/O8Ri5c0KZmJAoGAEzAY3ztvKrX3Os5bEi8Q\nSV2UuDP9EdqU5Q8mA283qmGWo+gN3FVFI8HUilVvzs52B7rvY7CqWnEywytcRuUK\nhgiY6dngyd4mYkQ5jiOTfZSZlXJnS0A1IuFlCiKvV+YnUK9vLAKyDiJaRlXllPFD\n4iBXVtw465kB1tk0oA6nvgs=\n-----END PRIVATE KEY-----\n",
            "public_key_fingerprint_md5": "a9:3f:73:4f:bf:45:96:7f:a2:c6:13:90:4a:66:7e:98",
            "public_key_fingerprint_sha256": "SHA256:KCEv2UZU44YQPezAl0PDQC76wN8f6zEVUDWI/j9ICDI",
            "public_key_openssh": "ssh-rsa AAAAB3NzaC1yc2EAAAADAQABAAABAQD0/KSd5h6ZQ6Vg20HMV8qWb3JkHyuuHT+2xSHku/saCczgSBI5csow8GzJV3wA5FQb40rzJaQu0PYnZKe+ThWW4dyyJ/J03sWYHNz+L6tJixebN9revAO7TR91KIZ0TGwxyhWVB9MX9Pu88Dy5q2rcKlPqLzvEmoV+9NU1xwTdR9bIBvSo/C9YT+QQMUCnjbpNu/23LDgqIUuUPvvWozM9i2PlfPNFoijQqUBNMwrSyx7B0Jgzgqsde3aGc3M09kc70DXoC3m3WRZIIMRhEQrVSf2rISG0B+cYtFgBrd/51CM+G3VE3VYkppwDiLxAVzncEzKnjVjA+G7zrBLtIyT7\n",
            "public_key_pem": "-----BEGIN PUBLIC KEY-----\nMIIBIjANBgkqhkiG9w0BAQEFAAOCAQ8AMIIBCgKCAQEA9PykneYemUOlYNtBzFfK\nlm9yZB8rrh0/tsUh5Lv7GgnM4EgSOXLKMPBsyVd8AORUG+NK8yWkLtD2J2Snvk4V\nluHcsifydN7FmBzc/i+rSYsXmzfa3rwDu00fdSiGdExsMcoVlQfTF/T7vPA8uatq\n3CpT6i87xJqFfvTVNccE3UfWyAb0qPwvWE/kEDFAp426Tbv9tyw4KiFLlD771qMz\nPYtj5XzzRaIo0KlATTMK0ssewdCYM4KrHXt2hnNzNPZHO9A16At5t1kWSCDEYREK\n1Un9qyEhtAfnGLRYAa3f+dQjPht1RN1WJKacA4i8QFc53BMyp41YwPhu86wS7SMk\n+wIDAQAB\n-----END PUBLIC KEY-----\n",
            "rsa_bits": 2048
          },
          "sensitive_attributes": [
            [
              {
                "type": "get_attr",
                "value": "private_key_openssh"
              }
            ],
            [
              {
                "type": "get_attr",
                "value": "private_key_pem"
              }
            ],
            [
              {
                "type": "get_attr",
                "value": "private_key_pem_pkcs8"
              }
            ]
          ],
          "identity_schema_version": 0,
          "create_before_destroy": true
        }
      ]
    },
    {
      "module": "module.iam",
      "mode": "managed",
      "type": "tls_self_signed_cert",
      "name": "petclinic_self_signed",
      "provider": "provider[\"registry.terraform.io/hashicorp/tls\"]",
      "instances": [
        {
          "schema_version": 0,
          "attributes": {
            "allowed_uses": [
              "key_encipherment",
              "digital_signature",
              "server_auth"
            ],
            "cert_pem": "-----BEGIN CERTIFICATE-----\nMIIDIjCCAgqgAwIBAgIRAP03hvu4D6nJ12EIRsGe/A0wDQYJKoZIhvcNAQELBQAw\nMTESMBAGA1UEChMJSVNJIERha2FyMRswGQYDVQQDExJwZXRjbGluaWMtaXNpLXBy\nb2QwHhcNMjYwNzA5MDAwNzI2WhcNMjcwNzA5MDAwNzI2WjAxMRIwEAYDVQQKEwlJ\nU0kgRGFrYXIxGzAZBgNVBAMTEnBldGNsaW5pYy1pc2ktcHJvZDCCASIwDQYJKoZI\nhvcNAQEBBQADggEPADCCAQoCggEBAPT8pJ3mHplDpWDbQcxXypZvcmQfK64dP7bF\nIeS7+xoJzOBIEjlyyjDwbMlXfADkVBvjSvMlpC7Q9idkp75OFZbh3LIn8nTexZgc\n3P4vq0mLF5s32t68A7tNH3UohnRMbDHKFZUH0xf0+7zwPLmratwqU+ovO8SahX70\n1TXHBN1H1sgG9Kj8L1hP5BAxQKeNuk27/bcsOCohS5Q++9ajMz2LY+V880WiKNCp\nQE0zCtLLHsHQmDOCqx17doZzczT2RzvQNegLebdZFkggxGERCtVJ/ashIbQH5xi0\nWAGt3/nUIz4bdUTdViSmnAOIvEBXOdwTMqeNWMD4bvOsEu0jJPsCAwEAAaM1MDMw\nDgYDVR0PAQH/BAQDAgWgMBMGA1UdJQQMMAoGCCsGAQUFBwMBMAwGA1UdEwEB/wQC\nMAAwDQYJKoZIhvcNAQELBQADggEBALkf72GnPI2fLY4oek34ELIT7yt0gy48xzBT\njGbwr0xdsNheSlfWeTmpLTesuApD1eCxKvlXw23cdEuSKh0pLt6RacfkAleHmZVx\nGtQKeBrFTH+sKpASX4AyQhP2EAOzQapsZm6RHKAocUhK/F7WRalg66L4EgKNqIX7\nAYmT4R4Sh4DlnBn25tAcQwFQBcfIo67z0LhabfjSTN88uxJgv4NMblFhVUXbf47h\nXsvjTf6Iqu/l0x9vp2V0VFSxj2/8Iy5AxGohJpEjwGrVP+qJlxPacQ62lg2czaqi\ndDeGpBqCUc1njscjfrWFv0PllBjt9sVWLN+6znVAz0w3LxF3uJo=\n-----END CERTIFICATE-----\n",
            "dns_names": null,
            "early_renewal_hours": 0,
            "id": "336582997046922989266090479219764034573",
            "ip_addresses": null,
            "is_ca_certificate": false,
            "key_algorithm": "RSA",
            "max_path_length": null,
            "private_key_pem": "-----BEGIN RSA PRIVATE KEY-----\nMIIEowIBAAKCAQEA9PykneYemUOlYNtBzFfKlm9yZB8rrh0/tsUh5Lv7GgnM4EgS\nOXLKMPBsyVd8AORUG+NK8yWkLtD2J2Snvk4VluHcsifydN7FmBzc/i+rSYsXmzfa\n3rwDu00fdSiGdExsMcoVlQfTF/T7vPA8uatq3CpT6i87xJqFfvTVNccE3UfWyAb0\nqPwvWE/kEDFAp426Tbv9tyw4KiFLlD771qMzPYtj5XzzRaIo0KlATTMK0ssewdCY\nM4KrHXt2hnNzNPZHO9A16At5t1kWSCDEYREK1Un9qyEhtAfnGLRYAa3f+dQjPht1\nRN1WJKacA4i8QFc53BMyp41YwPhu86wS7SMk+wIDAQABAoIBACaAlZnlQoDW40+7\nayC42XOBdL/B2wUPFBDe9CqKf/ZsfODwzWsZnHz1hDtefvQgQ7cVppVby0Jk/+gF\nXIw+9wtSrZ3oQ6V/ehwjySLqY1KjGWTWcepYhS5I0CgDDvffJ4/ppoZYskyNFDVH\np7Dh0mEOBp3YVN3bZR35+jpB8C9FyNtdeo+X3BwZAH1ez/M3nU1HzNOKbslvekBl\njJhSdxf0bGVZcoFj2M9yP1QFmEMRJxjOLqKNGHBywiHrdZQjgcQUZ9hk4mp9B/3h\nXnylgcE3bqWVbSdseRltyfJ2JRt3OWE7ePB/lpo1SLPfbRDMXNyEqZt0JGHhxUW3\nzBxcmQ0CgYEA+D+SCDSS6k6Lspm/9KmGjQbLOz4U7RSiRCTcJ46CtjAIvyt6z+nT\nWOTqvcvrQVcfL74bTpckV921Snqvnnj7o0ebNHBF1m7mXrryrxwxlNKBKsp0IGbS\n+qpkciwuEUNlidLNI3vaQ3MsTyDlNv4Xr79ne24P78HmLydqeZjiiUUCgYEA/KMA\nZvU9VoU4rVRgMFUUjFp2G2QJZT4kzTQYhq4Yo/+ABmYpGPHCpznwo6E1UjjDwttc\npxvRaDvWh1Q23xArF9IRo6Z0vHKNrChjm2OeT5AzBwXGHFwXcfpgKxb39CdRfFtS\n57F+m2U68p8OMMJo0s1/2zpblS3k1OGXo1M3OT8CgYBuMqn8gnoFEMDqk12mmepk\nh/OHZNOdOl+dqE8iMBzOCxyW4BIwYTe0aknZ3r+bzbTGWLl+dZFof76ORU/YJRRv\nMsYuzPfzbF9PBeXc3cMUsS0tdZl/GKXnJ+RW2k3I1AYq3Cy756rH7kRpC800UC7r\nkSe6nuzsHUK1A+Y7/CXzkQKBgQC2TfmwUi/dC22GxmhS+FJHpc+snFebU2jDG2DH\nb0IgtfLwqy/k7DCG8+yOZ3pOxt+c8Sa+//fwu51nMoIWHVi7a7+G1EtQ4WkSXmLi\nctR+nZP08VmwhVP1z7Mt5Pkwml7W2h/NSewOvtH22ogm72MtG1W0ITyNPfzvEYuX\nNCmZiQKBgBMwGN87byq19zrOWxIvEEldlLgz/RHalOUPJgNvN6phlqPoDdxVRSPB\n1IpVb87Odge672OwqlpxMsMrXEblCoYImOnZ4MneJmJEOY4jk32UmZVyZ0tANSLh\nZQoir1fmJ1CvbywCsg4iWkZV5ZTxQ+IgV1bcOOuZAdbZNKAOp74L\n-----END RSA PRIVATE KEY-----\n",
            "ready_for_renewal": false,
            "set_authority_key_id": false,
            "set_subject_key_id": false,
            "subject": [
              {
                "common_name": "petclinic-isi-prod",
                "country": null,
                "email_address": null,
                "locality": null,
                "organization": "ISI Dakar",
                "organizational_unit": null,
                "postal_code": null,
                "province": null,
                "serial_number": null,
                "street_address": null
              }
            ],
            "uris": null,
            "validity_end_time": "2027-07-09T00:07:26.3438744Z",
            "validity_period_hours": 8760,
            "validity_start_time": "2026-07-09T00:07:26.3438744Z"
          },
          "sensitive_attributes": [
            [
              {
                "type": "get_attr",
                "value": "private_key_pem"
              }
            ]
          ],
          "identity_schema_version": 0,
          "dependencies": [
            "module.iam.tls_private_key.petclinic_key"
          ],
          "create_before_destroy": true
        }
      ]
    },
    {
      "module": "module.rds",
      "mode": "managed",
      "type": "aws_db_instance",
      "name": "main",
      "provider": "provider[\"registry.terraform.io/hashicorp/aws\"]",
      "instances": [
        {
          "schema_version": 2,
          "attributes": {
            "address": "petclinic-isi-prod-postgres.cipqeoo2wdpt.us-east-1.rds.amazonaws.com",
            "allocated_storage": 20,
            "allow_major_version_upgrade": null,
            "apply_immediately": false,
            "arn": "arn:aws:rds:us-east-1:049618906674:db:petclinic-isi-prod-postgres",
            "auto_minor_version_upgrade": true,
            "availability_zone": "us-east-1a",
            "backup_retention_period": 7,
            "backup_target": "region",
            "backup_window": "03:00-04:00",
            "blue_green_update": [],
            "ca_cert_identifier": "rds-ca-rsa2048-g1",
            "character_set_name": "",
            "copy_tags_to_snapshot": false,
            "custom_iam_instance_profile": "",
            "customer_owned_ip_enabled": false,
            "database_insights_mode": "standard",
            "db_name": "petclinic",
            "db_subnet_group_name": "petclinic-isi-prod-db-subnet-group",
            "dedicated_log_volume": false,
            "delete_automated_backups": true,
            "deletion_protection": false,
            "domain": "",
            "domain_auth_secret_arn": "",
            "domain_dns_ips": null,
            "domain_fqdn": "",
            "domain_iam_role_name": "",
            "domain_ou": "",
            "enabled_cloudwatch_logs_exports": null,
            "endpoint": "petclinic-isi-prod-postgres.cipqeoo2wdpt.us-east-1.rds.amazonaws.com:5432",
            "engine": "postgres",
            "engine_lifecycle_support": "open-source-rds-extended-support",
            "engine_version": "15.17",
            "engine_version_actual": "15.17",
            "final_snapshot_identifier": null,
            "hosted_zone_id": "Z2R2ITUGPM61AM",
            "iam_database_authentication_enabled": false,
            "id": "db-SFXP6KVUGOL7NBR3E6YCWMWRIY",
            "identifier": "petclinic-isi-prod-postgres",
            "identifier_prefix": "",
            "instance_class": "db.t3.micro",
            "iops": 3000,
            "kms_key_id": "arn:aws:kms:us-east-1:049618906674:key/4bf455d0-9914-40bd-ae2e-eae244da7d02",
            "latest_restorable_time": "2026-07-09T00:21:12Z",
            "license_model": "postgresql-license",
            "listener_endpoint": [],
            "maintenance_window": "mon:04:00-mon:05:00",
            "manage_master_user_password": null,
            "master_user_secret": [],
            "master_user_secret_kms_key_id": null,
            "max_allocated_storage": 40,
            "monitoring_interval": 60,
            "monitoring_role_arn": "arn:aws:iam::049618906674:role/petclinic-isi-prod-rds-monitoring-role",
            "multi_az": true,
            "nchar_character_set_name": "",
            "network_type": "IPV4",
            "option_group_name": "default:postgres-15",
            "parameter_group_name": "petclinic-isi-prod-pg-params",
            "password": "%ixPGFNZNG!Dv\u003e\u003e6Z#s$-AJY5Y3p:ZTi",
            "password_wo": null,
            "password_wo_version": null,
            "performance_insights_enabled": true,
            "performance_insights_kms_key_id": "arn:aws:kms:us-east-1:049618906674:key/a726f36e-b89e-4a5d-b814-682cec9f2ed1",
            "performance_insights_retention_period": 7,
            "port": 5432,
            "publicly_accessible": false,
            "replica_mode": "",
            "replicas": [],
            "replicate_source_db": "",
            "resource_id": "db-SFXP6KVUGOL7NBR3E6YCWMWRIY",
            "restore_to_point_in_time": [],
            "s3_import": [],
            "skip_final_snapshot": true,
            "snapshot_identifier": null,
            "status": "available",
            "storage_encrypted": true,
            "storage_throughput": 125,
            "storage_type": "gp3",
            "tags": {
              "Name": "petclinic-isi-prod-rds-primary"
            },
            "tags_all": {
              "ManagedBy": "Terraform",
              "Name": "petclinic-isi-prod-rds-primary",
              "Project": "petclinic"
            },
            "timeouts": null,
            "timezone": "",
            "upgrade_storage_config": null,
            "username": "petclinic_admin",
            "vpc_security_group_ids": [
              "sg-000f53a8144e88cc3"
            ]
          },
          "sensitive_attributes": [
            [
              {
                "type": "get_attr",
                "value": "password"
              }
            ],
            [
              {
                "type": "get_attr",
                "value": "password_wo"
              }
            ]
          ],
          "identity_schema_version": 0,
          "private": "eyJlMmJmYjczMC1lY2FhLTExZTYtOGY4OC0zNDM2M2JjN2M0YzAiOnsiY3JlYXRlIjozMDAwMDAwMDAwMDAwLCJkZWxldGUiOjM2MDAwMDAwMDAwMDAsInVwZGF0ZSI6NDgwMDAwMDAwMDAwMH0sInNjaGVtYV92ZXJzaW9uIjoiMiJ9",
          "dependencies": [
            "module.rds.aws_db_parameter_group.main",
            "module.rds.aws_db_subnet_group.main",
            "module.rds.aws_iam_role.rds_enhanced_monitoring",
            "module.rds.aws_kms_key.rds",
            "module.secrets.random_password.db",
            "module.security_groups.aws_security_group.rds",
            "module.vpc.aws_subnet.db",
            "module.vpc.aws_vpc.main"
          ]
        }
      ]
    },
    {
      "module": "module.rds",
      "mode": "managed",
      "type": "aws_db_parameter_group",
      "name": "main",
      "provider": "provider[\"registry.terraform.io/hashicorp/aws\"]",
      "instances": [
        {
          "schema_version": 0,
          "attributes": {
            "arn": "arn:aws:rds:us-east-1:049618906674:pg:petclinic-isi-prod-pg-params",
            "description": "Paramètres PostgreSQL pour petclinic-isi-prod",
            "family": "postgres15",
            "id": "petclinic-isi-prod-pg-params",
            "name": "petclinic-isi-prod-pg-params",
            "name_prefix": "",
            "parameter": [
              {
                "apply_method": "immediate",
                "name": "log_connections",
                "value": "1"
              },
              {
                "apply_method": "immediate",
                "name": "log_disconnections",
                "value": "1"
              },
              {
                "apply_method": "immediate",
                "name": "log_duration",
                "value": "1"
              }
            ],
            "skip_destroy": false,
            "tags": {
              "Name": "petclinic-isi-prod-pg-params"
            },
            "tags_all": {
              "ManagedBy": "Terraform",
              "Name": "petclinic-isi-prod-pg-params",
              "Project": "petclinic"
            }
          },
          "sensitive_attributes": [],
          "identity_schema_version": 0,
          "private": "bnVsbA=="
        }
      ]
    },
    {
      "module": "module.rds",
      "mode": "managed",
      "type": "aws_db_subnet_group",
      "name": "main",
      "provider": "provider[\"registry.terraform.io/hashicorp/aws\"]",
      "instances": [
        {
          "schema_version": 0,
          "attributes": {
            "arn": "arn:aws:rds:us-east-1:049618906674:subgrp:petclinic-isi-prod-db-subnet-group",
            "description": "Subnet group RDS Multi-AZ pour petclinic-isi-prod",
            "id": "petclinic-isi-prod-db-subnet-group",
            "name": "petclinic-isi-prod-db-subnet-group",
            "name_prefix": "",
            "subnet_ids": [
              "subnet-05a9362c5283adea7",
              "subnet-093bfbe69db235ed5",
              "subnet-0b705e446bd4b2a18"
            ],
            "supported_network_types": [
              "IPV4"
            ],
            "tags": {
              "Name": "petclinic-isi-prod-db-subnet-group"
            },
            "tags_all": {
              "ManagedBy": "Terraform",
              "Name": "petclinic-isi-prod-db-subnet-group",
              "Project": "petclinic"
            },
            "vpc_id": "vpc-0975d7ec991cf3482"
          },
          "sensitive_attributes": [],
          "identity_schema_version": 0,
          "private": "bnVsbA==",
          "dependencies": [
            "module.vpc.aws_subnet.db",
            "module.vpc.aws_vpc.main"
          ]
        }
      ]
    },
    {
      "module": "module.rds",
      "mode": "managed",
      "type": "aws_iam_role",
      "name": "rds_enhanced_monitoring",
      "provider": "provider[\"registry.terraform.io/hashicorp/aws\"]",
      "instances": [
        {
          "schema_version": 0,
          "attributes": {
            "arn": "arn:aws:iam::049618906674:role/petclinic-isi-prod-rds-monitoring-role",
            "assume_role_policy": "{\"Statement\":[{\"Action\":\"sts:AssumeRole\",\"Effect\":\"Allow\",\"Principal\":{\"Service\":\"monitoring.rds.amazonaws.com\"}}],\"Version\":\"2012-10-17\"}",
            "create_date": "2026-07-09T00:07:28Z",
            "description": "",
            "force_detach_policies": false,
            "id": "petclinic-isi-prod-rds-monitoring-role",
            "inline_policy": [],
            "managed_policy_arns": [],
            "max_session_duration": 3600,
            "name": "petclinic-isi-prod-rds-monitoring-role",
            "name_prefix": "",
            "path": "/",
            "permissions_boundary": "",
            "tags": null,
            "tags_all": {
              "ManagedBy": "Terraform",
              "Project": "petclinic"
            },
            "unique_id": "AROAQXDMENYZPERL3TETF"
          },
          "sensitive_attributes": [],
          "identity_schema_version": 0,
          "private": "bnVsbA=="
        }
      ]
    },
    {
      "module": "module.rds",
      "mode": "managed",
      "type": "aws_iam_role_policy_attachment",
      "name": "rds_enhanced_monitoring",
      "provider": "provider[\"registry.terraform.io/hashicorp/aws\"]",
      "instances": [
        {
          "schema_version": 0,
          "attributes": {
            "id": "petclinic-isi-prod-rds-monitoring-role-20260709000729185200000002",
            "policy_arn": "arn:aws:iam::aws:policy/service-role/AmazonRDSEnhancedMonitoringRole",
            "role": "petclinic-isi-prod-rds-monitoring-role"
          },
          "sensitive_attributes": [],
          "identity_schema_version": 0,
          "private": "bnVsbA==",
          "dependencies": [
            "module.rds.aws_iam_role.rds_enhanced_monitoring"
          ]
        }
      ]
    },
    {
      "module": "module.rds",
      "mode": "managed",
      "type": "aws_kms_alias",
      "name": "rds",
      "provider": "provider[\"registry.terraform.io/hashicorp/aws\"]",
      "instances": [
        {
          "schema_version": 0,
          "attributes": {
            "arn": "arn:aws:kms:us-east-1:049618906674:alias/petclinic-isi-prod-rds",
            "id": "alias/petclinic-isi-prod-rds",
            "name": "alias/petclinic-isi-prod-rds",
            "name_prefix": "",
            "target_key_arn": "arn:aws:kms:us-east-1:049618906674:key/4bf455d0-9914-40bd-ae2e-eae244da7d02",
            "target_key_id": "4bf455d0-9914-40bd-ae2e-eae244da7d02"
          },
          "sensitive_attributes": [],
          "identity_schema_version": 0,
          "private": "bnVsbA==",
          "dependencies": [
            "module.rds.aws_kms_key.rds"
          ]
        }
      ]
    },
    {
      "module": "module.rds",
      "mode": "managed",
      "type": "aws_kms_key",
      "name": "rds",
      "provider": "provider[\"registry.terraform.io/hashicorp/aws\"]",
      "instances": [
        {
          "schema_version": 0,
          "attributes": {
            "arn": "arn:aws:kms:us-east-1:049618906674:key/4bf455d0-9914-40bd-ae2e-eae244da7d02",
            "bypass_policy_lockout_safety_check": false,
            "custom_key_store_id": "",
            "customer_master_key_spec": "SYMMETRIC_DEFAULT",
            "deletion_window_in_days": 10,
            "description": "Clé KMS pour le chiffrement RDS petclinic-isi-prod",
            "enable_key_rotation": true,
            "id": "4bf455d0-9914-40bd-ae2e-eae244da7d02",
            "is_enabled": true,
            "key_id": "4bf455d0-9914-40bd-ae2e-eae244da7d02",
            "key_usage": "ENCRYPT_DECRYPT",
            "multi_region": false,
            "policy": "{\"Id\":\"key-default-1\",\"Statement\":[{\"Action\":\"kms:*\",\"Effect\":\"Allow\",\"Principal\":{\"AWS\":\"arn:aws:iam::049618906674:root\"},\"Resource\":\"*\",\"Sid\":\"Enable IAM User Permissions\"}],\"Version\":\"2012-10-17\"}",
            "rotation_period_in_days": 365,
            "tags": {
              "Name": "petclinic-isi-prod-kms-rds"
            },
            "tags_all": {
              "ManagedBy": "Terraform",
              "Name": "petclinic-isi-prod-kms-rds",
              "Project": "petclinic"
            },
            "timeouts": null,
            "xks_key_id": ""
          },
          "sensitive_attributes": [],
          "identity_schema_version": 0,
          "private": "eyJlMmJmYjczMC1lY2FhLTExZTYtOGY4OC0zNDM2M2JjN2M0YzAiOnsiY3JlYXRlIjoxMjAwMDAwMDAwMDB9fQ=="
        }
      ]
    },
    {
      "module": "module.secrets",
      "mode": "managed",
      "type": "aws_secretsmanager_secret",
      "name": "db",
      "provider": "provider[\"registry.terraform.io/hashicorp/aws\"]",
      "instances": [
        {
          "schema_version": 0,
          "attributes": {
            "arn": "arn:aws:secretsmanager:us-east-1:049618906674:secret:petclinic-isi-prod/rds/credentials-3OZLid",
            "description": "Credentials PostgreSQL pour Spring PetClinic",
            "force_overwrite_replica_secret": false,
            "id": "arn:aws:secretsmanager:us-east-1:049618906674:secret:petclinic-isi-prod/rds/credentials-3OZLid",
            "kms_key_id": "",
            "name": "petclinic-isi-prod/rds/credentials",
            "name_prefix": "",
            "policy": "",
            "recovery_window_in_days": 0,
            "replica": [],
            "tags": {
              "Name": "petclinic-isi-prod-db-secret"
            },
            "tags_all": {
              "ManagedBy": "Terraform",
              "Name": "petclinic-isi-prod-db-secret",
              "Project": "petclinic"
            }
          },
          "sensitive_attributes": [],
          "identity_schema_version": 0,
          "private": "bnVsbA=="
        }
      ]
    },
    {
      "module": "module.secrets",
      "mode": "managed",
      "type": "aws_secretsmanager_secret_version",
      "name": "db",
      "provider": "provider[\"registry.terraform.io/hashicorp/aws\"]",
      "instances": [
        {
          "schema_version": 0,
          "attributes": {
            "arn": "arn:aws:secretsmanager:us-east-1:049618906674:secret:petclinic-isi-prod/rds/credentials-3OZLid",
            "has_secret_string_wo": null,
            "id": "arn:aws:secretsmanager:us-east-1:049618906674:secret:petclinic-isi-prod/rds/credentials-3OZLid|terraform-20260709000729371400000003",
            "secret_binary": "",
            "secret_id": "arn:aws:secretsmanager:us-east-1:049618906674:secret:petclinic-isi-prod/rds/credentials-3OZLid",
            "secret_string": "{\"dbname\":\"petclinic\",\"engine\":\"postgres\",\"password\":\"%ixPGFNZNG!Dv\\u003e\\u003e6Z#s$-AJY5Y3p:ZTi\",\"port\":5432,\"username\":\"petclinic_admin\"}",
            "secret_string_wo": null,
            "secret_string_wo_version": null,
            "version_id": "terraform-20260709000729371400000003",
            "version_stages": [
              "AWSCURRENT"
            ]
          },
          "sensitive_attributes": [
            [
              {
                "type": "get_attr",
                "value": "secret_binary"
              }
            ],
            [
              {
                "type": "get_attr",
                "value": "secret_string"
              }
            ],
            [
              {
                "type": "get_attr",
                "value": "secret_string_wo"
              }
            ]
          ],
          "identity_schema_version": 0,
          "private": "bnVsbA==",
          "dependencies": [
            "module.secrets.aws_secretsmanager_secret.db",
            "module.secrets.random_password.db"
          ]
        }
      ]
    },
    {
      "module": "module.secrets",
      "mode": "managed",
      "type": "random_password",
      "name": "db",
      "provider": "provider[\"registry.terraform.io/hashicorp/random\"]",
      "instances": [
        {
          "schema_version": 3,
          "attributes": {
            "bcrypt_hash": "$2a$10$P7t09ct3OODmiERMX8P6GeEQU9GJEk3/guvQvgn07aBA.pba5bG0C",
            "id": "none",
            "keepers": null,
            "length": 32,
            "lower": true,
            "min_lower": 0,
            "min_numeric": 0,
            "min_special": 0,
            "min_upper": 0,
            "number": true,
            "numeric": true,
            "override_special": "!#$%\u0026*()-_=+[]{}\u003c\u003e:?",
            "result": "%ixPGFNZNG!Dv\u003e\u003e6Z#s$-AJY5Y3p:ZTi",
            "special": true,
            "upper": true
          },
          "sensitive_attributes": [
            [
              {
                "type": "get_attr",
                "value": "bcrypt_hash"
              }
            ],
            [
              {
                "type": "get_attr",
                "value": "result"
              }
            ]
          ],
          "identity_schema_version": 0
        }
      ]
    },
    {
      "module": "module.security_groups",
      "mode": "managed",
      "type": "aws_security_group",
      "name": "alb",
      "provider": "provider[\"registry.terraform.io/hashicorp/aws\"]",
      "instances": [
        {
          "schema_version": 1,
          "attributes": {
            "arn": "arn:aws:ec2:us-east-1:049618906674:security-group/sg-03c9d47959dcf7d97",
            "description": "Security Group for Application Load Balancer",
            "egress": [
              {
                "cidr_blocks": [
                  "0.0.0.0/0"
                ],
                "description": "Outbound to ECS tasks",
                "from_port": 8080,
                "ipv6_cidr_blocks": [],
                "prefix_list_ids": [],
                "protocol": "tcp",
                "security_groups": [],
                "self": false,
                "to_port": 8080
              }
            ],
            "id": "sg-03c9d47959dcf7d97",
            "ingress": [
              {
                "cidr_blocks": [
                  "0.0.0.0/0"
                ],
                "description": "HTTP from Internet - redirect to HTTPS",
                "from_port": 80,
                "ipv6_cidr_blocks": [],
                "prefix_list_ids": [],
                "protocol": "tcp",
                "security_groups": [],
                "self": false,
                "to_port": 80
              },
              {
                "cidr_blocks": [
                  "0.0.0.0/0"
                ],
                "description": "HTTPS from Internet",
                "from_port": 443,
                "ipv6_cidr_blocks": [],
                "prefix_list_ids": [],
                "protocol": "tcp",
                "security_groups": [],
                "self": false,
                "to_port": 443
              }
            ],
            "name": "petclinic-isi-prod-sg-alb",
            "name_prefix": "",
            "owner_id": "049618906674",
            "revoke_rules_on_delete": false,
            "tags": {
              "Name": "petclinic-isi-prod-sg-alb"
            },
            "tags_all": {
              "ManagedBy": "Terraform",
              "Name": "petclinic-isi-prod-sg-alb",
              "Project": "petclinic"
            },
            "timeouts": null,
            "vpc_id": "vpc-0975d7ec991cf3482"
          },
          "sensitive_attributes": [],
          "identity_schema_version": 0,
          "private": "eyJlMmJmYjczMC1lY2FhLTExZTYtOGY4OC0zNDM2M2JjN2M0YzAiOnsiY3JlYXRlIjo2MDAwMDAwMDAwMDAsImRlbGV0ZSI6OTAwMDAwMDAwMDAwfSwic2NoZW1hX3ZlcnNpb24iOiIxIn0=",
          "dependencies": [
            "module.vpc.aws_vpc.main"
          ],
          "create_before_destroy": true
        }
      ]
    },
    {
      "module": "module.security_groups",
      "mode": "managed",
      "type": "aws_security_group",
      "name": "app",
      "provider": "provider[\"registry.terraform.io/hashicorp/aws\"]",
      "instances": [
        {
          "schema_version": 1,
          "attributes": {
            "arn": "arn:aws:ec2:us-east-1:049618906674:security-group/sg-0b0ea9dc398ae1e08",
            "description": "Security Group for ECS Fargate tasks",
            "egress": [
              {
                "cidr_blocks": [
                  "0.0.0.0/0"
                ],
                "description": "Outbound Internet via NAT Gateway",
                "from_port": 0,
                "ipv6_cidr_blocks": [],
                "prefix_list_ids": [],
                "protocol": "-1",
                "security_groups": [],
                "self": false,
                "to_port": 0
              }
            ],
            "id": "sg-0b0ea9dc398ae1e08",
            "ingress": [],
            "name": "petclinic-isi-prod-sg-app",
            "name_prefix": "",
            "owner_id": "049618906674",
            "revoke_rules_on_delete": false,
            "tags": {
              "Name": "petclinic-isi-prod-sg-app"
            },
            "tags_all": {
              "ManagedBy": "Terraform",
              "Name": "petclinic-isi-prod-sg-app",
              "Project": "petclinic"
            },
            "timeouts": null,
            "vpc_id": "vpc-0975d7ec991cf3482"
          },
          "sensitive_attributes": [],
          "identity_schema_version": 0,
          "private": "eyJlMmJmYjczMC1lY2FhLTExZTYtOGY4OC0zNDM2M2JjN2M0YzAiOnsiY3JlYXRlIjo2MDAwMDAwMDAwMDAsImRlbGV0ZSI6OTAwMDAwMDAwMDAwfSwic2NoZW1hX3ZlcnNpb24iOiIxIn0=",
          "dependencies": [
            "module.vpc.aws_vpc.main"
          ]
        }
      ]
    },
    {
      "module": "module.security_groups",
      "mode": "managed",
      "type": "aws_security_group",
      "name": "rds",
      "provider": "provider[\"registry.terraform.io/hashicorp/aws\"]",
      "instances": [
        {
          "schema_version": 1,
          "attributes": {
            "arn": "arn:aws:ec2:us-east-1:049618906674:security-group/sg-000f53a8144e88cc3",
            "description": "Security Group for RDS PostgreSQL",
            "egress": [
              {
                "cidr_blocks": [
                  "0.0.0.0/0"
                ],
                "description": "No outbound traffic required",
                "from_port": 0,
                "ipv6_cidr_blocks": [],
                "prefix_list_ids": [],
                "protocol": "-1",
                "security_groups": [],
                "self": false,
                "to_port": 0
              }
            ],
            "id": "sg-000f53a8144e88cc3",
            "ingress": [],
            "name": "petclinic-isi-prod-sg-rds",
            "name_prefix": "",
            "owner_id": "049618906674",
            "revoke_rules_on_delete": false,
            "tags": {
              "Name": "petclinic-isi-prod-sg-rds"
            },
            "tags_all": {
              "ManagedBy": "Terraform",
              "Name": "petclinic-isi-prod-sg-rds",
              "Project": "petclinic"
            },
            "timeouts": null,
            "vpc_id": "vpc-0975d7ec991cf3482"
          },
          "sensitive_attributes": [],
          "identity_schema_version": 0,
          "private": "eyJlMmJmYjczMC1lY2FhLTExZTYtOGY4OC0zNDM2M2JjN2M0YzAiOnsiY3JlYXRlIjo2MDAwMDAwMDAwMDAsImRlbGV0ZSI6OTAwMDAwMDAwMDAwfSwic2NoZW1hX3ZlcnNpb24iOiIxIn0=",
          "dependencies": [
            "module.vpc.aws_vpc.main"
          ]
        }
      ]
    },
    {
      "module": "module.security_groups",
      "mode": "managed",
      "type": "aws_security_group_rule",
      "name": "app_from_alb",
      "provider": "provider[\"registry.terraform.io/hashicorp/aws\"]",
      "instances": [
        {
          "schema_version": 2,
          "attributes": {
            "cidr_blocks": null,
            "description": "Traffic from ALB SG only",
            "from_port": 8080,
            "id": "sgrule-904913696",
            "ipv6_cidr_blocks": null,
            "prefix_list_ids": null,
            "protocol": "tcp",
            "security_group_id": "sg-0b0ea9dc398ae1e08",
            "security_group_rule_id": "sgr-0b095933b623fe510",
            "self": false,
            "source_security_group_id": "sg-03c9d47959dcf7d97",
            "timeouts": null,
            "to_port": 8080,
            "type": "ingress"
          },
          "sensitive_attributes": [],
          "identity_schema_version": 0,
          "private": "eyJlMmJmYjczMC1lY2FhLTExZTYtOGY4OC0zNDM2M2JjN2M0YzAiOnsiY3JlYXRlIjozMDAwMDAwMDAwMDB9LCJzY2hlbWFfdmVyc2lvbiI6IjIifQ==",
          "dependencies": [
            "module.security_groups.aws_security_group.alb",
            "module.security_groups.aws_security_group.app",
            "module.vpc.aws_vpc.main"
          ]
        }
      ]
    },
    {
      "module": "module.security_groups",
      "mode": "managed",
      "type": "aws_security_group_rule",
      "name": "rds_from_app",
      "provider": "provider[\"registry.terraform.io/hashicorp/aws\"]",
      "instances": [
        {
          "schema_version": 2,
          "attributes": {
            "cidr_blocks": null,
            "description": "PostgreSQL from APP SG only",
            "from_port": 5432,
            "id": "sgrule-2404099771",
            "ipv6_cidr_blocks": null,
            "prefix_list_ids": null,
            "protocol": "tcp",
            "security_group_id": "sg-000f53a8144e88cc3",
            "security_group_rule_id": "sgr-0cc7fac6f1a662b78",
            "self": false,
            "source_security_group_id": "sg-0b0ea9dc398ae1e08",
            "timeouts": null,
            "to_port": 5432,
            "type": "ingress"
          },
          "sensitive_attributes": [],
          "identity_schema_version": 0,
          "private": "eyJlMmJmYjczMC1lY2FhLTExZTYtOGY4OC0zNDM2M2JjN2M0YzAiOnsiY3JlYXRlIjozMDAwMDAwMDAwMDB9LCJzY2hlbWFfdmVyc2lvbiI6IjIifQ==",
          "dependencies": [
            "module.security_groups.aws_security_group.app",
            "module.security_groups.aws_security_group.rds",
            "module.vpc.aws_vpc.main"
          ]
        }
      ]
    },
    {
      "module": "module.vpc",
      "mode": "managed",
      "type": "aws_cloudwatch_log_group",
      "name": "vpc_flow_logs",
      "provider": "provider[\"registry.terraform.io/hashicorp/aws\"]",
      "instances": [
        {
          "schema_version": 0,
          "attributes": {
            "arn": "arn:aws:logs:us-east-1:049618906674:log-group:/aws/vpc/petclinic-isi-prod/flow-logs",
            "id": "/aws/vpc/petclinic-isi-prod/flow-logs",
            "kms_key_id": "",
            "log_group_class": "STANDARD",
            "name": "/aws/vpc/petclinic-isi-prod/flow-logs",
            "name_prefix": "",
            "retention_in_days": 30,
            "skip_destroy": false,
            "tags": null,
            "tags_all": {
              "ManagedBy": "Terraform",
              "Project": "petclinic"
            }
          },
          "sensitive_attributes": [],
          "identity_schema_version": 0,
          "private": "bnVsbA=="
        }
      ]
    },
    {
      "module": "module.vpc",
      "mode": "managed",
      "type": "aws_eip",
      "name": "nat",
      "provider": "provider[\"registry.terraform.io/hashicorp/aws\"]",
      "instances": [
        {
          "index_key": 0,
          "schema_version": 0,
          "attributes": {
            "address": null,
            "allocation_id": "eipalloc-01fa5e6f29b4045be",
            "arn": "arn:aws:ec2:us-east-1:049618906674:elastic-ip/eipalloc-01fa5e6f29b4045be",
            "associate_with_private_ip": null,
            "association_id": "",
            "carrier_ip": "",
            "customer_owned_ip": "",
            "customer_owned_ipv4_pool": "",
            "domain": "vpc",
            "id": "eipalloc-01fa5e6f29b4045be",
            "instance": "",
            "ipam_pool_id": null,
            "network_border_group": "us-east-1",
            "network_interface": "",
            "private_dns": null,
            "private_ip": "",
            "ptr_record": "",
            "public_dns": "ec2-34-234-119-124.compute-1.amazonaws.com",
            "public_ip": "34.234.119.124",
            "public_ipv4_pool": "amazon",
            "tags": {
              "Name": "petclinic-isi-prod-nat-eip-us-east-1a"
            },
            "tags_all": {
              "ManagedBy": "Terraform",
              "Name": "petclinic-isi-prod-nat-eip-us-east-1a",
              "Project": "petclinic"
            },
            "timeouts": null,
            "vpc": true
          },
          "sensitive_attributes": [],
          "identity_schema_version": 0,
          "private": "eyJlMmJmYjczMC1lY2FhLTExZTYtOGY4OC0zNDM2M2JjN2M0YzAiOnsiZGVsZXRlIjoxODAwMDAwMDAwMDAsInJlYWQiOjkwMDAwMDAwMDAwMCwidXBkYXRlIjozMDAwMDAwMDAwMDB9fQ==",
          "dependencies": [
            "module.vpc.aws_internet_gateway.main",
            "module.vpc.aws_vpc.main"
          ]
        },
        {
          "index_key": 1,
          "schema_version": 0,
          "attributes": {
            "address": null,
            "allocation_id": "eipalloc-06c09365f452b85f8",
            "arn": "arn:aws:ec2:us-east-1:049618906674:elastic-ip/eipalloc-06c09365f452b85f8",
            "associate_with_private_ip": null,
            "association_id": "",
            "carrier_ip": "",
            "customer_owned_ip": "",
            "customer_owned_ipv4_pool": "",
            "domain": "vpc",
            "id": "eipalloc-06c09365f452b85f8",
            "instance": "",
            "ipam_pool_id": null,
            "network_border_group": "us-east-1",
            "network_interface": "",
            "private_dns": null,
            "private_ip": "",
            "ptr_record": "",
            "public_dns": "ec2-32-195-132-217.compute-1.amazonaws.com",
            "public_ip": "32.195.132.217",
            "public_ipv4_pool": "amazon",
            "tags": {
              "Name": "petclinic-isi-prod-nat-eip-us-east-1b"
            },
            "tags_all": {
              "ManagedBy": "Terraform",
              "Name": "petclinic-isi-prod-nat-eip-us-east-1b",
              "Project": "petclinic"
            },
            "timeouts": null,
            "vpc": true
          },
          "sensitive_attributes": [],
          "identity_schema_version": 0,
          "private": "eyJlMmJmYjczMC1lY2FhLTExZTYtOGY4OC0zNDM2M2JjN2M0YzAiOnsiZGVsZXRlIjoxODAwMDAwMDAwMDAsInJlYWQiOjkwMDAwMDAwMDAwMCwidXBkYXRlIjozMDAwMDAwMDAwMDB9fQ==",
          "dependencies": [
            "module.vpc.aws_internet_gateway.main",
            "module.vpc.aws_vpc.main"
          ]
        },
        {
          "index_key": 2,
          "schema_version": 0,
          "attributes": {
            "address": null,
            "allocation_id": "eipalloc-01869edbec62ed3f0",
            "arn": "arn:aws:ec2:us-east-1:049618906674:elastic-ip/eipalloc-01869edbec62ed3f0",
            "associate_with_private_ip": null,
            "association_id": "",
            "carrier_ip": "",
            "customer_owned_ip": "",
            "customer_owned_ipv4_pool": "",
            "domain": "vpc",
            "id": "eipalloc-01869edbec62ed3f0",
            "instance": "",
            "ipam_pool_id": null,
            "network_border_group": "us-east-1",
            "network_interface": "",
            "private_dns": null,
            "private_ip": "",
            "ptr_record": "",
            "public_dns": "ec2-3-234-117-57.compute-1.amazonaws.com",
            "public_ip": "3.234.117.57",
            "public_ipv4_pool": "amazon",
            "tags": {
              "Name": "petclinic-isi-prod-nat-eip-us-east-1c"
            },
            "tags_all": {
              "ManagedBy": "Terraform",
              "Name": "petclinic-isi-prod-nat-eip-us-east-1c",
              "Project": "petclinic"
            },
            "timeouts": null,
            "vpc": true
          },
          "sensitive_attributes": [],
          "identity_schema_version": 0,
          "private": "eyJlMmJmYjczMC1lY2FhLTExZTYtOGY4OC0zNDM2M2JjN2M0YzAiOnsiZGVsZXRlIjoxODAwMDAwMDAwMDAsInJlYWQiOjkwMDAwMDAwMDAwMCwidXBkYXRlIjozMDAwMDAwMDAwMDB9fQ==",
          "dependencies": [
            "module.vpc.aws_internet_gateway.main",
            "module.vpc.aws_vpc.main"
          ]
        }
      ]
    },
    {
      "module": "module.vpc",
      "mode": "managed",
      "type": "aws_flow_log",
      "name": "main",
      "provider": "provider[\"registry.terraform.io/hashicorp/aws\"]",
      "instances": [
        {
          "schema_version": 0,
          "attributes": {
            "arn": "arn:aws:ec2:us-east-1:049618906674:vpc-flow-log/fl-0f2bc8bbf90fcb760",
            "deliver_cross_account_role": "",
            "destination_options": [],
            "eni_id": null,
            "iam_role_arn": "arn:aws:iam::049618906674:role/petclinic-isi-prod-vpc-flow-logs-role",
            "id": "fl-0f2bc8bbf90fcb760",
            "log_destination": "arn:aws:logs:us-east-1:049618906674:log-group:/aws/vpc/petclinic-isi-prod/flow-logs",
            "log_destination_type": "cloud-watch-logs",
            "log_format": "${version} ${account-id} ${interface-id} ${srcaddr} ${dstaddr} ${srcport} ${dstport} ${protocol} ${packets} ${bytes} ${start} ${end} ${action} ${log-status}",
            "log_group_name": "/aws/vpc/petclinic-isi-prod/flow-logs",
            "max_aggregation_interval": 600,
            "subnet_id": null,
            "tags": {
              "Name": "petclinic-isi-prod-flow-logs"
            },
            "tags_all": {
              "ManagedBy": "Terraform",
              "Name": "petclinic-isi-prod-flow-logs",
              "Project": "petclinic"
            },
            "traffic_type": "ALL",
            "transit_gateway_attachment_id": null,
            "transit_gateway_id": null,
            "vpc_id": "vpc-0975d7ec991cf3482"
          },
          "sensitive_attributes": [],
          "identity_schema_version": 0,
          "private": "bnVsbA==",
          "dependencies": [
            "module.vpc.aws_cloudwatch_log_group.vpc_flow_logs",
            "module.vpc.aws_iam_role.vpc_flow_logs",
            "module.vpc.aws_vpc.main"
          ]
        }
      ]
    },
    {
      "module": "module.vpc",
      "mode": "managed",
      "type": "aws_iam_role",
      "name": "vpc_flow_logs",
      "provider": "provider[\"registry.terraform.io/hashicorp/aws\"]",
      "instances": [
        {
          "schema_version": 0,
          "attributes": {
            "arn": "arn:aws:iam::049618906674:role/petclinic-isi-prod-vpc-flow-logs-role",
            "assume_role_policy": "{\"Statement\":[{\"Action\":\"sts:AssumeRole\",\"Effect\":\"Allow\",\"Principal\":{\"Service\":\"vpc-flow-logs.amazonaws.com\"}}],\"Version\":\"2012-10-17\"}",
            "create_date": "2026-07-09T00:07:28Z",
            "description": "",
            "force_detach_policies": false,
            "id": "petclinic-isi-prod-vpc-flow-logs-role",
            "inline_policy": [],
            "managed_policy_arns": [],
            "max_session_duration": 3600,
            "name": "petclinic-isi-prod-vpc-flow-logs-role",
            "name_prefix": "",
            "path": "/",
            "permissions_boundary": "",
            "tags": null,
            "tags_all": {
              "ManagedBy": "Terraform",
              "Project": "petclinic"
            },
            "unique_id": "AROAQXDMENYZOEZK5O7O2"
          },
          "sensitive_attributes": [],
          "identity_schema_version": 0,
          "private": "bnVsbA=="
        }
      ]
    },
    {
      "module": "module.vpc",
      "mode": "managed",
      "type": "aws_iam_role_policy",
      "name": "vpc_flow_logs",
      "provider": "provider[\"registry.terraform.io/hashicorp/aws\"]",
      "instances": [
        {
          "schema_version": 0,
          "attributes": {
            "id": "petclinic-isi-prod-vpc-flow-logs-role:petclinic-isi-prod-vpc-flow-logs-policy",
            "name": "petclinic-isi-prod-vpc-flow-logs-policy",
            "name_prefix": "",
            "policy": "{\"Version\":\"2012-10-17\",\"Statement\":[{\"Action\":[\"logs:CreateLogGroup\",\"logs:CreateLogStream\",\"logs:PutLogEvents\",\"logs:DescribeLogGroups\",\"logs:DescribeLogStreams\"],\"Effect\":\"Allow\",\"Resource\":\"*\"}]}",
            "role": "petclinic-isi-prod-vpc-flow-logs-role"
          },
          "sensitive_attributes": [],
          "identity_schema_version": 0,
          "private": "bnVsbA==",
          "dependencies": [
            "module.vpc.aws_iam_role.vpc_flow_logs"
          ]
        }
      ]
    },
    {
      "module": "module.vpc",
      "mode": "managed",
      "type": "aws_internet_gateway",
      "name": "main",
      "provider": "provider[\"registry.terraform.io/hashicorp/aws\"]",
      "instances": [
        {
          "schema_version": 0,
          "attributes": {
            "arn": "arn:aws:ec2:us-east-1:049618906674:internet-gateway/igw-0b48b502aba9c16ae",
            "id": "igw-0b48b502aba9c16ae",
            "owner_id": "049618906674",
            "tags": {
              "Name": "petclinic-isi-prod-igw"
            },
            "tags_all": {
              "ManagedBy": "Terraform",
              "Name": "petclinic-isi-prod-igw",
              "Project": "petclinic"
            },
            "timeouts": null,
            "vpc_id": "vpc-0975d7ec991cf3482"
          },
          "sensitive_attributes": [],
          "identity_schema_version": 0,
          "private": "eyJlMmJmYjczMC1lY2FhLTExZTYtOGY4OC0zNDM2M2JjN2M0YzAiOnsiY3JlYXRlIjoxMjAwMDAwMDAwMDAwLCJkZWxldGUiOjEyMDAwMDAwMDAwMDAsInVwZGF0ZSI6MTIwMDAwMDAwMDAwMH19",
          "dependencies": [
            "module.vpc.aws_vpc.main"
          ]
        }
      ]
    },
    {
      "module": "module.vpc",
      "mode": "managed",
      "type": "aws_nat_gateway",
      "name": "main",
      "provider": "provider[\"registry.terraform.io/hashicorp/aws\"]",
      "instances": [
        {
          "index_key": 0,
          "schema_version": 0,
          "attributes": {
            "allocation_id": "eipalloc-01fa5e6f29b4045be",
            "association_id": "eipassoc-0750e4500e9c73764",
            "connectivity_type": "public",
            "id": "nat-04ea854de776cfd3f",
            "network_interface_id": "eni-00bd1c4cdf7080675",
            "private_ip": "10.0.1.148",
            "public_ip": "34.234.119.124",
            "secondary_allocation_ids": null,
            "secondary_private_ip_address_count": 0,
            "secondary_private_ip_addresses": [],
            "subnet_id": "subnet-07f562276cd87f3f5",
            "tags": {
              "Name": "petclinic-isi-prod-nat-us-east-1a"
            },
            "tags_all": {
              "ManagedBy": "Terraform",
              "Name": "petclinic-isi-prod-nat-us-east-1a",
              "Project": "petclinic"
            },
            "timeouts": null
          },
          "sensitive_attributes": [],
          "identity_schema_version": 0,
          "private": "eyJlMmJmYjczMC1lY2FhLTExZTYtOGY4OC0zNDM2M2JjN2M0YzAiOnsiY3JlYXRlIjo2MDAwMDAwMDAwMDAsImRlbGV0ZSI6MTgwMDAwMDAwMDAwMCwidXBkYXRlIjo2MDAwMDAwMDAwMDB9fQ==",
          "dependencies": [
            "module.vpc.aws_eip.nat",
            "module.vpc.aws_internet_gateway.main",
            "module.vpc.aws_subnet.public",
            "module.vpc.aws_vpc.main"
          ]
        },
        {
          "index_key": 1,
          "schema_version": 0,
          "attributes": {
            "allocation_id": "eipalloc-06c09365f452b85f8",
            "association_id": "eipassoc-0a019bc959d089f8f",
            "connectivity_type": "public",
            "id": "nat-06d3dabadcd3e0e85",
            "network_interface_id": "eni-03956cf0deed3eeb8",
            "private_ip": "10.0.2.179",
            "public_ip": "32.195.132.217",
            "secondary_allocation_ids": null,
            "secondary_private_ip_address_count": 0,
            "secondary_private_ip_addresses": [],
            "subnet_id": "subnet-08fca09be869512f4",
            "tags": {
              "Name": "petclinic-isi-prod-nat-us-east-1b"
            },
            "tags_all": {
              "ManagedBy": "Terraform",
              "Name": "petclinic-isi-prod-nat-us-east-1b",
              "Project": "petclinic"
            },
            "timeouts": null
          },
          "sensitive_attributes": [],
          "identity_schema_version": 0,
          "private": "eyJlMmJmYjczMC1lY2FhLTExZTYtOGY4OC0zNDM2M2JjN2M0YzAiOnsiY3JlYXRlIjo2MDAwMDAwMDAwMDAsImRlbGV0ZSI6MTgwMDAwMDAwMDAwMCwidXBkYXRlIjo2MDAwMDAwMDAwMDB9fQ==",
          "dependencies": [
            "module.vpc.aws_eip.nat",
            "module.vpc.aws_internet_gateway.main",
            "module.vpc.aws_subnet.public",
            "module.vpc.aws_vpc.main"
          ]
        },
        {
          "index_key": 2,
          "schema_version": 0,
          "attributes": {
            "allocation_id": "eipalloc-01869edbec62ed3f0",
            "association_id": "eipassoc-089d31e8e25235863",
            "connectivity_type": "public",
            "id": "nat-049b63d4c2af985dc",
            "network_interface_id": "eni-03ff58094ad7101c8",
            "private_ip": "10.0.3.57",
            "public_ip": "3.234.117.57",
            "secondary_allocation_ids": null,
            "secondary_private_ip_address_count": 0,
            "secondary_private_ip_addresses": [],
            "subnet_id": "subnet-09a9fb273581998f5",
            "tags": {
              "Name": "petclinic-isi-prod-nat-us-east-1c"
            },
            "tags_all": {
              "ManagedBy": "Terraform",
              "Name": "petclinic-isi-prod-nat-us-east-1c",
              "Project": "petclinic"
            },
            "timeouts": null
          },
          "sensitive_attributes": [],
          "identity_schema_version": 0,
          "private": "eyJlMmJmYjczMC1lY2FhLTExZTYtOGY4OC0zNDM2M2JjN2M0YzAiOnsiY3JlYXRlIjo2MDAwMDAwMDAwMDAsImRlbGV0ZSI6MTgwMDAwMDAwMDAwMCwidXBkYXRlIjo2MDAwMDAwMDAwMDB9fQ==",
          "dependencies": [
            "module.vpc.aws_eip.nat",
            "module.vpc.aws_internet_gateway.main",
            "module.vpc.aws_subnet.public",
            "module.vpc.aws_vpc.main"
          ]
        }
      ]
    },
    {
      "module": "module.vpc",
      "mode": "managed",
      "type": "aws_route_table",
      "name": "private",
      "provider": "provider[\"registry.terraform.io/hashicorp/aws\"]",
      "instances": [
        {
          "index_key": 0,
          "schema_version": 0,
          "attributes": {
            "arn": "arn:aws:ec2:us-east-1:049618906674:route-table/rtb-0695931481f50fbc4",
            "id": "rtb-0695931481f50fbc4",
            "owner_id": "049618906674",
            "propagating_vgws": [],
            "route": [
              {
                "carrier_gateway_id": "",
                "cidr_block": "0.0.0.0/0",
                "core_network_arn": "",
                "destination_prefix_list_id": "",
                "egress_only_gateway_id": "",
                "gateway_id": "",
                "ipv6_cidr_block": "",
                "local_gateway_id": "",
                "nat_gateway_id": "nat-04ea854de776cfd3f",
                "network_interface_id": "",
                "transit_gateway_id": "",
                "vpc_endpoint_id": "",
                "vpc_peering_connection_id": ""
              }
            ],
            "tags": {
              "Name": "petclinic-isi-prod-rt-private-us-east-1a"
            },
            "tags_all": {
              "ManagedBy": "Terraform",
              "Name": "petclinic-isi-prod-rt-private-us-east-1a",
              "Project": "petclinic"
            },
            "timeouts": null,
            "vpc_id": "vpc-0975d7ec991cf3482"
          },
          "sensitive_attributes": [],
          "identity_schema_version": 0,
          "private": "eyJlMmJmYjczMC1lY2FhLTExZTYtOGY4OC0zNDM2M2JjN2M0YzAiOnsiY3JlYXRlIjozMDAwMDAwMDAwMDAsImRlbGV0ZSI6MzAwMDAwMDAwMDAwLCJ1cGRhdGUiOjEyMDAwMDAwMDAwMH19",
          "dependencies": [
            "module.vpc.aws_eip.nat",
            "module.vpc.aws_internet_gateway.main",
            "module.vpc.aws_nat_gateway.main",
            "module.vpc.aws_subnet.public",
            "module.vpc.aws_vpc.main"
          ]
        },
        {
          "index_key": 1,
          "schema_version": 0,
          "attributes": {
            "arn": "arn:aws:ec2:us-east-1:049618906674:route-table/rtb-0d08351aa5537d147",
            "id": "rtb-0d08351aa5537d147",
            "owner_id": "049618906674",
            "propagating_vgws": [],
            "route": [
              {
                "carrier_gateway_id": "",
                "cidr_block": "0.0.0.0/0",
                "core_network_arn": "",
                "destination_prefix_list_id": "",
                "egress_only_gateway_id": "",
                "gateway_id": "",
                "ipv6_cidr_block": "",
                "local_gateway_id": "",
                "nat_gateway_id": "nat-06d3dabadcd3e0e85",
                "network_interface_id": "",
                "transit_gateway_id": "",
                "vpc_endpoint_id": "",
                "vpc_peering_connection_id": ""
              }
            ],
            "tags": {
              "Name": "petclinic-isi-prod-rt-private-us-east-1b"
            },
            "tags_all": {
              "ManagedBy": "Terraform",
              "Name": "petclinic-isi-prod-rt-private-us-east-1b",
              "Project": "petclinic"
            },
            "timeouts": null,
            "vpc_id": "vpc-0975d7ec991cf3482"
          },
          "sensitive_attributes": [],
          "identity_schema_version": 0,
          "private": "eyJlMmJmYjczMC1lY2FhLTExZTYtOGY4OC0zNDM2M2JjN2M0YzAiOnsiY3JlYXRlIjozMDAwMDAwMDAwMDAsImRlbGV0ZSI6MzAwMDAwMDAwMDAwLCJ1cGRhdGUiOjEyMDAwMDAwMDAwMH19",
          "dependencies": [
            "module.vpc.aws_eip.nat",
            "module.vpc.aws_internet_gateway.main",
            "module.vpc.aws_nat_gateway.main",
            "module.vpc.aws_subnet.public",
            "module.vpc.aws_vpc.main"
          ]
        },
        {
          "index_key": 2,
          "schema_version": 0,
          "attributes": {
            "arn": "arn:aws:ec2:us-east-1:049618906674:route-table/rtb-061859c8003e2e9ec",
            "id": "rtb-061859c8003e2e9ec",
            "owner_id": "049618906674",
            "propagating_vgws": [],
            "route": [
              {
                "carrier_gateway_id": "",
                "cidr_block": "0.0.0.0/0",
                "core_network_arn": "",
                "destination_prefix_list_id": "",
                "egress_only_gateway_id": "",
                "gateway_id": "",
                "ipv6_cidr_block": "",
                "local_gateway_id": "",
                "nat_gateway_id": "nat-049b63d4c2af985dc",
                "network_interface_id": "",
                "transit_gateway_id": "",
                "vpc_endpoint_id": "",
                "vpc_peering_connection_id": ""
              }
            ],
            "tags": {
              "Name": "petclinic-isi-prod-rt-private-us-east-1c"
            },
            "tags_all": {
              "ManagedBy": "Terraform",
              "Name": "petclinic-isi-prod-rt-private-us-east-1c",
              "Project": "petclinic"
            },
            "timeouts": null,
            "vpc_id": "vpc-0975d7ec991cf3482"
          },
          "sensitive_attributes": [],
          "identity_schema_version": 0,
          "private": "eyJlMmJmYjczMC1lY2FhLTExZTYtOGY4OC0zNDM2M2JjN2M0YzAiOnsiY3JlYXRlIjozMDAwMDAwMDAwMDAsImRlbGV0ZSI6MzAwMDAwMDAwMDAwLCJ1cGRhdGUiOjEyMDAwMDAwMDAwMH19",
          "dependencies": [
            "module.vpc.aws_eip.nat",
            "module.vpc.aws_internet_gateway.main",
            "module.vpc.aws_nat_gateway.main",
            "module.vpc.aws_subnet.public",
            "module.vpc.aws_vpc.main"
          ]
        }
      ]
    },
    {
      "module": "module.vpc",
      "mode": "managed",
      "type": "aws_route_table",
      "name": "public",
      "provider": "provider[\"registry.terraform.io/hashicorp/aws\"]",
      "instances": [
        {
          "schema_version": 0,
          "attributes": {
            "arn": "arn:aws:ec2:us-east-1:049618906674:route-table/rtb-0f90f9314e7295148",
            "id": "rtb-0f90f9314e7295148",
            "owner_id": "049618906674",
            "propagating_vgws": [],
            "route": [
              {
                "carrier_gateway_id": "",
                "cidr_block": "0.0.0.0/0",
                "core_network_arn": "",
                "destination_prefix_list_id": "",
                "egress_only_gateway_id": "",
                "gateway_id": "igw-0b48b502aba9c16ae",
                "ipv6_cidr_block": "",
                "local_gateway_id": "",
                "nat_gateway_id": "",
                "network_interface_id": "",
                "transit_gateway_id": "",
                "vpc_endpoint_id": "",
                "vpc_peering_connection_id": ""
              }
            ],
            "tags": {
              "Name": "petclinic-isi-prod-rt-public"
            },
            "tags_all": {
              "ManagedBy": "Terraform",
              "Name": "petclinic-isi-prod-rt-public",
              "Project": "petclinic"
            },
            "timeouts": null,
            "vpc_id": "vpc-0975d7ec991cf3482"
          },
          "sensitive_attributes": [],
          "identity_schema_version": 0,
          "private": "eyJlMmJmYjczMC1lY2FhLTExZTYtOGY4OC0zNDM2M2JjN2M0YzAiOnsiY3JlYXRlIjozMDAwMDAwMDAwMDAsImRlbGV0ZSI6MzAwMDAwMDAwMDAwLCJ1cGRhdGUiOjEyMDAwMDAwMDAwMH19",
          "dependencies": [
            "module.vpc.aws_internet_gateway.main",
            "module.vpc.aws_vpc.main"
          ]
        }
      ]
    },
    {
      "module": "module.vpc",
      "mode": "managed",
      "type": "aws_route_table_association",
      "name": "db",
      "provider": "provider[\"registry.terraform.io/hashicorp/aws\"]",
      "instances": [
        {
          "index_key": 0,
          "schema_version": 0,
          "attributes": {
            "gateway_id": "",
            "id": "rtbassoc-0136f7658f1957eeb",
            "route_table_id": "rtb-0695931481f50fbc4",
            "subnet_id": "subnet-0b705e446bd4b2a18",
            "timeouts": null
          },
          "sensitive_attributes": [],
          "identity_schema_version": 0,
          "private": "eyJlMmJmYjczMC1lY2FhLTExZTYtOGY4OC0zNDM2M2JjN2M0YzAiOnsiY3JlYXRlIjozMDAwMDAwMDAwMDAsImRlbGV0ZSI6MzAwMDAwMDAwMDAwLCJ1cGRhdGUiOjEyMDAwMDAwMDAwMH19",
          "dependencies": [
            "module.vpc.aws_eip.nat",
            "module.vpc.aws_internet_gateway.main",
            "module.vpc.aws_nat_gateway.main",
            "module.vpc.aws_route_table.private",
            "module.vpc.aws_subnet.db",
            "module.vpc.aws_subnet.public",
            "module.vpc.aws_vpc.main"
          ]
        },
        {
          "index_key": 1,
          "schema_version": 0,
          "attributes": {
            "gateway_id": "",
            "id": "rtbassoc-06f6897922d6d2541",
            "route_table_id": "rtb-0d08351aa5537d147",
            "subnet_id": "subnet-093bfbe69db235ed5",
            "timeouts": null
          },
          "sensitive_attributes": [],
          "identity_schema_version": 0,
          "private": "eyJlMmJmYjczMC1lY2FhLTExZTYtOGY4OC0zNDM2M2JjN2M0YzAiOnsiY3JlYXRlIjozMDAwMDAwMDAwMDAsImRlbGV0ZSI6MzAwMDAwMDAwMDAwLCJ1cGRhdGUiOjEyMDAwMDAwMDAwMH19",
          "dependencies": [
            "module.vpc.aws_eip.nat",
            "module.vpc.aws_internet_gateway.main",
            "module.vpc.aws_nat_gateway.main",
            "module.vpc.aws_route_table.private",
            "module.vpc.aws_subnet.db",
            "module.vpc.aws_subnet.public",
            "module.vpc.aws_vpc.main"
          ]
        },
        {
          "index_key": 2,
          "schema_version": 0,
          "attributes": {
            "gateway_id": "",
            "id": "rtbassoc-00d96a8c6bf2e4258",
            "route_table_id": "rtb-061859c8003e2e9ec",
            "subnet_id": "subnet-05a9362c5283adea7",
            "timeouts": null
          },
          "sensitive_attributes": [],
          "identity_schema_version": 0,
          "private": "eyJlMmJmYjczMC1lY2FhLTExZTYtOGY4OC0zNDM2M2JjN2M0YzAiOnsiY3JlYXRlIjozMDAwMDAwMDAwMDAsImRlbGV0ZSI6MzAwMDAwMDAwMDAwLCJ1cGRhdGUiOjEyMDAwMDAwMDAwMH19",
          "dependencies": [
            "module.vpc.aws_eip.nat",
            "module.vpc.aws_internet_gateway.main",
            "module.vpc.aws_nat_gateway.main",
            "module.vpc.aws_route_table.private",
            "module.vpc.aws_subnet.db",
            "module.vpc.aws_subnet.public",
            "module.vpc.aws_vpc.main"
          ]
        }
      ]
    },
    {
      "module": "module.vpc",
      "mode": "managed",
      "type": "aws_route_table_association",
      "name": "private",
      "provider": "provider[\"registry.terraform.io/hashicorp/aws\"]",
      "instances": [
        {
          "index_key": 0,
          "schema_version": 0,
          "attributes": {
            "gateway_id": "",
            "id": "rtbassoc-081ddb96d1e9e52c4",
            "route_table_id": "rtb-0695931481f50fbc4",
            "subnet_id": "subnet-053973f6d1b01c7c8",
            "timeouts": null
          },
          "sensitive_attributes": [],
          "identity_schema_version": 0,
          "private": "eyJlMmJmYjczMC1lY2FhLTExZTYtOGY4OC0zNDM2M2JjN2M0YzAiOnsiY3JlYXRlIjozMDAwMDAwMDAwMDAsImRlbGV0ZSI6MzAwMDAwMDAwMDAwLCJ1cGRhdGUiOjEyMDAwMDAwMDAwMH19",
          "dependencies": [
            "module.vpc.aws_eip.nat",
            "module.vpc.aws_internet_gateway.main",
            "module.vpc.aws_nat_gateway.main",
            "module.vpc.aws_route_table.private",
            "module.vpc.aws_subnet.private",
            "module.vpc.aws_subnet.public",
            "module.vpc.aws_vpc.main"
          ]
        },
        {
          "index_key": 1,
          "schema_version": 0,
          "attributes": {
            "gateway_id": "",
            "id": "rtbassoc-059bc7a14e9973029",
            "route_table_id": "rtb-0d08351aa5537d147",
            "subnet_id": "subnet-038cfbfdcb62b497c",
            "timeouts": null
          },
          "sensitive_attributes": [],
          "identity_schema_version": 0,
          "private": "eyJlMmJmYjczMC1lY2FhLTExZTYtOGY4OC0zNDM2M2JjN2M0YzAiOnsiY3JlYXRlIjozMDAwMDAwMDAwMDAsImRlbGV0ZSI6MzAwMDAwMDAwMDAwLCJ1cGRhdGUiOjEyMDAwMDAwMDAwMH19",
          "dependencies": [
            "module.vpc.aws_eip.nat",
            "module.vpc.aws_internet_gateway.main",
            "module.vpc.aws_nat_gateway.main",
            "module.vpc.aws_route_table.private",
            "module.vpc.aws_subnet.private",
            "module.vpc.aws_subnet.public",
            "module.vpc.aws_vpc.main"
          ]
        },
        {
          "index_key": 2,
          "schema_version": 0,
          "attributes": {
            "gateway_id": "",
            "id": "rtbassoc-0b384f2e7c13ec810",
            "route_table_id": "rtb-061859c8003e2e9ec",
            "subnet_id": "subnet-0ef38c51692a2ec1e",
            "timeouts": null
          },
          "sensitive_attributes": [],
          "identity_schema_version": 0,
          "private": "eyJlMmJmYjczMC1lY2FhLTExZTYtOGY4OC0zNDM2M2JjN2M0YzAiOnsiY3JlYXRlIjozMDAwMDAwMDAwMDAsImRlbGV0ZSI6MzAwMDAwMDAwMDAwLCJ1cGRhdGUiOjEyMDAwMDAwMDAwMH19",
          "dependencies": [
            "module.vpc.aws_eip.nat",
            "module.vpc.aws_internet_gateway.main",
            "module.vpc.aws_nat_gateway.main",
            "module.vpc.aws_route_table.private",
            "module.vpc.aws_subnet.private",
            "module.vpc.aws_subnet.public",
            "module.vpc.aws_vpc.main"
          ]
        }
      ]
    },
    {
      "module": "module.vpc",
      "mode": "managed",
      "type": "aws_route_table_association",
      "name": "public",
      "provider": "provider[\"registry.terraform.io/hashicorp/aws\"]",
      "instances": [
        {
          "index_key": 0,
          "schema_version": 0,
          "attributes": {
            "gateway_id": "",
            "id": "rtbassoc-0873166c49fa8ac5a",
            "route_table_id": "rtb-0f90f9314e7295148",
            "subnet_id": "subnet-07f562276cd87f3f5",
            "timeouts": null
          },
          "sensitive_attributes": [],
          "identity_schema_version": 0,
          "private": "eyJlMmJmYjczMC1lY2FhLTExZTYtOGY4OC0zNDM2M2JjN2M0YzAiOnsiY3JlYXRlIjozMDAwMDAwMDAwMDAsImRlbGV0ZSI6MzAwMDAwMDAwMDAwLCJ1cGRhdGUiOjEyMDAwMDAwMDAwMH19",
          "dependencies": [
            "module.vpc.aws_internet_gateway.main",
            "module.vpc.aws_route_table.public",
            "module.vpc.aws_subnet.public",
            "module.vpc.aws_vpc.main"
          ]
        },
        {
          "index_key": 1,
          "schema_version": 0,
          "attributes": {
            "gateway_id": "",
            "id": "rtbassoc-02ddfd0dda8e8d5c0",
            "route_table_id": "rtb-0f90f9314e7295148",
            "subnet_id": "subnet-08fca09be869512f4",
            "timeouts": null
          },
          "sensitive_attributes": [],
          "identity_schema_version": 0,
          "private": "eyJlMmJmYjczMC1lY2FhLTExZTYtOGY4OC0zNDM2M2JjN2M0YzAiOnsiY3JlYXRlIjozMDAwMDAwMDAwMDAsImRlbGV0ZSI6MzAwMDAwMDAwMDAwLCJ1cGRhdGUiOjEyMDAwMDAwMDAwMH19",
          "dependencies": [
            "module.vpc.aws_internet_gateway.main",
            "module.vpc.aws_route_table.public",
            "module.vpc.aws_subnet.public",
            "module.vpc.aws_vpc.main"
          ]
        },
        {
          "index_key": 2,
          "schema_version": 0,
          "attributes": {
            "gateway_id": "",
            "id": "rtbassoc-0cc126ac056757258",
            "route_table_id": "rtb-0f90f9314e7295148",
            "subnet_id": "subnet-09a9fb273581998f5",
            "timeouts": null
          },
          "sensitive_attributes": [],
          "identity_schema_version": 0,
          "private": "eyJlMmJmYjczMC1lY2FhLTExZTYtOGY4OC0zNDM2M2JjN2M0YzAiOnsiY3JlYXRlIjozMDAwMDAwMDAwMDAsImRlbGV0ZSI6MzAwMDAwMDAwMDAwLCJ1cGRhdGUiOjEyMDAwMDAwMDAwMH19",
          "dependencies": [
            "module.vpc.aws_internet_gateway.main",
            "module.vpc.aws_route_table.public",
            "module.vpc.aws_subnet.public",
            "module.vpc.aws_vpc.main"
          ]
        }
      ]
    },
    {
      "module": "module.vpc",
      "mode": "managed",
      "type": "aws_subnet",
      "name": "db",
      "provider": "provider[\"registry.terraform.io/hashicorp/aws\"]",
      "instances": [
        {
          "index_key": 0,
          "schema_version": 1,
          "attributes": {
            "arn": "arn:aws:ec2:us-east-1:049618906674:subnet/subnet-0b705e446bd4b2a18",
            "assign_ipv6_address_on_creation": false,
            "availability_zone": "us-east-1a",
            "availability_zone_id": "use1-az1",
            "cidr_block": "10.0.21.0/24",
            "customer_owned_ipv4_pool": "",
            "enable_dns64": false,
            "enable_lni_at_device_index": 0,
            "enable_resource_name_dns_a_record_on_launch": false,
            "enable_resource_name_dns_aaaa_record_on_launch": false,
            "id": "subnet-0b705e446bd4b2a18",
            "ipv6_cidr_block": "",
            "ipv6_cidr_block_association_id": "",
            "ipv6_native": false,
            "map_customer_owned_ip_on_launch": false,
            "map_public_ip_on_launch": false,
            "outpost_arn": "",
            "owner_id": "049618906674",
            "private_dns_hostname_type_on_launch": "ip-name",
            "tags": {
              "Name": "petclinic-isi-prod-db-us-east-1a",
              "Type": "Private-DB"
            },
            "tags_all": {
              "ManagedBy": "Terraform",
              "Name": "petclinic-isi-prod-db-us-east-1a",
              "Project": "petclinic",
              "Type": "Private-DB"
            },
            "timeouts": null,
            "vpc_id": "vpc-0975d7ec991cf3482"
          },
          "sensitive_attributes": [],
          "identity_schema_version": 0,
          "private": "eyJlMmJmYjczMC1lY2FhLTExZTYtOGY4OC0zNDM2M2JjN2M0YzAiOnsiY3JlYXRlIjo2MDAwMDAwMDAwMDAsImRlbGV0ZSI6MTIwMDAwMDAwMDAwMH0sInNjaGVtYV92ZXJzaW9uIjoiMSJ9",
          "dependencies": [
            "module.vpc.aws_vpc.main"
          ]
        },
        {
          "index_key": 1,
          "schema_version": 1,
          "attributes": {
            "arn": "arn:aws:ec2:us-east-1:049618906674:subnet/subnet-093bfbe69db235ed5",
            "assign_ipv6_address_on_creation": false,
            "availability_zone": "us-east-1b",
            "availability_zone_id": "use1-az2",
            "cidr_block": "10.0.22.0/24",
            "customer_owned_ipv4_pool": "",
            "enable_dns64": false,
            "enable_lni_at_device_index": 0,
            "enable_resource_name_dns_a_record_on_launch": false,
            "enable_resource_name_dns_aaaa_record_on_launch": false,
            "id": "subnet-093bfbe69db235ed5",
            "ipv6_cidr_block": "",
            "ipv6_cidr_block_association_id": "",
            "ipv6_native": false,
            "map_customer_owned_ip_on_launch": false,
            "map_public_ip_on_launch": false,
            "outpost_arn": "",
            "owner_id": "049618906674",
            "private_dns_hostname_type_on_launch": "ip-name",
            "tags": {
              "Name": "petclinic-isi-prod-db-us-east-1b",
              "Type": "Private-DB"
            },
            "tags_all": {
              "ManagedBy": "Terraform",
              "Name": "petclinic-isi-prod-db-us-east-1b",
              "Project": "petclinic",
              "Type": "Private-DB"
            },
            "timeouts": null,
            "vpc_id": "vpc-0975d7ec991cf3482"
          },
          "sensitive_attributes": [],
          "identity_schema_version": 0,
          "private": "eyJlMmJmYjczMC1lY2FhLTExZTYtOGY4OC0zNDM2M2JjN2M0YzAiOnsiY3JlYXRlIjo2MDAwMDAwMDAwMDAsImRlbGV0ZSI6MTIwMDAwMDAwMDAwMH0sInNjaGVtYV92ZXJzaW9uIjoiMSJ9",
          "dependencies": [
            "module.vpc.aws_vpc.main"
          ]
        },
        {
          "index_key": 2,
          "schema_version": 1,
          "attributes": {
            "arn": "arn:aws:ec2:us-east-1:049618906674:subnet/subnet-05a9362c5283adea7",
            "assign_ipv6_address_on_creation": false,
            "availability_zone": "us-east-1c",
            "availability_zone_id": "use1-az4",
            "cidr_block": "10.0.23.0/24",
            "customer_owned_ipv4_pool": "",
            "enable_dns64": false,
            "enable_lni_at_device_index": 0,
            "enable_resource_name_dns_a_record_on_launch": false,
            "enable_resource_name_dns_aaaa_record_on_launch": false,
            "id": "subnet-05a9362c5283adea7",
            "ipv6_cidr_block": "",
            "ipv6_cidr_block_association_id": "",
            "ipv6_native": false,
            "map_customer_owned_ip_on_launch": false,
            "map_public_ip_on_launch": false,
            "outpost_arn": "",
            "owner_id": "049618906674",
            "private_dns_hostname_type_on_launch": "ip-name",
            "tags": {
              "Name": "petclinic-isi-prod-db-us-east-1c",
              "Type": "Private-DB"
            },
            "tags_all": {
              "ManagedBy": "Terraform",
              "Name": "petclinic-isi-prod-db-us-east-1c",
              "Project": "petclinic",
              "Type": "Private-DB"
            },
            "timeouts": null,
            "vpc_id": "vpc-0975d7ec991cf3482"
          },
          "sensitive_attributes": [],
          "identity_schema_version": 0,
          "private": "eyJlMmJmYjczMC1lY2FhLTExZTYtOGY4OC0zNDM2M2JjN2M0YzAiOnsiY3JlYXRlIjo2MDAwMDAwMDAwMDAsImRlbGV0ZSI6MTIwMDAwMDAwMDAwMH0sInNjaGVtYV92ZXJzaW9uIjoiMSJ9",
          "dependencies": [
            "module.vpc.aws_vpc.main"
          ]
        }
      ]
    },
    {
      "module": "module.vpc",
      "mode": "managed",
      "type": "aws_subnet",
      "name": "private",
      "provider": "provider[\"registry.terraform.io/hashicorp/aws\"]",
      "instances": [
        {
          "index_key": 0,
          "schema_version": 1,
          "attributes": {
            "arn": "arn:aws:ec2:us-east-1:049618906674:subnet/subnet-053973f6d1b01c7c8",
            "assign_ipv6_address_on_creation": false,
            "availability_zone": "us-east-1a",
            "availability_zone_id": "use1-az1",
            "cidr_block": "10.0.11.0/24",
            "customer_owned_ipv4_pool": "",
            "enable_dns64": false,
            "enable_lni_at_device_index": 0,
            "enable_resource_name_dns_a_record_on_launch": false,
            "enable_resource_name_dns_aaaa_record_on_launch": false,
            "id": "subnet-053973f6d1b01c7c8",
            "ipv6_cidr_block": "",
            "ipv6_cidr_block_association_id": "",
            "ipv6_native": false,
            "map_customer_owned_ip_on_launch": false,
            "map_public_ip_on_launch": false,
            "outpost_arn": "",
            "owner_id": "049618906674",
            "private_dns_hostname_type_on_launch": "ip-name",
            "tags": {
              "Name": "petclinic-isi-prod-private-us-east-1a",
              "Type": "Private-App"
            },
            "tags_all": {
              "ManagedBy": "Terraform",
              "Name": "petclinic-isi-prod-private-us-east-1a",
              "Project": "petclinic",
              "Type": "Private-App"
            },
            "timeouts": null,
            "vpc_id": "vpc-0975d7ec991cf3482"
          },
          "sensitive_attributes": [],
          "identity_schema_version": 0,
          "private": "eyJlMmJmYjczMC1lY2FhLTExZTYtOGY4OC0zNDM2M2JjN2M0YzAiOnsiY3JlYXRlIjo2MDAwMDAwMDAwMDAsImRlbGV0ZSI6MTIwMDAwMDAwMDAwMH0sInNjaGVtYV92ZXJzaW9uIjoiMSJ9",
          "dependencies": [
            "module.vpc.aws_vpc.main"
          ]
        },
        {
          "index_key": 1,
          "schema_version": 1,
          "attributes": {
            "arn": "arn:aws:ec2:us-east-1:049618906674:subnet/subnet-038cfbfdcb62b497c",
            "assign_ipv6_address_on_creation": false,
            "availability_zone": "us-east-1b",
            "availability_zone_id": "use1-az2",
            "cidr_block": "10.0.12.0/24",
            "customer_owned_ipv4_pool": "",
            "enable_dns64": false,
            "enable_lni_at_device_index": 0,
            "enable_resource_name_dns_a_record_on_launch": false,
            "enable_resource_name_dns_aaaa_record_on_launch": false,
            "id": "subnet-038cfbfdcb62b497c",
            "ipv6_cidr_block": "",
            "ipv6_cidr_block_association_id": "",
            "ipv6_native": false,
            "map_customer_owned_ip_on_launch": false,
            "map_public_ip_on_launch": false,
            "outpost_arn": "",
            "owner_id": "049618906674",
            "private_dns_hostname_type_on_launch": "ip-name",
            "tags": {
              "Name": "petclinic-isi-prod-private-us-east-1b",
              "Type": "Private-App"
            },
            "tags_all": {
              "ManagedBy": "Terraform",
              "Name": "petclinic-isi-prod-private-us-east-1b",
              "Project": "petclinic",
              "Type": "Private-App"
            },
            "timeouts": null,
            "vpc_id": "vpc-0975d7ec991cf3482"
          },
          "sensitive_attributes": [],
          "identity_schema_version": 0,
          "private": "eyJlMmJmYjczMC1lY2FhLTExZTYtOGY4OC0zNDM2M2JjN2M0YzAiOnsiY3JlYXRlIjo2MDAwMDAwMDAwMDAsImRlbGV0ZSI6MTIwMDAwMDAwMDAwMH0sInNjaGVtYV92ZXJzaW9uIjoiMSJ9",
          "dependencies": [
            "module.vpc.aws_vpc.main"
          ]
        },
        {
          "index_key": 2,
          "schema_version": 1,
          "attributes": {
            "arn": "arn:aws:ec2:us-east-1:049618906674:subnet/subnet-0ef38c51692a2ec1e",
            "assign_ipv6_address_on_creation": false,
            "availability_zone": "us-east-1c",
            "availability_zone_id": "use1-az4",
            "cidr_block": "10.0.13.0/24",
            "customer_owned_ipv4_pool": "",
            "enable_dns64": false,
            "enable_lni_at_device_index": 0,
            "enable_resource_name_dns_a_record_on_launch": false,
            "enable_resource_name_dns_aaaa_record_on_launch": false,
            "id": "subnet-0ef38c51692a2ec1e",
            "ipv6_cidr_block": "",
            "ipv6_cidr_block_association_id": "",
            "ipv6_native": false,
            "map_customer_owned_ip_on_launch": false,
            "map_public_ip_on_launch": false,
            "outpost_arn": "",
            "owner_id": "049618906674",
            "private_dns_hostname_type_on_launch": "ip-name",
            "tags": {
              "Name": "petclinic-isi-prod-private-us-east-1c",
              "Type": "Private-App"
            },
            "tags_all": {
              "ManagedBy": "Terraform",
              "Name": "petclinic-isi-prod-private-us-east-1c",
              "Project": "petclinic",
              "Type": "Private-App"
            },
            "timeouts": null,
            "vpc_id": "vpc-0975d7ec991cf3482"
          },
          "sensitive_attributes": [],
          "identity_schema_version": 0,
          "private": "eyJlMmJmYjczMC1lY2FhLTExZTYtOGY4OC0zNDM2M2JjN2M0YzAiOnsiY3JlYXRlIjo2MDAwMDAwMDAwMDAsImRlbGV0ZSI6MTIwMDAwMDAwMDAwMH0sInNjaGVtYV92ZXJzaW9uIjoiMSJ9",
          "dependencies": [
            "module.vpc.aws_vpc.main"
          ]
        }
      ]
    },
    {
      "module": "module.vpc",
      "mode": "managed",
      "type": "aws_subnet",
      "name": "public",
      "provider": "provider[\"registry.terraform.io/hashicorp/aws\"]",
      "instances": [
        {
          "index_key": 0,
          "schema_version": 1,
          "attributes": {
            "arn": "arn:aws:ec2:us-east-1:049618906674:subnet/subnet-07f562276cd87f3f5",
            "assign_ipv6_address_on_creation": false,
            "availability_zone": "us-east-1a",
            "availability_zone_id": "use1-az1",
            "cidr_block": "10.0.1.0/24",
            "customer_owned_ipv4_pool": "",
            "enable_dns64": false,
            "enable_lni_at_device_index": 0,
            "enable_resource_name_dns_a_record_on_launch": false,
            "enable_resource_name_dns_aaaa_record_on_launch": false,
            "id": "subnet-07f562276cd87f3f5",
            "ipv6_cidr_block": "",
            "ipv6_cidr_block_association_id": "",
            "ipv6_native": false,
            "map_customer_owned_ip_on_launch": false,
            "map_public_ip_on_launch": true,
            "outpost_arn": "",
            "owner_id": "049618906674",
            "private_dns_hostname_type_on_launch": "ip-name",
            "tags": {
              "Name": "petclinic-isi-prod-public-us-east-1a",
              "Type": "Public"
            },
            "tags_all": {
              "ManagedBy": "Terraform",
              "Name": "petclinic-isi-prod-public-us-east-1a",
              "Project": "petclinic",
              "Type": "Public"
            },
            "timeouts": null,
            "vpc_id": "vpc-0975d7ec991cf3482"
          },
          "sensitive_attributes": [],
          "identity_schema_version": 0,
          "private": "eyJlMmJmYjczMC1lY2FhLTExZTYtOGY4OC0zNDM2M2JjN2M0YzAiOnsiY3JlYXRlIjo2MDAwMDAwMDAwMDAsImRlbGV0ZSI6MTIwMDAwMDAwMDAwMH0sInNjaGVtYV92ZXJzaW9uIjoiMSJ9",
          "dependencies": [
            "module.vpc.aws_vpc.main"
          ],
          "create_before_destroy": true
        },
        {
          "index_key": 1,
          "schema_version": 1,
          "attributes": {
            "arn": "arn:aws:ec2:us-east-1:049618906674:subnet/subnet-08fca09be869512f4",
            "assign_ipv6_address_on_creation": false,
            "availability_zone": "us-east-1b",
            "availability_zone_id": "use1-az2",
            "cidr_block": "10.0.2.0/24",
            "customer_owned_ipv4_pool": "",
            "enable_dns64": false,
            "enable_lni_at_device_index": 0,
            "enable_resource_name_dns_a_record_on_launch": false,
            "enable_resource_name_dns_aaaa_record_on_launch": false,
            "id": "subnet-08fca09be869512f4",
            "ipv6_cidr_block": "",
            "ipv6_cidr_block_association_id": "",
            "ipv6_native": false,
            "map_customer_owned_ip_on_launch": false,
            "map_public_ip_on_launch": true,
            "outpost_arn": "",
            "owner_id": "049618906674",
            "private_dns_hostname_type_on_launch": "ip-name",
            "tags": {
              "Name": "petclinic-isi-prod-public-us-east-1b",
              "Type": "Public"
            },
            "tags_all": {
              "ManagedBy": "Terraform",
              "Name": "petclinic-isi-prod-public-us-east-1b",
              "Project": "petclinic",
              "Type": "Public"
            },
            "timeouts": null,
            "vpc_id": "vpc-0975d7ec991cf3482"
          },
          "sensitive_attributes": [],
          "identity_schema_version": 0,
          "private": "eyJlMmJmYjczMC1lY2FhLTExZTYtOGY4OC0zNDM2M2JjN2M0YzAiOnsiY3JlYXRlIjo2MDAwMDAwMDAwMDAsImRlbGV0ZSI6MTIwMDAwMDAwMDAwMH0sInNjaGVtYV92ZXJzaW9uIjoiMSJ9",
          "dependencies": [
            "module.vpc.aws_vpc.main"
          ],
          "create_before_destroy": true
        },
        {
          "index_key": 2,
          "schema_version": 1,
          "attributes": {
            "arn": "arn:aws:ec2:us-east-1:049618906674:subnet/subnet-09a9fb273581998f5",
            "assign_ipv6_address_on_creation": false,
            "availability_zone": "us-east-1c",
            "availability_zone_id": "use1-az4",
            "cidr_block": "10.0.3.0/24",
            "customer_owned_ipv4_pool": "",
            "enable_dns64": false,
            "enable_lni_at_device_index": 0,
            "enable_resource_name_dns_a_record_on_launch": false,
            "enable_resource_name_dns_aaaa_record_on_launch": false,
            "id": "subnet-09a9fb273581998f5",
            "ipv6_cidr_block": "",
            "ipv6_cidr_block_association_id": "",
            "ipv6_native": false,
            "map_customer_owned_ip_on_launch": false,
            "map_public_ip_on_launch": true,
            "outpost_arn": "",
            "owner_id": "049618906674",
            "private_dns_hostname_type_on_launch": "ip-name",
            "tags": {
              "Name": "petclinic-isi-prod-public-us-east-1c",
              "Type": "Public"
            },
            "tags_all": {
              "ManagedBy": "Terraform",
              "Name": "petclinic-isi-prod-public-us-east-1c",
              "Project": "petclinic",
              "Type": "Public"
            },
            "timeouts": null,
            "vpc_id": "vpc-0975d7ec991cf3482"
          },
          "sensitive_attributes": [],
          "identity_schema_version": 0,
          "private": "eyJlMmJmYjczMC1lY2FhLTExZTYtOGY4OC0zNDM2M2JjN2M0YzAiOnsiY3JlYXRlIjo2MDAwMDAwMDAwMDAsImRlbGV0ZSI6MTIwMDAwMDAwMDAwMH0sInNjaGVtYV92ZXJzaW9uIjoiMSJ9",
          "dependencies": [
            "module.vpc.aws_vpc.main"
          ],
          "create_before_destroy": true
        }
      ]
    },
    {
      "module": "module.vpc",
      "mode": "managed",
      "type": "aws_vpc",
      "name": "main",
      "provider": "provider[\"registry.terraform.io/hashicorp/aws\"]",
      "instances": [
        {
          "schema_version": 1,
          "attributes": {
            "arn": "arn:aws:ec2:us-east-1:049618906674:vpc/vpc-0975d7ec991cf3482",
            "assign_generated_ipv6_cidr_block": false,
            "cidr_block": "10.0.0.0/16",
            "default_network_acl_id": "acl-0fceb5810c41691f5",
            "default_route_table_id": "rtb-084676be9d6f27232",
            "default_security_group_id": "sg-077964a0c7c0b576e",
            "dhcp_options_id": "dopt-0e84afa008fa529ff",
            "enable_dns_hostnames": true,
            "enable_dns_support": true,
            "enable_network_address_usage_metrics": false,
            "id": "vpc-0975d7ec991cf3482",
            "instance_tenancy": "default",
            "ipv4_ipam_pool_id": null,
            "ipv4_netmask_length": null,
            "ipv6_association_id": "",
            "ipv6_cidr_block": "",
            "ipv6_cidr_block_network_border_group": "",
            "ipv6_ipam_pool_id": "",
            "ipv6_netmask_length": 0,
            "main_route_table_id": "rtb-084676be9d6f27232",
            "owner_id": "049618906674",
            "tags": {
              "Name": "petclinic-isi-prod-vpc"
            },
            "tags_all": {
              "ManagedBy": "Terraform",
              "Name": "petclinic-isi-prod-vpc",
              "Project": "petclinic"
            }
          },
          "sensitive_attributes": [],
          "identity_schema_version": 0,
          "private": "eyJzY2hlbWFfdmVyc2lvbiI6IjEifQ==",
          "create_before_destroy": true
        }
      ]
    }
  ],
  "check_results": null
}
