{
  "version": 4,
  "terraform_version": "1.15.6",
  "serial": 88,
  "lineage": "92fc3fd2-07a4-8a4c-460e-2c8782722224",
  "outputs": {
    "alb_dns_name": {
      "value": "https://petclinic-isi-prod-alb-1248242706.us-east-1.elb.amazonaws.com",
      "type": "string"
    },
    "db_secret_arn": {
      "value": "arn:aws:secretsmanager:us-east-1:049618906674:secret:petclinic-isi-prod/rds/credentials-VAugtQ",
      "type": "string",
      "sensitive": true
    },
    "deploy_instructions": {
      "value": "====== Instructions de déploiement ======\n\n1. Authentifier Docker auprès d'ECR :\n   aws ecr get-login-password --region us-east-1 | docker login --username AWS --password-stdin 049618906674.dkr.ecr.us-east-1.amazonaws.com/petclinic-isi-prod/petclinic-isi\n\n2. Builder et pousser l'image :\n   docker build -t petclinic-isi .\n   #./mvnw spring-boot:build-image\n   docker tag petclinic-isi:latest 049618906674.dkr.ecr.us-east-1.amazonaws.com/petclinic-isi-prod/petclinic-isi:latest\n   #docker tag spring-petclinic:4.0.0-SNAPSHOT 049618906674.dkr.ecr.us-east-1.amazonaws.com/petclinic-isi-prod/petclinic-isi:latest\n   docker push 049618906674.dkr.ecr.us-east-1.amazonaws.com/petclinic-isi-prod/petclinic-isi:latest\n\n3. Forcer le redéploiement ECS :\n   aws ecs update-service --cluster petclinic-isi-prod-cluster --service petclinic-isi-prod-service --force-new-deployment\n\n4. Application accessible sur :\n   https://petclinic-isi-prod-alb-1248242706.us-east-1.elb.amazonaws.com\n\n5. Nettoyage sur le terraform avec terraform:\n   terraform destroy -auto-approve\n   Remove-Item terraform.tfstate* -ErrorAction SilentlyContinue\n   Remove-Item .terraform -Recurse -Force -ErrorAction SilentlyContinue\n   Remove-Item .terraform.lock.hcl -ErrorAction SilentlyContinue\n",
      "type": "string"
    },
    "ecr_repository_url": {
      "value": "049618906674.dkr.ecr.us-east-1.amazonaws.com/petclinic-isi-prod/petclinic-isi",
      "type": "string"
    },
    "ecs_cluster_name": {
      "value": "petclinic-isi-prod-cluster",
      "type": "string"
    },
    "rds_endpoint": {
      "value": "petclinic-isi-prod-postgres.cipqeoo2wdpt.us-east-1.rds.amazonaws.com:5432",
      "type": "string",
      "sensitive": true
    },
    "vpc_id": {
      "value": "vpc-041d7f3991fd01528",
      "type": "string"
    }
  },
  "resources": [
    {
      "module": "module.alb",
      "mode": "data",
      "type": "aws_elb_service_account",
      "name": "main",
      "provider": "provider[\"registry.terraform.io/hashicorp/aws\"]",
      "instances": [
        {
          "schema_version": 0,
          "attributes": {
            "arn": "arn:aws:iam::127311923021:root",
            "id": "127311923021",
            "region": null
          },
          "sensitive_attributes": [],
          "identity_schema_version": 0
        }
      ]
    },
    {
      "module": "module.alb",
      "mode": "managed",
      "type": "aws_lb",
      "name": "main",
      "provider": "provider[\"registry.terraform.io/hashicorp/aws\"]",
      "instances": [
        {
          "schema_version": 0,
          "attributes": {
            "access_logs": [
              {
                "bucket": "petclinic-isi-prod-alb-logs-be7cef0b",
                "enabled": true,
                "prefix": "alb"
              }
            ],
            "arn": "arn:aws:elasticloadbalancing:us-east-1:049618906674:loadbalancer/app/petclinic-isi-prod-alb/f50b95f31b5d8cb3",
            "arn_suffix": "app/petclinic-isi-prod-alb/f50b95f31b5d8cb3",
            "client_keep_alive": 3600,
            "connection_logs": [
              {
                "bucket": "",
                "enabled": false,
                "prefix": ""
              }
            ],
            "customer_owned_ipv4_pool": "",
            "desync_mitigation_mode": "defensive",
            "dns_name": "petclinic-isi-prod-alb-1248242706.us-east-1.elb.amazonaws.com",
            "dns_record_client_routing_policy": null,
            "drop_invalid_header_fields": true,
            "enable_cross_zone_load_balancing": true,
            "enable_deletion_protection": false,
            "enable_http2": true,
            "enable_tls_version_and_cipher_suite_headers": false,
            "enable_waf_fail_open": false,
            "enable_xff_client_port": false,
            "enable_zonal_shift": false,
            "enforce_security_group_inbound_rules_on_private_link_traffic": "",
            "id": "arn:aws:elasticloadbalancing:us-east-1:049618906674:loadbalancer/app/petclinic-isi-prod-alb/f50b95f31b5d8cb3",
            "idle_timeout": 60,
            "internal": false,
            "ip_address_type": "ipv4",
            "ipam_pools": [],
            "load_balancer_type": "application",
            "minimum_load_balancer_capacity": [],
            "name": "petclinic-isi-prod-alb",
            "name_prefix": "",
            "preserve_host_header": false,
            "security_groups": [
              "sg-025b6bbacc761953b"
            ],
            "subnet_mapping": [
              {
                "allocation_id": "",
                "ipv6_address": "",
                "outpost_id": "",
                "private_ipv4_address": "",
                "subnet_id": "subnet-03d58839c06f5244b"
              },
              {
                "allocation_id": "",
                "ipv6_address": "",
                "outpost_id": "",
                "private_ipv4_address": "",
                "subnet_id": "subnet-091ed6feb36c1b386"
              },
              {
                "allocation_id": "",
                "ipv6_address": "",
                "outpost_id": "",
                "private_ipv4_address": "",
                "subnet_id": "subnet-0a37adaec8f996348"
              }
            ],
            "subnets": [
              "subnet-03d58839c06f5244b",
              "subnet-091ed6feb36c1b386",
              "subnet-0a37adaec8f996348"
            ],
            "tags": {
              "Name": "petclinic-isi-prod-alb"
            },
            "tags_all": {
              "ManagedBy": "Terraform",
              "Name": "petclinic-isi-prod-alb",
              "Project": "petclinic"
            },
            "timeouts": null,
            "vpc_id": "vpc-041d7f3991fd01528",
            "xff_header_processing_mode": "append",
            "zone_id": "Z35SXDOTRQ7X7K"
          },
          "sensitive_attributes": [],
          "identity_schema_version": 0,
          "private": "eyJlMmJmYjczMC1lY2FhLTExZTYtOGY4OC0zNDM2M2JjN2M0YzAiOnsiY3JlYXRlIjo2MDAwMDAwMDAwMDAsImRlbGV0ZSI6NjAwMDAwMDAwMDAwLCJ1cGRhdGUiOjYwMDAwMDAwMDAwMH19",
          "dependencies": [
            "module.alb.aws_s3_bucket.alb_logs",
            "module.alb.random_id.suffix",
            "module.security_groups.aws_security_group.alb",
            "module.vpc.aws_subnet.public",
            "module.vpc.aws_vpc.main"
          ],
          "create_before_destroy": true
        }
      ]
    },
    {
      "module": "module.alb",
      "mode": "managed",
      "type": "aws_lb_listener",
      "name": "http_redirect",
      "provider": "provider[\"registry.terraform.io/hashicorp/aws\"]",
      "instances": [
        {
          "schema_version": 0,
          "attributes": {
            "alpn_policy": null,
            "arn": "arn:aws:elasticloadbalancing:us-east-1:049618906674:listener/app/petclinic-isi-prod-alb/f50b95f31b5d8cb3/37f8fd956fa1f926",
            "certificate_arn": null,
            "default_action": [
              {
                "authenticate_cognito": [],
                "authenticate_oidc": [],
                "fixed_response": [],
                "forward": [],
                "order": 1,
                "redirect": [
                  {
                    "host": "#{host}",
                    "path": "/#{path}",
                    "port": "443",
                    "protocol": "HTTPS",
                    "query": "#{query}",
                    "status_code": "HTTP_301"
                  }
                ],
                "target_group_arn": "",
                "type": "redirect"
              }
            ],
            "id": "arn:aws:elasticloadbalancing:us-east-1:049618906674:listener/app/petclinic-isi-prod-alb/f50b95f31b5d8cb3/37f8fd956fa1f926",
            "load_balancer_arn": "arn:aws:elasticloadbalancing:us-east-1:049618906674:loadbalancer/app/petclinic-isi-prod-alb/f50b95f31b5d8cb3",
            "mutual_authentication": [],
            "port": 80,
            "protocol": "HTTP",
            "routing_http_request_x_amzn_mtls_clientcert_header_name": null,
            "routing_http_request_x_amzn_mtls_clientcert_issuer_header_name": null,
            "routing_http_request_x_amzn_mtls_clientcert_leaf_header_name": null,
            "routing_http_request_x_amzn_mtls_clientcert_serial_number_header_name": null,
            "routing_http_request_x_amzn_mtls_clientcert_subject_header_name": null,
            "routing_http_request_x_amzn_mtls_clientcert_validity_header_name": null,
            "routing_http_request_x_amzn_tls_cipher_suite_header_name": null,
            "routing_http_request_x_amzn_tls_version_header_name": null,
            "routing_http_response_access_control_allow_credentials_header_value": "",
            "routing_http_response_access_control_allow_headers_header_value": "",
            "routing_http_response_access_control_allow_methods_header_value": "",
            "routing_http_response_access_control_allow_origin_header_value": "",
            "routing_http_response_access_control_expose_headers_header_value": "",
            "routing_http_response_access_control_max_age_header_value": "",
            "routing_http_response_content_security_policy_header_value": "",
            "routing_http_response_server_enabled": true,
            "routing_http_response_strict_transport_security_header_value": "",
            "routing_http_response_x_content_type_options_header_value": "",
            "routing_http_response_x_frame_options_header_value": "",
            "ssl_policy": "",
            "tags": null,
            "tags_all": {
              "ManagedBy": "Terraform",
              "Project": "petclinic"
            },
            "tcp_idle_timeout_seconds": null,
            "timeouts": null
          },
          "sensitive_attributes": [],
          "identity_schema_version": 0,
          "private": "eyJlMmJmYjczMC1lY2FhLTExZTYtOGY4OC0zNDM2M2JjN2M0YzAiOnsiY3JlYXRlIjozMDAwMDAwMDAwMDAsInVwZGF0ZSI6MzAwMDAwMDAwMDAwfX0=",
          "dependencies": [
            "module.alb.aws_lb.main",
            "module.alb.aws_s3_bucket.alb_logs",
            "module.alb.random_id.suffix",
            "module.security_groups.aws_security_group.alb",
            "module.vpc.aws_subnet.public",
            "module.vpc.aws_vpc.main"
          ]
        }
      ]
    },
    {
      "module": "module.alb",
      "mode": "managed",
      "type": "aws_lb_listener",
      "name": "https",
      "provider": "provider[\"registry.terraform.io/hashicorp/aws\"]",
      "instances": [
        {
          "schema_version": 0,
          "attributes": {
            "alpn_policy": null,
            "arn": "arn:aws:elasticloadbalancing:us-east-1:049618906674:listener/app/petclinic-isi-prod-alb/f50b95f31b5d8cb3/ebfa096ca406ec67",
            "certificate_arn": "arn:aws:iam::049618906674:server-certificate/petclinic-isi-prod-automated-cert",
            "default_action": [
              {
                "authenticate_cognito": [],
                "authenticate_oidc": [],
                "fixed_response": [],
                "forward": [],
                "order": 1,
                "redirect": [],
                "target_group_arn": "arn:aws:elasticloadbalancing:us-east-1:049618906674:targetgroup/petclinic-isi-prod-tg/cceadb52b3d9524e",
                "type": "forward"
              }
            ],
            "id": "arn:aws:elasticloadbalancing:us-east-1:049618906674:listener/app/petclinic-isi-prod-alb/f50b95f31b5d8cb3/ebfa096ca406ec67",
            "load_balancer_arn": "arn:aws:elasticloadbalancing:us-east-1:049618906674:loadbalancer/app/petclinic-isi-prod-alb/f50b95f31b5d8cb3",
            "mutual_authentication": [
              {
                "advertise_trust_store_ca_names": "",
                "ignore_client_certificate_expiry": false,
                "mode": "off",
                "trust_store_arn": ""
              }
            ],
            "port": 443,
            "protocol": "HTTPS",
            "routing_http_request_x_amzn_mtls_clientcert_header_name": "",
            "routing_http_request_x_amzn_mtls_clientcert_issuer_header_name": "",
            "routing_http_request_x_amzn_mtls_clientcert_leaf_header_name": "",
            "routing_http_request_x_amzn_mtls_clientcert_serial_number_header_name": "",
            "routing_http_request_x_amzn_mtls_clientcert_subject_header_name": "",
            "routing_http_request_x_amzn_mtls_clientcert_validity_header_name": "",
            "routing_http_request_x_amzn_tls_cipher_suite_header_name": "",
            "routing_http_request_x_amzn_tls_version_header_name": "",
            "routing_http_response_access_control_allow_credentials_header_value": "",
            "routing_http_response_access_control_allow_headers_header_value": "",
            "routing_http_response_access_control_allow_methods_header_value": "",
            "routing_http_response_access_control_allow_origin_header_value": "",
            "routing_http_response_access_control_expose_headers_header_value": "",
            "routing_http_response_access_control_max_age_header_value": "",
            "routing_http_response_content_security_policy_header_value": "",
            "routing_http_response_server_enabled": true,
            "routing_http_response_strict_transport_security_header_value": "",
            "routing_http_response_x_content_type_options_header_value": "",
            "routing_http_response_x_frame_options_header_value": "",
            "ssl_policy": "ELBSecurityPolicy-TLS13-1-2-2021-06",
            "tags": null,
            "tags_all": {
              "ManagedBy": "Terraform",
              "Project": "petclinic"
            },
            "tcp_idle_timeout_seconds": null,
            "timeouts": null
          },
          "sensitive_attributes": [],
          "identity_schema_version": 0,
          "private": "eyJlMmJmYjczMC1lY2FhLTExZTYtOGY4OC0zNDM2M2JjN2M0YzAiOnsiY3JlYXRlIjozMDAwMDAwMDAwMDAsInVwZGF0ZSI6MzAwMDAwMDAwMDAwfX0=",
          "dependencies": [
            "module.alb.aws_lb.main",
            "module.alb.aws_lb_target_group.app",
            "module.alb.aws_s3_bucket.alb_logs",
            "module.alb.random_id.suffix",
            "module.iam.aws_iam_server_certificate.petclinic_automated_cert",
            "module.iam.tls_private_key.petclinic_key",
            "module.iam.tls_self_signed_cert.petclinic_self_signed",
            "module.security_groups.aws_security_group.alb",
            "module.vpc.aws_subnet.public",
            "module.vpc.aws_vpc.main"
          ],
          "create_before_destroy": true
        }
      ]
    },
    {
      "module": "module.alb",
      "mode": "managed",
      "type": "aws_lb_target_group",
      "name": "app",
      "provider": "provider[\"registry.terraform.io/hashicorp/aws\"]",
      "instances": [
        {
          "schema_version": 0,
          "attributes": {
            "arn": "arn:aws:elasticloadbalancing:us-east-1:049618906674:targetgroup/petclinic-isi-prod-tg/cceadb52b3d9524e",
            "arn_suffix": "targetgroup/petclinic-isi-prod-tg/cceadb52b3d9524e",
            "connection_termination": null,
            "deregistration_delay": "30",
            "health_check": [
              {
                "enabled": true,
                "healthy_threshold": 2,
                "interval": 30,
                "matcher": "200,302",
                "path": "/",
                "port": "traffic-port",
                "protocol": "HTTP",
                "timeout": 10,
                "unhealthy_threshold": 3
              }
            ],
            "id": "arn:aws:elasticloadbalancing:us-east-1:049618906674:targetgroup/petclinic-isi-prod-tg/cceadb52b3d9524e",
            "ip_address_type": "ipv4",
            "lambda_multi_value_headers_enabled": false,
            "load_balancer_arns": [],
            "load_balancing_algorithm_type": "round_robin",
            "load_balancing_anomaly_mitigation": "off",
            "load_balancing_cross_zone_enabled": "use_load_balancer_configuration",
            "name": "petclinic-isi-prod-tg",
            "name_prefix": "",
            "port": 8080,
            "preserve_client_ip": null,
            "protocol": "HTTP",
            "protocol_version": "HTTP1",
            "proxy_protocol_v2": false,
            "slow_start": 0,
            "stickiness": [
              {
                "cookie_duration": 86400,
                "cookie_name": "",
                "enabled": false,
                "type": "lb_cookie"
              }
            ],
            "tags": {
              "Name": "petclinic-isi-prod-tg"
            },
            "tags_all": {
              "ManagedBy": "Terraform",
              "Name": "petclinic-isi-prod-tg",
              "Project": "petclinic"
            },
            "target_failover": [
              {
                "on_deregistration": null,
                "on_unhealthy": null
              }
            ],
            "target_group_health": [
              {
                "dns_failover": [
                  {
                    "minimum_healthy_targets_count": "1",
                    "minimum_healthy_targets_percentage": "off"
                  }
                ],
                "unhealthy_state_routing": [
                  {
                    "minimum_healthy_targets_count": 1,
                    "minimum_healthy_targets_percentage": "off"
                  }
                ]
              }
            ],
            "target_health_state": [
              {
                "enable_unhealthy_connection_termination": null,
                "unhealthy_draining_interval": null
              }
            ],
            "target_type": "ip",
            "vpc_id": "vpc-041d7f3991fd01528"
          },
          "sensitive_attributes": [],
          "identity_schema_version": 0,
          "private": "bnVsbA==",
          "dependencies": [
            "module.vpc.aws_vpc.main"
          ],
          "create_before_destroy": true
        }
      ]
    },
    {
      "module": "module.alb",
      "mode": "managed",
      "type": "aws_s3_bucket",
      "name": "alb_logs",
      "provider": "provider[\"registry.terraform.io/hashicorp/aws\"]",
      "instances": [
        {
          "schema_version": 0,
          "attributes": {
            "acceleration_status": "",
            "acl": null,
            "arn": "arn:aws:s3:::petclinic-isi-prod-alb-logs-be7cef0b",
            "bucket": "petclinic-isi-prod-alb-logs-be7cef0b",
            "bucket_domain_name": "petclinic-isi-prod-alb-logs-be7cef0b.s3.amazonaws.com",
            "bucket_prefix": "",
            "bucket_regional_domain_name": "petclinic-isi-prod-alb-logs-be7cef0b.s3.us-east-1.amazonaws.com",
            "cors_rule": [],
            "force_destroy": true,
            "grant": [
              {
                "id": "b1404d63462dc3c27439d37c7b7f56ff3df3d324b33de9690c583ff48680ae45",
                "permissions": [
                  "FULL_CONTROL"
                ],
                "type": "CanonicalUser",
                "uri": ""
              }
            ],
            "hosted_zone_id": "Z3AQBSTGFYJSTF",
            "id": "petclinic-isi-prod-alb-logs-be7cef0b",
            "lifecycle_rule": [],
            "logging": [],
            "object_lock_configuration": [],
            "object_lock_enabled": false,
            "policy": "",
            "region": "us-east-1",
            "replication_configuration": [],
            "request_payer": "BucketOwner",
            "server_side_encryption_configuration": [
              {
                "rule": [
                  {
                    "apply_server_side_encryption_by_default": [
                      {
                        "kms_master_key_id": "",
                        "sse_algorithm": "AES256"
                      }
                    ],
                    "bucket_key_enabled": false
                  }
                ]
              }
            ],
            "tags": {
              "Name": "petclinic-isi-prod-alb-logs"
            },
            "tags_all": {
              "ManagedBy": "Terraform",
              "Name": "petclinic-isi-prod-alb-logs",
              "Project": "petclinic"
            },
            "timeouts": null,
            "versioning": [
              {
                "enabled": false,
                "mfa_delete": false
              }
            ],
            "website": [],
            "website_domain": null,
            "website_endpoint": null
          },
          "sensitive_attributes": [],
          "identity_schema_version": 0,
          "private": "eyJlMmJmYjczMC1lY2FhLTExZTYtOGY4OC0zNDM2M2JjN2M0YzAiOnsiY3JlYXRlIjoxMjAwMDAwMDAwMDAwLCJkZWxldGUiOjM2MDAwMDAwMDAwMDAsInJlYWQiOjEyMDAwMDAwMDAwMDAsInVwZGF0ZSI6MTIwMDAwMDAwMDAwMH19",
          "dependencies": [
            "module.alb.random_id.suffix"
          ],
          "create_before_destroy": true
        }
      ]
    },
    {
      "module": "module.alb",
      "mode": "managed",
      "type": "aws_s3_bucket_lifecycle_configuration",
      "name": "alb_logs",
      "provider": "provider[\"registry.terraform.io/hashicorp/aws\"]",
      "instances": [
        {
          "schema_version": 1,
          "attributes": {
            "bucket": "petclinic-isi-prod-alb-logs-be7cef0b",
            "expected_bucket_owner": "",
            "id": "petclinic-isi-prod-alb-logs-be7cef0b",
            "rule": [
              {
                "abort_incomplete_multipart_upload": [],
                "expiration": [
                  {
                    "date": null,
                    "days": 90,
                    "expired_object_delete_marker": false
                  }
                ],
                "filter": [
                  {
                    "and": [],
                    "object_size_greater_than": null,
                    "object_size_less_than": null,
                    "prefix": "",
                    "tag": []
                  }
                ],
                "id": "expire-logs",
                "noncurrent_version_expiration": [],
                "noncurrent_version_transition": [],
                "prefix": "",
                "status": "Enabled",
                "transition": []
              }
            ],
            "timeouts": null,
            "transition_default_minimum_object_size": "all_storage_classes_128K"
          },
          "sensitive_attributes": [],
          "identity_schema_version": 0,
          "dependencies": [
            "module.alb.aws_s3_bucket.alb_logs",
            "module.alb.random_id.suffix"
          ]
        }
      ]
    },
    {
      "module": "module.alb",
      "mode": "managed",
      "type": "aws_s3_bucket_policy",
      "name": "alb_logs",
      "provider": "provider[\"registry.terraform.io/hashicorp/aws\"]",
      "instances": [
        {
          "schema_version": 0,
          "attributes": {
            "bucket": "petclinic-isi-prod-alb-logs-be7cef0b",
            "id": "petclinic-isi-prod-alb-logs-be7cef0b",
            "policy": "{\"Statement\":[{\"Action\":\"s3:PutObject\",\"Effect\":\"Allow\",\"Principal\":{\"AWS\":\"arn:aws:iam::127311923021:root\"},\"Resource\":\"arn:aws:s3:::petclinic-isi-prod-alb-logs-be7cef0b/alb/AWSLogs/*\"}],\"Version\":\"2012-10-17\"}"
          },
          "sensitive_attributes": [],
          "identity_schema_version": 0,
          "private": "bnVsbA==",
          "dependencies": [
            "module.alb.aws_s3_bucket.alb_logs",
            "module.alb.data.aws_elb_service_account.main",
            "module.alb.random_id.suffix"
          ]
        }
      ]
    },
    {
      "module": "module.alb",
      "mode": "managed",
      "type": "aws_s3_bucket_public_access_block",
      "name": "alb_logs",
      "provider": "provider[\"registry.terraform.io/hashicorp/aws\"]",
      "instances": [
        {
          "schema_version": 0,
          "attributes": {
            "block_public_acls": true,
            "block_public_policy": true,
            "bucket": "petclinic-isi-prod-alb-logs-be7cef0b",
            "id": "petclinic-isi-prod-alb-logs-be7cef0b",
            "ignore_public_acls": true,
            "restrict_public_buckets": true
          },
          "sensitive_attributes": [],
          "identity_schema_version": 0,
          "private": "bnVsbA==",
          "dependencies": [
            "module.alb.aws_s3_bucket.alb_logs",
            "module.alb.random_id.suffix"
          ]
        }
      ]
    },
    {
      "module": "module.alb",
      "mode": "managed",
      "type": "aws_s3_bucket_versioning",
      "name": "alb_logs",
      "provider": "provider[\"registry.terraform.io/hashicorp/aws\"]",
      "instances": [
        {
          "schema_version": 0,
          "attributes": {
            "bucket": "petclinic-isi-prod-alb-logs-be7cef0b",
            "expected_bucket_owner": "",
            "id": "petclinic-isi-prod-alb-logs-be7cef0b",
            "mfa": null,
            "versioning_configuration": [
              {
                "mfa_delete": "",
                "status": "Enabled"
              }
            ]
          },
          "sensitive_attributes": [],
          "identity_schema_version": 0,
          "private": "bnVsbA==",
          "dependencies": [
            "module.alb.aws_s3_bucket.alb_logs",
            "module.alb.random_id.suffix"
          ]
        }
      ]
    },
    {
      "module": "module.alb",
      "mode": "managed",
      "type": "random_id",
      "name": "suffix",
      "provider": "provider[\"registry.terraform.io/hashicorp/random\"]",
      "instances": [
        {
          "schema_version": 0,
          "attributes": {
            "b64_std": "vnzvCw==",
            "b64_url": "vnzvCw",
            "byte_length": 4,
            "dec": "3195858699",
            "hex": "be7cef0b",
            "id": "vnzvCw",
            "keepers": null,
            "prefix": null
          },
          "sensitive_attributes": [],
          "identity_schema_version": 0,
          "create_before_destroy": true
        }
      ]
    },
    {
      "module": "module.budgets",
      "mode": "managed",
      "type": "aws_budgets_budget",
      "name": "monthly",
      "provider": "provider[\"registry.terraform.io/hashicorp/aws\"]",
      "instances": [
        {
          "schema_version": 0,
          "attributes": {
            "account_id": "049618906674",
            "arn": "arn:aws:budgets::049618906674:budget/petclinic-isi-prod-monthly-budget",
            "auto_adjust_data": [],
            "budget_type": "COST",
            "cost_filter": [],
            "cost_types": [
              {
                "include_credit": true,
                "include_discount": true,
                "include_other_subscription": true,
                "include_recurring": true,
                "include_refund": true,
                "include_subscription": true,
                "include_support": true,
                "include_tax": true,
                "include_upfront": true,
                "use_amortized": false,
                "use_blended": false
              }
            ],
            "id": "049618906674:petclinic-isi-prod-monthly-budget",
            "limit_amount": "50.0",
            "limit_unit": "USD",
            "name": "petclinic-isi-prod-monthly-budget",
            "name_prefix": "",
            "notification": [
              {
                "comparison_operator": "GREATER_THAN",
                "notification_type": "ACTUAL",
                "subscriber_email_addresses": [
                  "mpididehi@mail.com"
                ],
                "subscriber_sns_topic_arns": [],
                "threshold": 80,
                "threshold_type": "PERCENTAGE"
              },
              {
                "comparison_operator": "GREATER_THAN",
                "notification_type": "FORECASTED",
                "subscriber_email_addresses": [
                  "mpididehi@mail.com"
                ],
                "subscriber_sns_topic_arns": [],
                "threshold": 100,
                "threshold_type": "PERCENTAGE"
              }
            ],
            "planned_limit": [],
            "tags": null,
            "tags_all": {
              "ManagedBy": "Terraform",
              "Project": "petclinic"
            },
            "time_period_end": "2087-06-15_00:00",
            "time_period_start": "2026-09-01_00:00",
            "time_unit": "MONTHLY"
          },
          "sensitive_attributes": [],
          "identity_schema_version": 0,
          "private": "bnVsbA=="
        }
      ]
    },
    {
      "module": "module.cloudwatch",
      "mode": "managed",
      "type": "aws_cloudwatch_dashboard",
      "name": "main",
      "provider": "provider[\"registry.terraform.io/hashicorp/aws\"]",
      "instances": [
        {
          "schema_version": 0,
          "attributes": {
            "dashboard_arn": "arn:aws:cloudwatch::049618906674:dashboard/petclinic-isi-prod-dashboard",
            "dashboard_body": "{\"widgets\":[{\"properties\":{\"metrics\":[[\"AWS/ECS\",\"CPUUtilization\",\"ClusterName\",\"petclinic-isi-prod-cluster\",\"ServiceName\",\"petclinic-isi-prod-service\"],[\"AWS/ECS\",\"MemoryUtilization\",\"ClusterName\",\"petclinic-isi-prod-cluster\",\"ServiceName\",\"petclinic-isi-prod-service\"]],\"period\":60,\"region\":\"us-east-1\",\"stacked\":false,\"stat\":\"Average\",\"title\":\"ECS CPU \u0026 Memoire\",\"view\":\"timeSeries\",\"yAxis\":{\"left\":{\"max\":100,\"min\":0}}},\"type\":\"metric\"},{\"properties\":{\"metrics\":[[\"AWS/ApplicationELB\",\"RequestCount\",\"LoadBalancer\",\"app/petclinic-isi-prod-alb/f50b95f31b5d8cb3\"],[\"AWS/ApplicationELB\",\"HTTPCode_ELB_5XX_Count\",\"LoadBalancer\",\"app/petclinic-isi-prod-alb/f50b95f31b5d8cb3\"]],\"period\":60,\"region\":\"us-east-1\",\"stacked\":false,\"stat\":\"Sum\",\"title\":\"ALB Requetes \u0026 Erreurs 5xx\",\"view\":\"timeSeries\"},\"type\":\"metric\"},{\"properties\":{\"metrics\":[[\"AWS/RDS\",\"CPUUtilization\",\"DBInstanceIdentifier\",\"petclinic-isi-prod-postgres\"],[\"AWS/RDS\",\"DatabaseConnections\",\"DBInstanceIdentifier\",\"petclinic-isi-prod-postgres\"]],\"period\":60,\"region\":\"us-east-1\",\"stacked\":false,\"stat\":\"Average\",\"title\":\"RDS CPU \u0026 Connexions\",\"view\":\"timeSeries\",\"yAxis\":{\"left\":{\"max\":100,\"min\":0}}},\"type\":\"metric\"}]}",
            "dashboard_name": "petclinic-isi-prod-dashboard",
            "id": "petclinic-isi-prod-dashboard"
          },
          "sensitive_attributes": [],
          "identity_schema_version": 0,
          "private": "bnVsbA==",
          "dependencies": [
            "module.alb.aws_lb.main",
            "module.alb.aws_s3_bucket.alb_logs",
            "module.alb.random_id.suffix",
            "module.security_groups.aws_security_group.alb",
            "module.vpc.aws_subnet.public",
            "module.vpc.aws_vpc.main"
          ]
        }
      ]
    },
    {
      "module": "module.cloudwatch",
      "mode": "managed",
      "type": "aws_cloudwatch_log_group",
      "name": "ecs",
      "provider": "provider[\"registry.terraform.io/hashicorp/aws\"]",
      "instances": [
        {
          "schema_version": 0,
          "attributes": {
            "arn": "arn:aws:logs:us-east-1:049618906674:log-group:/ecs/petclinic-isi-prod",
            "id": "/ecs/petclinic-isi-prod",
            "kms_key_id": "",
            "log_group_class": "STANDARD",
            "name": "/ecs/petclinic-isi-prod",
            "name_prefix": "",
            "retention_in_days": 30,
            "skip_destroy": false,
            "tags": {
              "Name": "petclinic-isi-prod-ecs-logs"
            },
            "tags_all": {
              "ManagedBy": "Terraform",
              "Name": "petclinic-isi-prod-ecs-logs",
              "Project": "petclinic"
            }
          },
          "sensitive_attributes": [],
          "identity_schema_version": 0,
          "private": "bnVsbA=="
        }
      ]
    },
    {
      "module": "module.cloudwatch",
      "mode": "managed",
      "type": "aws_cloudwatch_metric_alarm",
      "name": "alb_5xx",
      "provider": "provider[\"registry.terraform.io/hashicorp/aws\"]",
      "instances": [
        {
          "schema_version": 1,
          "attributes": {
            "actions_enabled": true,
            "alarm_actions": [
              "arn:aws:sns:us-east-1:049618906674:petclinic-isi-prod-alerts"
            ],
            "alarm_description": "Plus de 10 erreurs 5xx en 1 minute",
            "alarm_name": "petclinic-isi-prod-alb-5xx-errors",
            "arn": "arn:aws:cloudwatch:us-east-1:049618906674:alarm:petclinic-isi-prod-alb-5xx-errors",
            "comparison_operator": "GreaterThanThreshold",
            "datapoints_to_alarm": 0,
            "dimensions": {
              "LoadBalancer": "app/petclinic-isi-prod-alb/f50b95f31b5d8cb3"
            },
            "evaluate_low_sample_count_percentiles": "",
            "evaluation_periods": 1,
            "extended_statistic": "",
            "id": "petclinic-isi-prod-alb-5xx-errors",
            "insufficient_data_actions": null,
            "metric_name": "HTTPCode_ELB_5XX_Count",
            "metric_query": [],
            "namespace": "AWS/ApplicationELB",
            "ok_actions": null,
            "period": 60,
            "statistic": "Sum",
            "tags": null,
            "tags_all": {
              "ManagedBy": "Terraform",
              "Project": "petclinic"
            },
            "threshold": 10,
            "threshold_metric_id": "",
            "treat_missing_data": "notBreaching",
            "unit": ""
          },
          "sensitive_attributes": [],
          "identity_schema_version": 0,
          "private": "eyJzY2hlbWFfdmVyc2lvbiI6IjEifQ==",
          "dependencies": [
            "module.alb.aws_lb.main",
            "module.alb.aws_s3_bucket.alb_logs",
            "module.alb.random_id.suffix",
            "module.cloudwatch.aws_sns_topic.alerts",
            "module.security_groups.aws_security_group.alb",
            "module.vpc.aws_subnet.public",
            "module.vpc.aws_vpc.main"
          ]
        }
      ]
    },
    {
      "module": "module.cloudwatch",
      "mode": "managed",
      "type": "aws_cloudwatch_metric_alarm",
      "name": "alb_unhealthy_hosts",
      "provider": "provider[\"registry.terraform.io/hashicorp/aws\"]",
      "instances": [
        {
          "schema_version": 1,
          "attributes": {
            "actions_enabled": true,
            "alarm_actions": [
              "arn:aws:sns:us-east-1:049618906674:petclinic-isi-prod-alerts"
            ],
            "alarm_description": "Au moins une cible ALB est en mauvaise santé",
            "alarm_name": "petclinic-isi-prod-alb-unhealthy-hosts",
            "arn": "arn:aws:cloudwatch:us-east-1:049618906674:alarm:petclinic-isi-prod-alb-unhealthy-hosts",
            "comparison_operator": "GreaterThanThreshold",
            "datapoints_to_alarm": 0,
            "dimensions": {
              "LoadBalancer": "app/petclinic-isi-prod-alb/f50b95f31b5d8cb3",
              "TargetGroup": "targetgroup/petclinic-isi-prod-tg/cceadb52b3d9524e"
            },
            "evaluate_low_sample_count_percentiles": "",
            "evaluation_periods": 1,
            "extended_statistic": "",
            "id": "petclinic-isi-prod-alb-unhealthy-hosts",
            "insufficient_data_actions": null,
            "metric_name": "UnHealthyHostCount",
            "metric_query": [],
            "namespace": "AWS/ApplicationELB",
            "ok_actions": null,
            "period": 60,
            "statistic": "Average",
            "tags": null,
            "tags_all": {
              "ManagedBy": "Terraform",
              "Project": "petclinic"
            },
            "threshold": 0,
            "threshold_metric_id": "",
            "treat_missing_data": "notBreaching",
            "unit": ""
          },
          "sensitive_attributes": [],
          "identity_schema_version": 0,
          "private": "eyJzY2hlbWFfdmVyc2lvbiI6IjEifQ==",
          "dependencies": [
            "module.alb.aws_lb.main",
            "module.alb.aws_lb_target_group.app",
            "module.alb.aws_s3_bucket.alb_logs",
            "module.alb.random_id.suffix",
            "module.cloudwatch.aws_sns_topic.alerts",
            "module.security_groups.aws_security_group.alb",
            "module.vpc.aws_subnet.public",
            "module.vpc.aws_vpc.main"
          ]
        }
      ]
    },
    {
      "module": "module.cloudwatch",
      "mode": "managed",
      "type": "aws_cloudwatch_metric_alarm",
      "name": "ecs_cpu_high",
      "provider": "provider[\"registry.terraform.io/hashicorp/aws\"]",
      "instances": [
        {
          "schema_version": 1,
          "attributes": {
            "actions_enabled": true,
            "alarm_actions": [
              "arn:aws:sns:us-east-1:049618906674:petclinic-isi-prod-alerts"
            ],
            "alarm_description": "CPU ECS \u003e 80% pendant 2 minutes",
            "alarm_name": "petclinic-isi-prod-ecs-cpu-high",
            "arn": "arn:aws:cloudwatch:us-east-1:049618906674:alarm:petclinic-isi-prod-ecs-cpu-high",
            "comparison_operator": "GreaterThanThreshold",
            "datapoints_to_alarm": 0,
            "dimensions": {
              "ClusterName": "petclinic-isi-prod-cluster",
              "ServiceName": "petclinic-isi-prod-service"
            },
            "evaluate_low_sample_count_percentiles": "",
            "evaluation_periods": 2,
            "extended_statistic": "",
            "id": "petclinic-isi-prod-ecs-cpu-high",
            "insufficient_data_actions": null,
            "metric_name": "CPUUtilization",
            "metric_query": [],
            "namespace": "AWS/ECS",
            "ok_actions": [
              "arn:aws:sns:us-east-1:049618906674:petclinic-isi-prod-alerts"
            ],
            "period": 60,
            "statistic": "Average",
            "tags": null,
            "tags_all": {
              "ManagedBy": "Terraform",
              "Project": "petclinic"
            },
            "threshold": 80,
            "threshold_metric_id": "",
            "treat_missing_data": "missing",
            "unit": ""
          },
          "sensitive_attributes": [],
          "identity_schema_version": 0,
          "private": "eyJzY2hlbWFfdmVyc2lvbiI6IjEifQ==",
          "dependencies": [
            "module.cloudwatch.aws_sns_topic.alerts"
          ]
        }
      ]
    },
    {
      "module": "module.cloudwatch",
      "mode": "managed",
      "type": "aws_cloudwatch_metric_alarm",
      "name": "ecs_memory_high",
      "provider": "provider[\"registry.terraform.io/hashicorp/aws\"]",
      "instances": [
        {
          "schema_version": 1,
          "attributes": {
            "actions_enabled": true,
            "alarm_actions": [
              "arn:aws:sns:us-east-1:049618906674:petclinic-isi-prod-alerts"
            ],
            "alarm_description": "Mémoire ECS \u003e 85% pendant 2 minutes",
            "alarm_name": "petclinic-isi-prod-ecs-memory-high",
            "arn": "arn:aws:cloudwatch:us-east-1:049618906674:alarm:petclinic-isi-prod-ecs-memory-high",
            "comparison_operator": "GreaterThanThreshold",
            "datapoints_to_alarm": 0,
            "dimensions": {
              "ClusterName": "petclinic-isi-prod-cluster",
              "ServiceName": "petclinic-isi-prod-service"
            },
            "evaluate_low_sample_count_percentiles": "",
            "evaluation_periods": 2,
            "extended_statistic": "",
            "id": "petclinic-isi-prod-ecs-memory-high",
            "insufficient_data_actions": null,
            "metric_name": "MemoryUtilization",
            "metric_query": [],
            "namespace": "AWS/ECS",
            "ok_actions": null,
            "period": 60,
            "statistic": "Average",
            "tags": null,
            "tags_all": {
              "ManagedBy": "Terraform",
              "Project": "petclinic"
            },
            "threshold": 85,
            "threshold_metric_id": "",
            "treat_missing_data": "missing",
            "unit": ""
          },
          "sensitive_attributes": [],
          "identity_schema_version": 0,
          "private": "eyJzY2hlbWFfdmVyc2lvbiI6IjEifQ==",
          "dependencies": [
            "module.cloudwatch.aws_sns_topic.alerts"
          ]
        }
      ]
    },
    {
      "module": "module.cloudwatch",
      "mode": "managed",
      "type": "aws_cloudwatch_metric_alarm",
      "name": "rds_cpu_high",
      "provider": "provider[\"registry.terraform.io/hashicorp/aws\"]",
      "instances": [
        {
          "schema_version": 1,
          "attributes": {
            "actions_enabled": true,
            "alarm_actions": [
              "arn:aws:sns:us-east-1:049618906674:petclinic-isi-prod-alerts"
            ],
            "alarm_description": "CPU RDS \u003e 80%",
            "alarm_name": "petclinic-isi-prod-rds-cpu-high",
            "arn": "arn:aws:cloudwatch:us-east-1:049618906674:alarm:petclinic-isi-prod-rds-cpu-high",
            "comparison_operator": "GreaterThanThreshold",
            "datapoints_to_alarm": 0,
            "dimensions": {
              "DBInstanceIdentifier": "petclinic-isi-prod-postgres"
            },
            "evaluate_low_sample_count_percentiles": "",
            "evaluation_periods": 2,
            "extended_statistic": "",
            "id": "petclinic-isi-prod-rds-cpu-high",
            "insufficient_data_actions": null,
            "metric_name": "CPUUtilization",
            "metric_query": [],
            "namespace": "AWS/RDS",
            "ok_actions": null,
            "period": 300,
            "statistic": "Average",
            "tags": null,
            "tags_all": {
              "ManagedBy": "Terraform",
              "Project": "petclinic"
            },
            "threshold": 80,
            "threshold_metric_id": "",
            "treat_missing_data": "missing",
            "unit": ""
          },
          "sensitive_attributes": [],
          "identity_schema_version": 0,
          "private": "eyJzY2hlbWFfdmVyc2lvbiI6IjEifQ==",
          "dependencies": [
            "module.cloudwatch.aws_sns_topic.alerts"
          ]
        }
      ]
    },
    {
      "module": "module.cloudwatch",
      "mode": "managed",
      "type": "aws_cloudwatch_metric_alarm",
      "name": "rds_storage_low",
      "provider": "provider[\"registry.terraform.io/hashicorp/aws\"]",
      "instances": [
        {
          "schema_version": 1,
          "attributes": {
            "actions_enabled": true,
            "alarm_actions": [
              "arn:aws:sns:us-east-1:049618906674:petclinic-isi-prod-alerts"
            ],
            "alarm_description": "Espace libre RDS \u003c 2 Go",
            "alarm_name": "petclinic-isi-prod-rds-storage-low",
            "arn": "arn:aws:cloudwatch:us-east-1:049618906674:alarm:petclinic-isi-prod-rds-storage-low",
            "comparison_operator": "LessThanThreshold",
            "datapoints_to_alarm": 0,
            "dimensions": {
              "DBInstanceIdentifier": "petclinic-isi-prod-postgres"
            },
            "evaluate_low_sample_count_percentiles": "",
            "evaluation_periods": 1,
            "extended_statistic": "",
            "id": "petclinic-isi-prod-rds-storage-low",
            "insufficient_data_actions": null,
            "metric_name": "FreeStorageSpace",
            "metric_query": [],
            "namespace": "AWS/RDS",
            "ok_actions": null,
            "period": 300,
            "statistic": "Average",
            "tags": null,
            "tags_all": {
              "ManagedBy": "Terraform",
              "Project": "petclinic"
            },
            "threshold": 2147483648,
            "threshold_metric_id": "",
            "treat_missing_data": "missing",
            "unit": ""
          },
          "sensitive_attributes": [],
          "identity_schema_version": 0,
          "private": "eyJzY2hlbWFfdmVyc2lvbiI6IjEifQ==",
          "dependencies": [
            "module.cloudwatch.aws_sns_topic.alerts"
          ]
        }
      ]
    },
    {
      "module": "module.cloudwatch",
      "mode": "managed",
      "type": "aws_sns_topic",
      "name": "alerts",
      "provider": "provider[\"registry.terraform.io/hashicorp/aws\"]",
      "instances": [
        {
          "schema_version": 0,
          "attributes": {
            "application_failure_feedback_role_arn": "",
            "application_success_feedback_role_arn": "",
            "application_success_feedback_sample_rate": 0,
            "archive_policy": "",
            "arn": "arn:aws:sns:us-east-1:049618906674:petclinic-isi-prod-alerts",
            "beginning_archive_time": "",
            "content_based_deduplication": false,
            "delivery_policy": "",
            "display_name": "",
            "fifo_throughput_scope": "",
            "fifo_topic": false,
            "firehose_failure_feedback_role_arn": "",
            "firehose_success_feedback_role_arn": "",
            "firehose_success_feedback_sample_rate": 0,
            "http_failure_feedback_role_arn": "",
            "http_success_feedback_role_arn": "",
            "http_success_feedback_sample_rate": 0,
            "id": "arn:aws:sns:us-east-1:049618906674:petclinic-isi-prod-alerts",
            "kms_master_key_id": "",
            "lambda_failure_feedback_role_arn": "",
            "lambda_success_feedback_role_arn": "",
            "lambda_success_feedback_sample_rate": 0,
            "name": "petclinic-isi-prod-alerts",
            "name_prefix": "",
            "owner": "049618906674",
            "policy": "{\"Id\":\"__default_policy_ID\",\"Statement\":[{\"Action\":[\"SNS:GetTopicAttributes\",\"SNS:SetTopicAttributes\",\"SNS:AddPermission\",\"SNS:RemovePermission\",\"SNS:DeleteTopic\",\"SNS:Subscribe\",\"SNS:ListSubscriptionsByTopic\",\"SNS:Publish\"],\"Condition\":{\"StringEquals\":{\"AWS:SourceOwner\":\"049618906674\"}},\"Effect\":\"Allow\",\"Principal\":{\"AWS\":\"*\"},\"Resource\":\"arn:aws:sns:us-east-1:049618906674:petclinic-isi-prod-alerts\",\"Sid\":\"__default_statement_ID\"}],\"Version\":\"2008-10-17\"}",
            "signature_version": 0,
            "sqs_failure_feedback_role_arn": "",
            "sqs_success_feedback_role_arn": "",
            "sqs_success_feedback_sample_rate": 0,
            "tags": {
              "Name": "petclinic-isi-prod-alerts"
            },
            "tags_all": {
              "ManagedBy": "Terraform",
              "Name": "petclinic-isi-prod-alerts",
              "Project": "petclinic"
            },
            "tracing_config": ""
          },
          "sensitive_attributes": [],
          "identity_schema_version": 0,
          "private": "bnVsbA=="
        }
      ]
    },
    {
      "module": "module.cloudwatch",
      "mode": "managed",
      "type": "aws_sns_topic_subscription",
      "name": "email",
      "provider": "provider[\"registry.terraform.io/hashicorp/aws\"]",
      "instances": [
        {
          "schema_version": 0,
          "attributes": {
            "arn": "arn:aws:sns:us-east-1:049618906674:petclinic-isi-prod-alerts:adbdf4b8-3724-4ff4-ade2-4b849ac49929",
            "confirmation_timeout_in_minutes": 1,
            "confirmation_was_authenticated": false,
            "delivery_policy": "",
            "endpoint": "mpididehi@mail.com",
            "endpoint_auto_confirms": false,
            "filter_policy": "",
            "filter_policy_scope": "",
            "id": "arn:aws:sns:us-east-1:049618906674:petclinic-isi-prod-alerts:adbdf4b8-3724-4ff4-ade2-4b849ac49929",
            "owner_id": "049618906674",
            "pending_confirmation": true,
            "protocol": "email",
            "raw_message_delivery": false,
            "redrive_policy": "",
            "replay_policy": "",
            "subscription_role_arn": "",
            "topic_arn": "arn:aws:sns:us-east-1:049618906674:petclinic-isi-prod-alerts"
          },
          "sensitive_attributes": [],
          "identity_schema_version": 0,
          "private": "bnVsbA==",
          "dependencies": [
            "module.cloudwatch.aws_sns_topic.alerts"
          ]
        }
      ]
    },
    {
      "module": "module.ecr",
      "mode": "managed",
      "type": "aws_ecr_lifecycle_policy",
      "name": "main",
      "provider": "provider[\"registry.terraform.io/hashicorp/aws\"]",
      "instances": [
        {
          "schema_version": 0,
          "attributes": {
            "id": "petclinic-isi-prod/petclinic-isi",
            "policy": "{\"rules\":[{\"action\":{\"type\":\"expire\"},\"description\":\"Conserver les 10 dernières images\",\"rulePriority\":1,\"selection\":{\"countNumber\":10,\"countType\":\"imageCountMoreThan\",\"tagStatus\":\"any\"}}]}",
            "registry_id": "049618906674",
            "repository": "petclinic-isi-prod/petclinic-isi"
          },
          "sensitive_attributes": [],
          "identity_schema_version": 0,
          "private": "bnVsbA==",
          "dependencies": [
            "module.ecr.aws_ecr_repository.main"
          ]
        }
      ]
    },
    {
      "module": "module.ecr",
      "mode": "managed",
      "type": "aws_ecr_repository",
      "name": "main",
      "provider": "provider[\"registry.terraform.io/hashicorp/aws\"]",
      "instances": [
        {
          "schema_version": 0,
          "attributes": {
            "arn": "arn:aws:ecr:us-east-1:049618906674:repository/petclinic-isi-prod/petclinic-isi",
            "encryption_configuration": [
              {
                "encryption_type": "KMS",
                "kms_key": "arn:aws:kms:us-east-1:049618906674:key/94f7a44a-fe23-403f-b4a6-f195f57a18a9"
              }
            ],
            "force_delete": true,
            "id": "petclinic-isi-prod/petclinic-isi",
            "image_scanning_configuration": [
              {
                "scan_on_push": true
              }
            ],
            "image_tag_mutability": "MUTABLE",
            "name": "petclinic-isi-prod/petclinic-isi",
            "registry_id": "049618906674",
            "repository_url": "049618906674.dkr.ecr.us-east-1.amazonaws.com/petclinic-isi-prod/petclinic-isi",
            "tags": {
              "Name": "petclinic-isi-prod-ecr"
            },
            "tags_all": {
              "ManagedBy": "Terraform",
              "Name": "petclinic-isi-prod-ecr",
              "Project": "petclinic"
            },
            "timeouts": null
          },
          "sensitive_attributes": [],
          "identity_schema_version": 0,
          "private": "eyJlMmJmYjczMC1lY2FhLTExZTYtOGY4OC0zNDM2M2JjN2M0YzAiOnsiZGVsZXRlIjoxMjAwMDAwMDAwMDAwfX0="
        }
      ]
    },
    {
      "module": "module.ecs",
      "mode": "managed",
      "type": "aws_appautoscaling_policy",
      "name": "cpu",
      "provider": "provider[\"registry.terraform.io/hashicorp/aws\"]",
      "instances": [
        {
          "schema_version": 0,
          "attributes": {
            "alarm_arns": [
              "arn:aws:cloudwatch:us-east-1:049618906674:alarm:TargetTracking-service/petclinic-isi-prod-cluster/petclinic-isi-prod-service-AlarmHigh-00eea007-bd6c-458f-a8ba-ebb05e186fdb",
              "arn:aws:cloudwatch:us-east-1:049618906674:alarm:TargetTracking-service/petclinic-isi-prod-cluster/petclinic-isi-prod-service-AlarmLow-85f380b3-46d3-4a5d-89c2-caae9437a843"
            ],
            "arn": "arn:aws:autoscaling:us-east-1:049618906674:scalingPolicy:57ca5e4c-aa0e-4eaa-96d0-1985d9f61383:resource/ecs/service/petclinic-isi-prod-cluster/petclinic-isi-prod-service:policyName/petclinic-isi-prod-cpu-scaling",
            "id": "petclinic-isi-prod-cpu-scaling",
            "name": "petclinic-isi-prod-cpu-scaling",
            "policy_type": "TargetTrackingScaling",
            "resource_id": "service/petclinic-isi-prod-cluster/petclinic-isi-prod-service",
            "scalable_dimension": "ecs:service:DesiredCount",
            "service_namespace": "ecs",
            "step_scaling_policy_configuration": [],
            "target_tracking_scaling_policy_configuration": [
              {
                "customized_metric_specification": [],
                "disable_scale_in": false,
                "predefined_metric_specification": [
                  {
                    "predefined_metric_type": "ECSServiceAverageCPUUtilization",
                    "resource_label": ""
                  }
                ],
                "scale_in_cooldown": 300,
                "scale_out_cooldown": 60,
                "target_value": 70
              }
            ]
          },
          "sensitive_attributes": [],
          "identity_schema_version": 0,
          "private": "bnVsbA==",
          "dependencies": [
            "module.alb.aws_lb_target_group.app",
            "module.cloudwatch.aws_cloudwatch_log_group.ecs",
            "module.ecr.aws_ecr_repository.main",
            "module.ecs.aws_appautoscaling_target.ecs",
            "module.ecs.aws_ecs_cluster.main",
            "module.ecs.aws_ecs_service.app",
            "module.ecs.aws_ecs_task_definition.app",
            "module.iam.aws_iam_role.ecs_execution",
            "module.iam.aws_iam_role.ecs_task",
            "module.rds.aws_db_instance.main",
            "module.rds.aws_db_parameter_group.main",
            "module.rds.aws_db_subnet_group.main",
            "module.rds.aws_iam_role.rds_enhanced_monitoring",
            "module.rds.aws_kms_key.rds",
            "module.secrets.aws_secretsmanager_secret.db",
            "module.secrets.random_password.db",
            "module.security_groups.aws_security_group.app",
            "module.security_groups.aws_security_group.rds",
            "module.vpc.aws_subnet.db",
            "module.vpc.aws_subnet.private",
            "module.vpc.aws_vpc.main"
          ]
        }
      ]
    },
    {
      "module": "module.ecs",
      "mode": "managed",
      "type": "aws_appautoscaling_policy",
      "name": "memory",
      "provider": "provider[\"registry.terraform.io/hashicorp/aws\"]",
      "instances": [
        {
          "schema_version": 0,
          "attributes": {
            "alarm_arns": [
              "arn:aws:cloudwatch:us-east-1:049618906674:alarm:TargetTracking-service/petclinic-isi-prod-cluster/petclinic-isi-prod-service-AlarmHigh-eb88ad6f-8079-4989-9537-6c55bc884bf1",
              "arn:aws:cloudwatch:us-east-1:049618906674:alarm:TargetTracking-service/petclinic-isi-prod-cluster/petclinic-isi-prod-service-AlarmLow-b6a6d629-745e-43ba-8c90-ad25a7d6e407"
            ],
            "arn": "arn:aws:autoscaling:us-east-1:049618906674:scalingPolicy:57ca5e4c-aa0e-4eaa-96d0-1985d9f61383:resource/ecs/service/petclinic-isi-prod-cluster/petclinic-isi-prod-service:policyName/petclinic-isi-prod-memory-scaling",
            "id": "petclinic-isi-prod-memory-scaling",
            "name": "petclinic-isi-prod-memory-scaling",
            "policy_type": "TargetTrackingScaling",
            "resource_id": "service/petclinic-isi-prod-cluster/petclinic-isi-prod-service",
            "scalable_dimension": "ecs:service:DesiredCount",
            "service_namespace": "ecs",
            "step_scaling_policy_configuration": [],
            "target_tracking_scaling_policy_configuration": [
              {
                "customized_metric_specification": [],
                "disable_scale_in": false,
                "predefined_metric_specification": [
                  {
                    "predefined_metric_type": "ECSServiceAverageMemoryUtilization",
                    "resource_label": ""
                  }
                ],
                "scale_in_cooldown": 300,
                "scale_out_cooldown": 60,
                "target_value": 80
              }
            ]
          },
          "sensitive_attributes": [],
          "identity_schema_version": 0,
          "private": "bnVsbA==",
          "dependencies": [
            "module.alb.aws_lb_target_group.app",
            "module.cloudwatch.aws_cloudwatch_log_group.ecs",
            "module.ecr.aws_ecr_repository.main",
            "module.ecs.aws_appautoscaling_target.ecs",
            "module.ecs.aws_ecs_cluster.main",
            "module.ecs.aws_ecs_service.app",
            "module.ecs.aws_ecs_task_definition.app",
            "module.iam.aws_iam_role.ecs_execution",
            "module.iam.aws_iam_role.ecs_task",
            "module.rds.aws_db_instance.main",
            "module.rds.aws_db_parameter_group.main",
            "module.rds.aws_db_subnet_group.main",
            "module.rds.aws_iam_role.rds_enhanced_monitoring",
            "module.rds.aws_kms_key.rds",
            "module.secrets.aws_secretsmanager_secret.db",
            "module.secrets.random_password.db",
            "module.security_groups.aws_security_group.app",
            "module.security_groups.aws_security_group.rds",
            "module.vpc.aws_subnet.db",
            "module.vpc.aws_subnet.private",
            "module.vpc.aws_vpc.main"
          ]
        }
      ]
    },
    {
      "module": "module.ecs",
      "mode": "managed",
      "type": "aws_appautoscaling_target",
      "name": "ecs",
      "provider": "provider[\"registry.terraform.io/hashicorp/aws\"]",
      "instances": [
        {
          "schema_version": 0,
          "attributes": {
            "arn": "arn:aws:application-autoscaling:us-east-1:049618906674:scalable-target/0ec557ca5e4caa0e4eaa96d01985d9f61383",
            "id": "service/petclinic-isi-prod-cluster/petclinic-isi-prod-service",
            "max_capacity": 6,
            "min_capacity": 2,
            "resource_id": "service/petclinic-isi-prod-cluster/petclinic-isi-prod-service",
            "role_arn": "arn:aws:iam::049618906674:role/aws-service-role/ecs.application-autoscaling.amazonaws.com/AWSServiceRoleForApplicationAutoScaling_ECSService",
            "scalable_dimension": "ecs:service:DesiredCount",
            "service_namespace": "ecs",
            "suspended_state": [
              {
                "dynamic_scaling_in_suspended": false,
                "dynamic_scaling_out_suspended": false,
                "scheduled_scaling_suspended": false
              }
            ],
            "tags": null,
            "tags_all": {
              "ManagedBy": "Terraform",
              "Project": "petclinic"
            }
          },
          "sensitive_attributes": [],
          "identity_schema_version": 0,
          "private": "bnVsbA==",
          "dependencies": [
            "module.alb.aws_lb_target_group.app",
            "module.cloudwatch.aws_cloudwatch_log_group.ecs",
            "module.ecr.aws_ecr_repository.main",
            "module.ecs.aws_ecs_cluster.main",
            "module.ecs.aws_ecs_service.app",
            "module.ecs.aws_ecs_task_definition.app",
            "module.iam.aws_iam_role.ecs_execution",
            "module.iam.aws_iam_role.ecs_task",
            "module.rds.aws_db_instance.main",
            "module.rds.aws_db_parameter_group.main",
            "module.rds.aws_db_subnet_group.main",
            "module.rds.aws_iam_role.rds_enhanced_monitoring",
            "module.rds.aws_kms_key.rds",
            "module.secrets.aws_secretsmanager_secret.db",
            "module.secrets.random_password.db",
            "module.security_groups.aws_security_group.app",
            "module.security_groups.aws_security_group.rds",
            "module.vpc.aws_subnet.db",
            "module.vpc.aws_subnet.private",
            "module.vpc.aws_vpc.main"
          ]
        }
      ]
    },
    {
      "module": "module.ecs",
      "mode": "managed",
      "type": "aws_ecs_cluster",
      "name": "main",
      "provider": "provider[\"registry.terraform.io/hashicorp/aws\"]",
      "instances": [
        {
          "schema_version": 0,
          "attributes": {
            "arn": "arn:aws:ecs:us-east-1:049618906674:cluster/petclinic-isi-prod-cluster",
            "configuration": [],
            "id": "arn:aws:ecs:us-east-1:049618906674:cluster/petclinic-isi-prod-cluster",
            "name": "petclinic-isi-prod-cluster",
            "service_connect_defaults": [],
            "setting": [
              {
                "name": "containerInsights",
                "value": "enabled"
              }
            ],
            "tags": {
              "Name": "petclinic-isi-prod-cluster"
            },
            "tags_all": {
              "ManagedBy": "Terraform",
              "Name": "petclinic-isi-prod-cluster",
              "Project": "petclinic"
            }
          },
          "sensitive_attributes": [],
          "identity_schema_version": 0,
          "private": "bnVsbA=="
        }
      ]
    },
    {
      "module": "module.ecs",
      "mode": "managed",
      "type": "aws_ecs_cluster_capacity_providers",
      "name": "main",
      "provider": "provider[\"registry.terraform.io/hashicorp/aws\"]",
      "instances": [
        {
          "schema_version": 0,
          "attributes": {
            "capacity_providers": [
              "FARGATE",
              "FARGATE_SPOT"
            ],
            "cluster_name": "petclinic-isi-prod-cluster",
            "default_capacity_provider_strategy": [
              {
                "base": 1,
                "capacity_provider": "FARGATE",
                "weight": 1
              }
            ],
            "id": "petclinic-isi-prod-cluster"
          },
          "sensitive_attributes": [],
          "identity_schema_version": 0,
          "private": "bnVsbA==",
          "dependencies": [
            "module.ecs.aws_ecs_cluster.main"
          ]
        }
      ]
    },
    {
      "module": "module.ecs",
      "mode": "managed",
      "type": "aws_ecs_service",
      "name": "app",
      "provider": "provider[\"registry.terraform.io/hashicorp/aws\"]",
      "instances": [
        {
          "schema_version": 1,
          "attributes": {
            "alarms": [],
            "availability_zone_rebalancing": "DISABLED",
            "capacity_provider_strategy": [
              {
                "base": 1,
                "capacity_provider": "FARGATE",
                "weight": 1
              }
            ],
            "cluster": "arn:aws:ecs:us-east-1:049618906674:cluster/petclinic-isi-prod-cluster",
            "deployment_circuit_breaker": [
              {
                "enable": true,
                "rollback": true
              }
            ],
            "deployment_controller": [
              {
                "type": "ECS"
              }
            ],
            "deployment_maximum_percent": 200,
            "deployment_minimum_healthy_percent": 100,
            "desired_count": 3,
            "enable_ecs_managed_tags": false,
            "enable_execute_command": true,
            "force_delete": null,
            "force_new_deployment": null,
            "health_check_grace_period_seconds": 120,
            "iam_role": "/aws-service-role/ecs.amazonaws.com/AWSServiceRoleForECS",
            "id": "arn:aws:ecs:us-east-1:049618906674:service/petclinic-isi-prod-cluster/petclinic-isi-prod-service",
            "launch_type": "",
            "load_balancer": [
              {
                "container_name": "petclinic",
                "container_port": 8080,
                "elb_name": "",
                "target_group_arn": "arn:aws:elasticloadbalancing:us-east-1:049618906674:targetgroup/petclinic-isi-prod-tg/cceadb52b3d9524e"
              }
            ],
            "name": "petclinic-isi-prod-service",
            "network_configuration": [
              {
                "assign_public_ip": false,
                "security_groups": [
                  "sg-011448897358a9c7e"
                ],
                "subnets": [
                  "subnet-0497d2ac543fe9708",
                  "subnet-074c8cfb5be71d604",
                  "subnet-0f2567377a5269cbe"
                ]
              }
            ],
            "ordered_placement_strategy": [],
            "placement_constraints": [],
            "platform_version": "LATEST",
            "propagate_tags": "NONE",
            "scheduling_strategy": "REPLICA",
            "service_connect_configuration": [],
            "service_registries": [],
            "tags": {
              "Name": "petclinic-isi-prod-service"
            },
            "tags_all": {
              "ManagedBy": "Terraform",
              "Name": "petclinic-isi-prod-service",
              "Project": "petclinic"
            },
            "task_definition": "arn:aws:ecs:us-east-1:049618906674:task-definition/petclinic-isi-prod-task:36",
            "timeouts": null,
            "triggers": {},
            "volume_configuration": [],
            "vpc_lattice_configurations": [],
            "wait_for_steady_state": false
          },
          "sensitive_attributes": [],
          "identity_schema_version": 0,
          "private": "eyJlMmJmYjczMC1lY2FhLTExZTYtOGY4OC0zNDM2M2JjN2M0YzAiOnsiY3JlYXRlIjoxMjAwMDAwMDAwMDAwLCJkZWxldGUiOjEyMDAwMDAwMDAwMDAsInVwZGF0ZSI6MTIwMDAwMDAwMDAwMH0sInNjaGVtYV92ZXJzaW9uIjoiMSJ9",
          "dependencies": [
            "module.alb.aws_lb_target_group.app",
            "module.cloudwatch.aws_cloudwatch_log_group.ecs",
            "module.ecr.aws_ecr_repository.main",
            "module.ecs.aws_ecs_cluster.main",
            "module.ecs.aws_ecs_task_definition.app",
            "module.iam.aws_iam_role.ecs_execution",
            "module.iam.aws_iam_role.ecs_task",
            "module.rds.aws_db_instance.main",
            "module.rds.aws_db_parameter_group.main",
            "module.rds.aws_db_subnet_group.main",
            "module.rds.aws_iam_role.rds_enhanced_monitoring",
            "module.rds.aws_kms_key.rds",
            "module.secrets.aws_secretsmanager_secret.db",
            "module.secrets.random_password.db",
            "module.security_groups.aws_security_group.app",
            "module.security_groups.aws_security_group.rds",
            "module.vpc.aws_subnet.db",
            "module.vpc.aws_subnet.private",
            "module.vpc.aws_vpc.main"
          ]
        }
      ]
    },
    {
      "module": "module.ecs",
      "mode": "managed",
      "type": "aws_ecs_task_definition",
      "name": "app",
      "provider": "provider[\"registry.terraform.io/hashicorp/aws\"]",
      "instances": [
        {
          "schema_version": 1,
          "attributes": {
            "arn": "arn:aws:ecs:us-east-1:049618906674:task-definition/petclinic-isi-prod-task:36",
            "arn_without_revision": "arn:aws:ecs:us-east-1:049618906674:task-definition/petclinic-isi-prod-task",
            "container_definitions": "[{\"environment\":[{\"name\":\"SERVER_PORT\",\"value\":\"8080\"},{\"name\":\"SPRING_DATASOURCE_URL\",\"value\":\"jdbc:postgresql://petclinic-isi-prod-postgres.cipqeoo2wdpt.us-east-1.rds.amazonaws.com:5432/petclinic\"},{\"name\":\"SPRING_PROFILES_ACTIVE\",\"value\":\"postgres\"}],\"essential\":true,\"healthCheck\":{\"command\":[\"CMD-SHELL\",\"curl -f http://localhost:8080/actuator/health || exit 1\"],\"interval\":30,\"retries\":3,\"startPeriod\":60,\"timeout\":10},\"image\":\"049618906674.dkr.ecr.us-east-1.amazonaws.com/petclinic-isi-prod/petclinic-isi:latest\",\"linuxParameters\":{\"initProcessEnabled\":true},\"logConfiguration\":{\"logDriver\":\"awslogs\",\"options\":{\"awslogs-group\":\"/ecs/petclinic-isi-prod\",\"awslogs-region\":\"us-east-1\",\"awslogs-stream-prefix\":\"ecs\"}},\"mountPoints\":[],\"name\":\"petclinic\",\"portMappings\":[{\"containerPort\":8080,\"hostPort\":8080,\"protocol\":\"tcp\"}],\"secrets\":[{\"name\":\"SPRING_DATASOURCE_PASSWORD\",\"valueFrom\":\"arn:aws:secretsmanager:us-east-1:049618906674:secret:petclinic-isi-prod/rds/credentials-VAugtQ:password::\"},{\"name\":\"SPRING_DATASOURCE_USERNAME\",\"valueFrom\":\"arn:aws:secretsmanager:us-east-1:049618906674:secret:petclinic-isi-prod/rds/credentials-VAugtQ:username::\"}],\"systemControls\":[],\"volumesFrom\":[]}]",
            "cpu": "512",
            "enable_fault_injection": false,
            "ephemeral_storage": [],
            "execution_role_arn": "arn:aws:iam::049618906674:role/petclinic-isi-prod-ecs-execution-role",
            "family": "petclinic-isi-prod-task",
            "id": "petclinic-isi-prod-task",
            "inference_accelerator": [],
            "ipc_mode": "",
            "memory": "1024",
            "network_mode": "awsvpc",
            "pid_mode": "",
            "placement_constraints": [],
            "proxy_configuration": [],
            "requires_compatibilities": [
              "FARGATE"
            ],
            "revision": 36,
            "runtime_platform": [],
            "skip_destroy": false,
            "tags": {
              "Name": "petclinic-isi-prod-task"
            },
            "tags_all": {
              "ManagedBy": "Terraform",
              "Name": "petclinic-isi-prod-task",
              "Project": "petclinic"
            },
            "task_role_arn": "arn:aws:iam::049618906674:role/petclinic-isi-prod-ecs-task-role",
            "track_latest": false,
            "volume": []
          },
          "sensitive_attributes": [
            [
              {
                "type": "get_attr",
                "value": "container_definitions"
              }
            ]
          ],
          "identity_schema_version": 0,
          "private": "eyJzY2hlbWFfdmVyc2lvbiI6IjEifQ==",
          "dependencies": [
            "module.cloudwatch.aws_cloudwatch_log_group.ecs",
            "module.ecr.aws_ecr_repository.main",
            "module.iam.aws_iam_role.ecs_execution",
            "module.iam.aws_iam_role.ecs_task",
            "module.rds.aws_db_instance.main",
            "module.rds.aws_db_parameter_group.main",
            "module.rds.aws_db_subnet_group.main",
            "module.rds.aws_iam_role.rds_enhanced_monitoring",
            "module.rds.aws_kms_key.rds",
            "module.secrets.aws_secretsmanager_secret.db",
            "module.secrets.random_password.db",
            "module.security_groups.aws_security_group.rds",
            "module.vpc.aws_subnet.db",
            "module.vpc.aws_vpc.main"
          ]
        }
      ]
    },
    {
      "module": "module.iam",
      "mode": "data",
      "type": "aws_caller_identity",
      "name": "current",
      "provider": "provider[\"registry.terraform.io/hashicorp/aws\"]",
      "instances": [
        {
          "schema_version": 0,
          "attributes": {
            "account_id": "049618906674",
            "arn": "arn:aws:iam::049618906674:user/jenkins-local-user",
            "id": "049618906674",
            "user_id": "AIDAQXDMENYZCK5LCPRJ2"
          },
          "sensitive_attributes": [],
          "identity_schema_version": 0
        }
      ]
    },
    {
      "module": "module.iam",
      "mode": "managed",
      "type": "aws_iam_role",
      "name": "ecs_execution",
      "provider": "provider[\"registry.terraform.io/hashicorp/aws\"]",
      "instances": [
        {
          "schema_version": 0,
          "attributes": {
            "arn": "arn:aws:iam::049618906674:role/petclinic-isi-prod-ecs-execution-role",
            "assume_role_policy": "{\"Statement\":[{\"Action\":\"sts:AssumeRole\",\"Effect\":\"Allow\",\"Principal\":{\"Service\":\"ecs-tasks.amazonaws.com\"}}],\"Version\":\"2012-10-17\"}",
            "create_date": "2026-09-08T13:09:37Z",
            "description": "",
            "force_detach_policies": false,
            "id": "petclinic-isi-prod-ecs-execution-role",
            "inline_policy": [],
            "managed_policy_arns": [],
            "max_session_duration": 3600,
            "name": "petclinic-isi-prod-ecs-execution-role",
            "name_prefix": "",
            "path": "/",
            "permissions_boundary": "",
            "tags": {
              "Name": "petclinic-isi-prod-ecs-execution-role"
            },
            "tags_all": {
              "ManagedBy": "Terraform",
              "Name": "petclinic-isi-prod-ecs-execution-role",
              "Project": "petclinic"
            },
            "unique_id": "AROAQXDMENYZC7JBLMLH6"
          },
          "sensitive_attributes": [],
          "identity_schema_version": 0,
          "private": "bnVsbA=="
        }
      ]
    },
    {
      "module": "module.iam",
      "mode": "managed",
      "type": "aws_iam_role",
      "name": "ecs_task",
      "provider": "provider[\"registry.terraform.io/hashicorp/aws\"]",
      "instances": [
        {
          "schema_version": 0,
          "attributes": {
            "arn": "arn:aws:iam::049618906674:role/petclinic-isi-prod-ecs-task-role",
            "assume_role_policy": "{\"Statement\":[{\"Action\":\"sts:AssumeRole\",\"Effect\":\"Allow\",\"Principal\":{\"Service\":\"ecs-tasks.amazonaws.com\"}}],\"Version\":\"2012-10-17\"}",
            "create_date": "2026-09-08T13:09:38Z",
            "description": "",
            "force_detach_policies": false,
            "id": "petclinic-isi-prod-ecs-task-role",
            "inline_policy": [],
            "managed_policy_arns": [],
            "max_session_duration": 3600,
            "name": "petclinic-isi-prod-ecs-task-role",
            "name_prefix": "",
            "path": "/",
            "permissions_boundary": "",
            "tags": {
              "Name": "petclinic-isi-prod-ecs-task-role"
            },
            "tags_all": {
              "ManagedBy": "Terraform",
              "Name": "petclinic-isi-prod-ecs-task-role",
              "Project": "petclinic"
            },
            "unique_id": "AROAQXDMENYZAPPREBQQG"
          },
          "sensitive_attributes": [],
          "identity_schema_version": 0,
          "private": "bnVsbA=="
        }
      ]
    },
    {
      "module": "module.iam",
      "mode": "managed",
      "type": "aws_iam_role_policy",
      "name": "ecs_execution_custom",
      "provider": "provider[\"registry.terraform.io/hashicorp/aws\"]",
      "instances": [
        {
          "schema_version": 0,
          "attributes": {
            "id": "petclinic-isi-prod-ecs-execution-role:petclinic-isi-prod-ecs-execution-custom",
            "name": "petclinic-isi-prod-ecs-execution-custom",
            "name_prefix": "",
            "policy": "{\"Version\":\"2012-10-17\",\"Statement\":[{\"Action\":[\"secretsmanager:GetSecretValue\",\"secretsmanager:DescribeSecret\"],\"Effect\":\"Allow\",\"Resource\":[\"arn:aws:secretsmanager:us-east-1:049618906674:secret:petclinic-isi-prod/rds/credentials-VAugtQ\"],\"Sid\":\"ReadDBSecret\"},{\"Action\":[\"ecr:GetDownloadUrlForLayer\",\"ecr:BatchGetImage\",\"ecr:BatchCheckLayerAvailability\",\"ecr:GetAuthorizationToken\"],\"Effect\":\"Allow\",\"Resource\":[\"arn:aws:ecr:us-east-1:049618906674:repository/petclinic-isi-prod/petclinic-isi\",\"*\"],\"Sid\":\"PullFromECR\"},{\"Action\":[\"logs:CreateLogStream\",\"logs:PutLogEvents\"],\"Effect\":\"Allow\",\"Resource\":[\"arn:aws:logs:us-east-1:049618906674:log-group:/ecs/petclinic-isi-prod:*\"],\"Sid\":\"WriteLogs\"}]}",
            "role": "petclinic-isi-prod-ecs-execution-role"
          },
          "sensitive_attributes": [],
          "identity_schema_version": 0,
          "private": "bnVsbA==",
          "dependencies": [
            "module.cloudwatch.aws_cloudwatch_log_group.ecs",
            "module.ecr.aws_ecr_repository.main",
            "module.iam.aws_iam_role.ecs_execution",
            "module.secrets.aws_secretsmanager_secret.db"
          ]
        }
      ]
    },
    {
      "module": "module.iam",
      "mode": "managed",
      "type": "aws_iam_role_policy",
      "name": "ecs_task_custom",
      "provider": "provider[\"registry.terraform.io/hashicorp/aws\"]",
      "instances": [
        {
          "schema_version": 0,
          "attributes": {
            "id": "petclinic-isi-prod-ecs-task-role:petclinic-isi-prod-ecs-task-custom",
            "name": "petclinic-isi-prod-ecs-task-custom",
            "name_prefix": "",
            "policy": "{\"Version\":\"2012-10-17\",\"Statement\":[{\"Action\":[\"secretsmanager:GetSecretValue\"],\"Effect\":\"Allow\",\"Resource\":[\"arn:aws:secretsmanager:us-east-1:049618906674:secret:petclinic-isi-prod/rds/credentials-VAugtQ\"],\"Sid\":\"ReadDBSecret\"},{\"Action\":[\"ssmmessages:CreateControlChannel\",\"ssmmessages:CreateDataChannel\",\"ssmmessages:OpenControlChannel\",\"ssmmessages:OpenDataChannel\"],\"Effect\":\"Allow\",\"Resource\":\"*\",\"Sid\":\"AllowSSMMessages\"}]}",
            "role": "petclinic-isi-prod-ecs-task-role"
          },
          "sensitive_attributes": [],
          "identity_schema_version": 0,
          "private": "bnVsbA==",
          "dependencies": [
            "module.iam.aws_iam_role.ecs_task",
            "module.secrets.aws_secretsmanager_secret.db"
          ]
        }
      ]
    },
    {
      "module": "module.iam",
      "mode": "managed",
      "type": "aws_iam_role_policy_attachment",
      "name": "ecs_execution_base",
      "provider": "provider[\"registry.terraform.io/hashicorp/aws\"]",
      "instances": [
        {
          "schema_version": 0,
          "attributes": {
            "id": "petclinic-isi-prod-ecs-execution-role-20260908130940544400000003",
            "policy_arn": "arn:aws:iam::aws:policy/service-role/AmazonECSTaskExecutionRolePolicy",
            "role": "petclinic-isi-prod-ecs-execution-role"
          },
          "sensitive_attributes": [],
          "identity_schema_version": 0,
          "private": "bnVsbA==",
          "dependencies": [
            "module.iam.aws_iam_role.ecs_execution"
          ]
        }
      ]
    },
    {
      "module": "module.iam",
      "mode": "managed",
      "type": "aws_iam_server_certificate",
      "name": "petclinic_automated_cert",
      "provider": "provider[\"registry.terraform.io/hashicorp/aws\"]",
      "instances": [
        {
          "schema_version": 0,
          "attributes": {
            "arn": "arn:aws:iam::049618906674:server-certificate/petclinic-isi-prod-automated-cert",
            "certificate_body": "-----BEGIN CERTIFICATE-----\nMIIDIjCCAgqgAwIBAgIRAO5OhnUJ7UdfiLq16qdpDngwDQYJKoZIhvcNAQELBQAw\nMTESMBAGA1UEChMJSVNJIERha2FyMRswGQYDVQQDExJwZXRjbGluaWMtaXNpLXBy\nb2QwHhcNMjYwOTA4MTMwOTM0WhcNMjcwOTA4MTMwOTM0WjAxMRIwEAYDVQQKEwlJ\nU0kgRGFrYXIxGzAZBgNVBAMTEnBldGNsaW5pYy1pc2ktcHJvZDCCASIwDQYJKoZI\nhvcNAQEBBQADggEPADCCAQoCggEBAMBlaVd7Ws7wfFnZoJyvzRmc6X0lY+dOh6MA\n3OrhwJKdXEv4RcdFDEScf4fhmfl/pdkP8Loe16fbKPgc58Pk0FNJhO/Q+PLGz/LA\nFDapWs1Aoh9RbnwI4iNXsbdd2k00+Y+0I5dqk+T4KKlUXa02NDdJfLrz2XUncs8h\nEPB6RepNp+fYG6UI5ZmeP+Ak74eLg6huDoAXeDcNoARsEFhTPthz+uufFq57kdAr\nm0D7JNniEKrtXHX6CNddLRx95xQzGcRofE0ITfDO+pyLyvSrcN4PXSTcmd65sBjQ\nENCdGd50LiHLHOpJSRXjcRv+LM5lrla/3Ms71HuW6EkUrPqx36ECAwEAAaM1MDMw\nDgYDVR0PAQH/BAQDAgWgMBMGA1UdJQQMMAoGCCsGAQUFBwMBMAwGA1UdEwEB/wQC\nMAAwDQYJKoZIhvcNAQELBQADggEBAFgSViItq56rKVi09+tMLrUkZB3fdcoeoR9k\nK1Co+W4xyFP1dPmreAWpE5yELYm2NEcup4pdW/tWKzF4eFd8LfisthQ6i0xpMgRd\nvA97U1JhpzaQAqrk6Gv/3z5bL5bCsQNGbUdOY3xL6HyK6TLbgJKCBjSSqXolBlew\ne1pzCcZqmE/AP7sXf+oiq26JMh3Mqlu/ESXYCDjp9jhAbi0sYriYmT29eIxpYSZY\ny6V8jOZg+fJDW8sZdkMsILxOm7UuxYRzeslBVELbC0vPoIpUb+5iv36L51t1bM3i\nGH/7Z8kz7Fu+qy8KIB2O1P5Gee4k4Jp0kOHq5e7NQtU16S2Cy2c=\n-----END CERTIFICATE-----",
            "certificate_chain": "",
            "expiration": "2027-09-08T13:09:34Z",
            "id": "ASCAQXDMENYZGYT6MAOWL",
            "name": "petclinic-isi-prod-automated-cert",
            "name_prefix": "",
            "path": "/",
            "private_key": "-----BEGIN RSA PRIVATE KEY-----\nMIIEogIBAAKCAQEAwGVpV3tazvB8WdmgnK/NGZzpfSVj506HowDc6uHAkp1cS/hF\nx0UMRJx/h+GZ+X+l2Q/wuh7Xp9so+Bznw+TQU0mE79D48sbP8sAUNqlazUCiH1Fu\nfAjiI1ext13aTTT5j7Qjl2qT5PgoqVRdrTY0N0l8uvPZdSdyzyEQ8HpF6k2n59gb\npQjlmZ4/4CTvh4uDqG4OgBd4Nw2gBGwQWFM+2HP6658WrnuR0CubQPsk2eIQqu1c\ndfoI110tHH3nFDMZxGh8TQhN8M76nIvK9Ktw3g9dJNyZ3rmwGNAQ0J0Z3nQuIcsc\n6klJFeNxG/4szmWuVr/cyzvUe5boSRSs+rHfoQIDAQABAoIBAACus2c+006shMe6\n+Veo73mDExhxVXesnCz4YTA47VplHL6nvSlKE0iwhJVzrUdDZsVnSdzXzxRujHMH\nLjga3mAh61WVmGEgZ6crpilfTn3vzWC+pL14+MK0P6JVVBjbQonaE0No7+ibYTs1\nhtteYnnHj33TGi8Q/QvN88M4mc7NPA04RndYcWXe119PKEeb5xSbQ8vq8WsmXECM\nOON7MYRTILNeUF+szMTVBTVXjTAhAXjOpSZMBlzI65JMWn7sdNRNa53FzEj6Sw+Z\nNHnGV1OauaGahF456kFlzlBe3phhih9ycYfYAw0WYKo9EDU4J5Ejjcwbwhf8Gcyy\nv2kB75kCgYEAz2bXPJ36XGgMybZECcezkIWtTJaODnZY+3ofwxfJIEcaux9WGVsP\nzv0HVehdjgF5OwI5LTq3QvIrdB+NM4EikUjW8BvrzSIQ9d35QkpOLTgeYd29S1SQ\nuXIjt+hxQxNphZ6a9x6NwzlirVf/+o8z2m5EnejZwajZOaOQhoGRQ5kCgYEA7Xpy\n4KNmXqIMK264piIF5xp67vSD24pYJumtmuWvnFKCMqIB91OwSQjglv3u6aexupAG\nmRv1L+s3HKRe03tBoNay/xuvXiKVC5vpIaxDjEzpJpmCLV8JRrMWNBhhGteOzoVo\ny8WJcF5wnCzpvnxIgGSbza/8EzK0YBS9EVBSAUkCgYBBwU84LrXzmiGDyj+kAiaS\nCW+6OnlraGYpxLxRNDdV/nUhInw/qblHXL14pSUUIq923+uUxWrY1MKmHGK+E5EM\nEtXiZlfKP6S07t1aAQjsGUC4sn6TZYpE4UUlx5IxO/RWosRq2MsFPCpm3uGPZNuB\nwzgKAIsZdRj5xzvJCUcu8QKBgFTwtEA3EbmNeo7aZn89siDMLuZjXPpcjFU2xdqe\nhuaB+IHFwrBFJcupujMnlpnKWl6hf0qqXlOKbUb4X9aCwqGVyaZHr70a33asiIF7\nzRlUtRwSUiaKVJYOHkX55lmkejbSLv6bpCImFV83DVANwhzyX2v9o0r2mt+26z1T\nHlHJAoGAAf0it6vYu9mgMVmg8+bu2kl+fdpndikWcBfgBanF6ysE2ETCLmMQaytX\nWVtzQbAOralCMIuO/S1APbs6b4mtNmsmrL2HKbKX+JgboQnwBBCjoAlv1jUKPoBb\nYrsfuNITbk2jU/ysIszx6thkKwwv7RzSKEE8uNGbxsaHAzonxMI=\n-----END RSA PRIVATE KEY-----",
            "tags": null,
            "tags_all": {
              "ManagedBy": "Terraform",
              "Project": "petclinic"
            },
            "timeouts": null,
            "upload_date": "2026-09-08T13:09:39Z"
          },
          "sensitive_attributes": [
            [
              {
                "type": "get_attr",
                "value": "private_key"
              }
            ]
          ],
          "identity_schema_version": 0,
          "private": "eyJlMmJmYjczMC1lY2FhLTExZTYtOGY4OC0zNDM2M2JjN2M0YzAiOnsiZGVsZXRlIjo5MDAwMDAwMDAwMDB9fQ==",
          "dependencies": [
            "module.iam.tls_private_key.petclinic_key",
            "module.iam.tls_self_signed_cert.petclinic_self_signed"
          ],
          "create_before_destroy": true
        }
      ]
    },
    {
      "module": "module.iam",
      "mode": "managed",
      "type": "tls_private_key",
      "name": "petclinic_key",
      "provider": "provider[\"registry.terraform.io/hashicorp/tls\"]",
      "instances": [
        {
          "schema_version": 1,
          "attributes": {
            "algorithm": "RSA",
            "ecdsa_curve": "P224",
            "id": "ed3cdaaf08b1fdfe1a569f4ed183e3870c037e1a",
            "private_key_openssh": "-----BEGIN OPENSSH PRIVATE KEY-----\nb3BlbnNzaC1rZXktdjEAAAAABG5vbmUAAAAEbm9uZQAAAAAAAAABAAABFwAAAAdz\nc2gtcnNhAAAAAwEAAQAAAQEAwGVpV3tazvB8WdmgnK/NGZzpfSVj506HowDc6uHA\nkp1cS/hFx0UMRJx/h+GZ+X+l2Q/wuh7Xp9so+Bznw+TQU0mE79D48sbP8sAUNqla\nzUCiH1FufAjiI1ext13aTTT5j7Qjl2qT5PgoqVRdrTY0N0l8uvPZdSdyzyEQ8HpF\n6k2n59gbpQjlmZ4/4CTvh4uDqG4OgBd4Nw2gBGwQWFM+2HP6658WrnuR0CubQPsk\n2eIQqu1cdfoI110tHH3nFDMZxGh8TQhN8M76nIvK9Ktw3g9dJNyZ3rmwGNAQ0J0Z\n3nQuIcsc6klJFeNxG/4szmWuVr/cyzvUe5boSRSs+rHfoQAAA7jK9zcUyvc3FAAA\nAAdzc2gtcnNhAAABAQDAZWlXe1rO8HxZ2aCcr80ZnOl9JWPnToejANzq4cCSnVxL\n+EXHRQxEnH+H4Zn5f6XZD/C6Hten2yj4HOfD5NBTSYTv0Pjyxs/ywBQ2qVrNQKIf\nUW58COIjV7G3XdpNNPmPtCOXapPk+CipVF2tNjQ3SXy689l1J3LPIRDwekXqTafn\n2BulCOWZnj/gJO+Hi4Oobg6AF3g3DaAEbBBYUz7Yc/rrnxaue5HQK5tA+yTZ4hCq\n7Vx1+gjXXS0cfecUMxnEaHxNCE3wzvqci8r0q3DeD10k3JneubAY0BDQnRnedC4h\nyxzqSUkV43Eb/izOZa5Wv9zLO9R7luhJFKz6sd+hAAAAAwEAAQAAAQAArrNnPtNO\nrITHuvlXqO95gxMYcVV3rJws+GEwOO1aZRy+p70pShNIsISVc61HQ2bFZ0nc188U\nboxzBy44Gt5gIetVlZhhIGenK6YpX059781gvqS9ePjCtD+iVVQY20KJ2hNDaO/o\nm2E7NYbbXmJ5x4990xovEP0LzfPDOJnOzTwNOEZ3WHFl3tdfTyhHm+cUm0PL6vFr\nJlxAjDjjezGEUyCzXlBfrMzE1QU1V40wIQF4zqUmTAZcyOuSTFp+7HTUTWudxcxI\n+ksPmTR5xldTmrmhmoReOepBZc5QXt6YYYofcnGH2AMNFmCqPRA1OCeRI43MG8IX\n/BnMsr9pAe+ZAAAAgAH9Irer2LvZoDFZoPPm7tpJfn3aZ3YpFnAX4AWpxesrBNhE\nwi5jEGsrV1lbc0GwDq2pQjCLjv0tQD27Om+JrTZrJqy9hymyl/iYG6EJ8AQQo6AJ\nb9Y1Cj6AW2K7H7jSE25No1P8rCLM8erYZCsML+0c0ihBPLjRm8bGhwM6J8TCAAAA\ngQDPZtc8nfpcaAzJtkQJx7OQha1Mlo4Odlj7eh/DF8kgRxq7H1YZWw/O/QdV6F2O\nAXk7AjktOrdC8it0H40zgSKRSNbwG+vNIhD13flCSk4tOB5h3b1LVJC5ciO36HFD\nE2mFnpr3Ho3DOWKtV//6jzPabkSd6NnBqNk5o5CGgZFDmQAAAIEA7Xpy4KNmXqIM\nK264piIF5xp67vSD24pYJumtmuWvnFKCMqIB91OwSQjglv3u6aexupAGmRv1L+s3\nHKRe03tBoNay/xuvXiKVC5vpIaxDjEzpJpmCLV8JRrMWNBhhGteOzoVoy8WJcF5w\nnCzpvnxIgGSbza/8EzK0YBS9EVBSAUkAAAAAAQID\n-----END OPENSSH PRIVATE KEY-----\n",
            "private_key_pem": "-----BEGIN RSA PRIVATE KEY-----\nMIIEogIBAAKCAQEAwGVpV3tazvB8WdmgnK/NGZzpfSVj506HowDc6uHAkp1cS/hF\nx0UMRJx/h+GZ+X+l2Q/wuh7Xp9so+Bznw+TQU0mE79D48sbP8sAUNqlazUCiH1Fu\nfAjiI1ext13aTTT5j7Qjl2qT5PgoqVRdrTY0N0l8uvPZdSdyzyEQ8HpF6k2n59gb\npQjlmZ4/4CTvh4uDqG4OgBd4Nw2gBGwQWFM+2HP6658WrnuR0CubQPsk2eIQqu1c\ndfoI110tHH3nFDMZxGh8TQhN8M76nIvK9Ktw3g9dJNyZ3rmwGNAQ0J0Z3nQuIcsc\n6klJFeNxG/4szmWuVr/cyzvUe5boSRSs+rHfoQIDAQABAoIBAACus2c+006shMe6\n+Veo73mDExhxVXesnCz4YTA47VplHL6nvSlKE0iwhJVzrUdDZsVnSdzXzxRujHMH\nLjga3mAh61WVmGEgZ6crpilfTn3vzWC+pL14+MK0P6JVVBjbQonaE0No7+ibYTs1\nhtteYnnHj33TGi8Q/QvN88M4mc7NPA04RndYcWXe119PKEeb5xSbQ8vq8WsmXECM\nOON7MYRTILNeUF+szMTVBTVXjTAhAXjOpSZMBlzI65JMWn7sdNRNa53FzEj6Sw+Z\nNHnGV1OauaGahF456kFlzlBe3phhih9ycYfYAw0WYKo9EDU4J5Ejjcwbwhf8Gcyy\nv2kB75kCgYEAz2bXPJ36XGgMybZECcezkIWtTJaODnZY+3ofwxfJIEcaux9WGVsP\nzv0HVehdjgF5OwI5LTq3QvIrdB+NM4EikUjW8BvrzSIQ9d35QkpOLTgeYd29S1SQ\nuXIjt+hxQxNphZ6a9x6NwzlirVf/+o8z2m5EnejZwajZOaOQhoGRQ5kCgYEA7Xpy\n4KNmXqIMK264piIF5xp67vSD24pYJumtmuWvnFKCMqIB91OwSQjglv3u6aexupAG\nmRv1L+s3HKRe03tBoNay/xuvXiKVC5vpIaxDjEzpJpmCLV8JRrMWNBhhGteOzoVo\ny8WJcF5wnCzpvnxIgGSbza/8EzK0YBS9EVBSAUkCgYBBwU84LrXzmiGDyj+kAiaS\nCW+6OnlraGYpxLxRNDdV/nUhInw/qblHXL14pSUUIq923+uUxWrY1MKmHGK+E5EM\nEtXiZlfKP6S07t1aAQjsGUC4sn6TZYpE4UUlx5IxO/RWosRq2MsFPCpm3uGPZNuB\nwzgKAIsZdRj5xzvJCUcu8QKBgFTwtEA3EbmNeo7aZn89siDMLuZjXPpcjFU2xdqe\nhuaB+IHFwrBFJcupujMnlpnKWl6hf0qqXlOKbUb4X9aCwqGVyaZHr70a33asiIF7\nzRlUtRwSUiaKVJYOHkX55lmkejbSLv6bpCImFV83DVANwhzyX2v9o0r2mt+26z1T\nHlHJAoGAAf0it6vYu9mgMVmg8+bu2kl+fdpndikWcBfgBanF6ysE2ETCLmMQaytX\nWVtzQbAOralCMIuO/S1APbs6b4mtNmsmrL2HKbKX+JgboQnwBBCjoAlv1jUKPoBb\nYrsfuNITbk2jU/ysIszx6thkKwwv7RzSKEE8uNGbxsaHAzonxMI=\n-----END RSA PRIVATE KEY-----\n",
            "private_key_pem_pkcs8": "-----BEGIN PRIVATE KEY-----\nMIIEvAIBADANBgkqhkiG9w0BAQEFAASCBKYwggSiAgEAAoIBAQDAZWlXe1rO8HxZ\n2aCcr80ZnOl9JWPnToejANzq4cCSnVxL+EXHRQxEnH+H4Zn5f6XZD/C6Hten2yj4\nHOfD5NBTSYTv0Pjyxs/ywBQ2qVrNQKIfUW58COIjV7G3XdpNNPmPtCOXapPk+Cip\nVF2tNjQ3SXy689l1J3LPIRDwekXqTafn2BulCOWZnj/gJO+Hi4Oobg6AF3g3DaAE\nbBBYUz7Yc/rrnxaue5HQK5tA+yTZ4hCq7Vx1+gjXXS0cfecUMxnEaHxNCE3wzvqc\ni8r0q3DeD10k3JneubAY0BDQnRnedC4hyxzqSUkV43Eb/izOZa5Wv9zLO9R7luhJ\nFKz6sd+hAgMBAAECggEAAK6zZz7TTqyEx7r5V6jveYMTGHFVd6ycLPhhMDjtWmUc\nvqe9KUoTSLCElXOtR0NmxWdJ3NfPFG6McwcuOBreYCHrVZWYYSBnpyumKV9Ofe/N\nYL6kvXj4wrQ/olVUGNtCidoTQ2jv6JthOzWG215iecePfdMaLxD9C83zwziZzs08\nDThGd1hxZd7XX08oR5vnFJtDy+rxayZcQIw443sxhFMgs15QX6zMxNUFNVeNMCEB\neM6lJkwGXMjrkkxafux01E1rncXMSPpLD5k0ecZXU5q5oZqEXjnqQWXOUF7emGGK\nH3Jxh9gDDRZgqj0QNTgnkSONzBvCF/wZzLK/aQHvmQKBgQDPZtc8nfpcaAzJtkQJ\nx7OQha1Mlo4Odlj7eh/DF8kgRxq7H1YZWw/O/QdV6F2OAXk7AjktOrdC8it0H40z\ngSKRSNbwG+vNIhD13flCSk4tOB5h3b1LVJC5ciO36HFDE2mFnpr3Ho3DOWKtV//6\njzPabkSd6NnBqNk5o5CGgZFDmQKBgQDtenLgo2ZeogwrbrimIgXnGnru9IPbilgm\n6a2a5a+cUoIyogH3U7BJCOCW/e7pp7G6kAaZG/Uv6zccpF7Te0Gg1rL/G69eIpUL\nm+khrEOMTOkmmYItXwlGsxY0GGEa147OhWjLxYlwXnCcLOm+fEiAZJvNr/wTMrRg\nFL0RUFIBSQKBgEHBTzgutfOaIYPKP6QCJpIJb7o6eWtoZinEvFE0N1X+dSEifD+p\nuUdcvXilJRQir3bf65TFatjUwqYcYr4TkQwS1eJmV8o/pLTu3VoBCOwZQLiyfpNl\nikThRSXHkjE79FaixGrYywU8Kmbe4Y9k24HDOAoAixl1GPnHO8kJRy7xAoGAVPC0\nQDcRuY16jtpmfz2yIMwu5mNc+lyMVTbF2p6G5oH4gcXCsEUly6m6MyeWmcpaXqF/\nSqpeU4ptRvhf1oLCoZXJpkevvRrfdqyIgXvNGVS1HBJSJopUlg4eRfnmWaR6NtIu\n/pukIiYVXzcNUA3CHPJfa/2jSvaa37brPVMeUckCgYAB/SK3q9i72aAxWaDz5u7a\nSX592md2KRZwF+AFqcXrKwTYRMIuYxBrK1dZW3NBsA6tqUIwi479LUA9uzpvia02\nayasvYcpspf4mBuhCfAEEKOgCW/WNQo+gFtiux+40hNuTaNT/KwizPHq2GQrDC/t\nHNIoQTy40ZvGxocDOifEwg==\n-----END PRIVATE KEY-----\n",
            "public_key_fingerprint_md5": "fd:99:77:c9:77:52:f7:ad:b6:5d:06:7e:bc:cb:ca:4c",
            "public_key_fingerprint_sha256": "SHA256:IFTcxG9SLpX8s8gM5LNfW6WH610z6sqpRbkGKb4WLG4",
            "public_key_openssh": "ssh-rsa AAAAB3NzaC1yc2EAAAADAQABAAABAQDAZWlXe1rO8HxZ2aCcr80ZnOl9JWPnToejANzq4cCSnVxL+EXHRQxEnH+H4Zn5f6XZD/C6Hten2yj4HOfD5NBTSYTv0Pjyxs/ywBQ2qVrNQKIfUW58COIjV7G3XdpNNPmPtCOXapPk+CipVF2tNjQ3SXy689l1J3LPIRDwekXqTafn2BulCOWZnj/gJO+Hi4Oobg6AF3g3DaAEbBBYUz7Yc/rrnxaue5HQK5tA+yTZ4hCq7Vx1+gjXXS0cfecUMxnEaHxNCE3wzvqci8r0q3DeD10k3JneubAY0BDQnRnedC4hyxzqSUkV43Eb/izOZa5Wv9zLO9R7luhJFKz6sd+h\n",
            "public_key_pem": "-----BEGIN PUBLIC KEY-----\nMIIBIjANBgkqhkiG9w0BAQEFAAOCAQ8AMIIBCgKCAQEAwGVpV3tazvB8WdmgnK/N\nGZzpfSVj506HowDc6uHAkp1cS/hFx0UMRJx/h+GZ+X+l2Q/wuh7Xp9so+Bznw+TQ\nU0mE79D48sbP8sAUNqlazUCiH1FufAjiI1ext13aTTT5j7Qjl2qT5PgoqVRdrTY0\nN0l8uvPZdSdyzyEQ8HpF6k2n59gbpQjlmZ4/4CTvh4uDqG4OgBd4Nw2gBGwQWFM+\n2HP6658WrnuR0CubQPsk2eIQqu1cdfoI110tHH3nFDMZxGh8TQhN8M76nIvK9Ktw\n3g9dJNyZ3rmwGNAQ0J0Z3nQuIcsc6klJFeNxG/4szmWuVr/cyzvUe5boSRSs+rHf\noQIDAQAB\n-----END PUBLIC KEY-----\n",
            "rsa_bits": 2048
          },
          "sensitive_attributes": [
            [
              {
                "type": "get_attr",
                "value": "private_key_openssh"
              }
            ],
            [
              {
                "type": "get_attr",
                "value": "private_key_pem"
              }
            ],
            [
              {
                "type": "get_attr",
                "value": "private_key_pem_pkcs8"
              }
            ]
          ],
          "identity_schema_version": 0,
          "create_before_destroy": true
        }
      ]
    },
    {
      "module": "module.iam",
      "mode": "managed",
      "type": "tls_self_signed_cert",
      "name": "petclinic_self_signed",
      "provider": "provider[\"registry.terraform.io/hashicorp/tls\"]",
      "instances": [
        {
          "schema_version": 0,
          "attributes": {
            "allowed_uses": [
              "key_encipherment",
              "digital_signature",
              "server_auth"
            ],
            "cert_pem": "-----BEGIN CERTIFICATE-----\nMIIDIjCCAgqgAwIBAgIRAO5OhnUJ7UdfiLq16qdpDngwDQYJKoZIhvcNAQELBQAw\nMTESMBAGA1UEChMJSVNJIERha2FyMRswGQYDVQQDExJwZXRjbGluaWMtaXNpLXBy\nb2QwHhcNMjYwOTA4MTMwOTM0WhcNMjcwOTA4MTMwOTM0WjAxMRIwEAYDVQQKEwlJ\nU0kgRGFrYXIxGzAZBgNVBAMTEnBldGNsaW5pYy1pc2ktcHJvZDCCASIwDQYJKoZI\nhvcNAQEBBQADggEPADCCAQoCggEBAMBlaVd7Ws7wfFnZoJyvzRmc6X0lY+dOh6MA\n3OrhwJKdXEv4RcdFDEScf4fhmfl/pdkP8Loe16fbKPgc58Pk0FNJhO/Q+PLGz/LA\nFDapWs1Aoh9RbnwI4iNXsbdd2k00+Y+0I5dqk+T4KKlUXa02NDdJfLrz2XUncs8h\nEPB6RepNp+fYG6UI5ZmeP+Ak74eLg6huDoAXeDcNoARsEFhTPthz+uufFq57kdAr\nm0D7JNniEKrtXHX6CNddLRx95xQzGcRofE0ITfDO+pyLyvSrcN4PXSTcmd65sBjQ\nENCdGd50LiHLHOpJSRXjcRv+LM5lrla/3Ms71HuW6EkUrPqx36ECAwEAAaM1MDMw\nDgYDVR0PAQH/BAQDAgWgMBMGA1UdJQQMMAoGCCsGAQUFBwMBMAwGA1UdEwEB/wQC\nMAAwDQYJKoZIhvcNAQELBQADggEBAFgSViItq56rKVi09+tMLrUkZB3fdcoeoR9k\nK1Co+W4xyFP1dPmreAWpE5yELYm2NEcup4pdW/tWKzF4eFd8LfisthQ6i0xpMgRd\nvA97U1JhpzaQAqrk6Gv/3z5bL5bCsQNGbUdOY3xL6HyK6TLbgJKCBjSSqXolBlew\ne1pzCcZqmE/AP7sXf+oiq26JMh3Mqlu/ESXYCDjp9jhAbi0sYriYmT29eIxpYSZY\ny6V8jOZg+fJDW8sZdkMsILxOm7UuxYRzeslBVELbC0vPoIpUb+5iv36L51t1bM3i\nGH/7Z8kz7Fu+qy8KIB2O1P5Gee4k4Jp0kOHq5e7NQtU16S2Cy2c=\n-----END CERTIFICATE-----\n",
            "dns_names": null,
            "early_renewal_hours": 0,
            "id": "316763989267429815356849897071123697272",
            "ip_addresses": null,
            "is_ca_certificate": false,
            "key_algorithm": "RSA",
            "max_path_length": null,
            "private_key_pem": "-----BEGIN RSA PRIVATE KEY-----\nMIIEogIBAAKCAQEAwGVpV3tazvB8WdmgnK/NGZzpfSVj506HowDc6uHAkp1cS/hF\nx0UMRJx/h+GZ+X+l2Q/wuh7Xp9so+Bznw+TQU0mE79D48sbP8sAUNqlazUCiH1Fu\nfAjiI1ext13aTTT5j7Qjl2qT5PgoqVRdrTY0N0l8uvPZdSdyzyEQ8HpF6k2n59gb\npQjlmZ4/4CTvh4uDqG4OgBd4Nw2gBGwQWFM+2HP6658WrnuR0CubQPsk2eIQqu1c\ndfoI110tHH3nFDMZxGh8TQhN8M76nIvK9Ktw3g9dJNyZ3rmwGNAQ0J0Z3nQuIcsc\n6klJFeNxG/4szmWuVr/cyzvUe5boSRSs+rHfoQIDAQABAoIBAACus2c+006shMe6\n+Veo73mDExhxVXesnCz4YTA47VplHL6nvSlKE0iwhJVzrUdDZsVnSdzXzxRujHMH\nLjga3mAh61WVmGEgZ6crpilfTn3vzWC+pL14+MK0P6JVVBjbQonaE0No7+ibYTs1\nhtteYnnHj33TGi8Q/QvN88M4mc7NPA04RndYcWXe119PKEeb5xSbQ8vq8WsmXECM\nOON7MYRTILNeUF+szMTVBTVXjTAhAXjOpSZMBlzI65JMWn7sdNRNa53FzEj6Sw+Z\nNHnGV1OauaGahF456kFlzlBe3phhih9ycYfYAw0WYKo9EDU4J5Ejjcwbwhf8Gcyy\nv2kB75kCgYEAz2bXPJ36XGgMybZECcezkIWtTJaODnZY+3ofwxfJIEcaux9WGVsP\nzv0HVehdjgF5OwI5LTq3QvIrdB+NM4EikUjW8BvrzSIQ9d35QkpOLTgeYd29S1SQ\nuXIjt+hxQxNphZ6a9x6NwzlirVf/+o8z2m5EnejZwajZOaOQhoGRQ5kCgYEA7Xpy\n4KNmXqIMK264piIF5xp67vSD24pYJumtmuWvnFKCMqIB91OwSQjglv3u6aexupAG\nmRv1L+s3HKRe03tBoNay/xuvXiKVC5vpIaxDjEzpJpmCLV8JRrMWNBhhGteOzoVo\ny8WJcF5wnCzpvnxIgGSbza/8EzK0YBS9EVBSAUkCgYBBwU84LrXzmiGDyj+kAiaS\nCW+6OnlraGYpxLxRNDdV/nUhInw/qblHXL14pSUUIq923+uUxWrY1MKmHGK+E5EM\nEtXiZlfKP6S07t1aAQjsGUC4sn6TZYpE4UUlx5IxO/RWosRq2MsFPCpm3uGPZNuB\nwzgKAIsZdRj5xzvJCUcu8QKBgFTwtEA3EbmNeo7aZn89siDMLuZjXPpcjFU2xdqe\nhuaB+IHFwrBFJcupujMnlpnKWl6hf0qqXlOKbUb4X9aCwqGVyaZHr70a33asiIF7\nzRlUtRwSUiaKVJYOHkX55lmkejbSLv6bpCImFV83DVANwhzyX2v9o0r2mt+26z1T\nHlHJAoGAAf0it6vYu9mgMVmg8+bu2kl+fdpndikWcBfgBanF6ysE2ETCLmMQaytX\nWVtzQbAOralCMIuO/S1APbs6b4mtNmsmrL2HKbKX+JgboQnwBBCjoAlv1jUKPoBb\nYrsfuNITbk2jU/ysIszx6thkKwwv7RzSKEE8uNGbxsaHAzonxMI=\n-----END RSA PRIVATE KEY-----\n",
            "private_key_pem_wo": null,
            "private_key_pem_wo_version": null,
            "ready_for_renewal": false,
            "set_authority_key_id": false,
            "set_subject_key_id": false,
            "subject": [
              {
                "common_name": "petclinic-isi-prod",
                "country": null,
                "email_address": null,
                "locality": null,
                "organization": "ISI Dakar",
                "organizational_unit": null,
                "postal_code": null,
                "province": null,
                "serial_number": null,
                "street_address": null
              }
            ],
            "uris": null,
            "validity_end_time": "2027-09-08T13:09:34.6922752Z",
            "validity_period_hours": 8760,
            "validity_start_time": "2026-09-08T13:09:34.6922752Z"
          },
          "sensitive_attributes": [
            [
              {
                "type": "get_attr",
                "value": "private_key_pem"
              }
            ],
            [
              {
                "type": "get_attr",
                "value": "private_key_pem_wo"
              }
            ]
          ],
          "identity_schema_version": 0,
          "dependencies": [
            "module.iam.tls_private_key.petclinic_key"
          ],
          "create_before_destroy": true
        }
      ]
    },
    {
      "module": "module.rds",
      "mode": "managed",
      "type": "aws_db_instance",
      "name": "main",
      "provider": "provider[\"registry.terraform.io/hashicorp/aws\"]",
      "instances": [
        {
          "schema_version": 2,
          "attributes": {
            "address": "petclinic-isi-prod-postgres.cipqeoo2wdpt.us-east-1.rds.amazonaws.com",
            "allocated_storage": 20,
            "allow_major_version_upgrade": null,
            "apply_immediately": false,
            "arn": "arn:aws:rds:us-east-1:049618906674:db:petclinic-isi-prod-postgres",
            "auto_minor_version_upgrade": true,
            "availability_zone": "us-east-1c",
            "backup_retention_period": 7,
            "backup_target": "region",
            "backup_window": "03:00-04:00",
            "blue_green_update": [],
            "ca_cert_identifier": "rds-ca-rsa2048-g1",
            "character_set_name": "",
            "copy_tags_to_snapshot": false,
            "custom_iam_instance_profile": "",
            "customer_owned_ip_enabled": false,
            "database_insights_mode": "standard",
            "db_name": "petclinic",
            "db_subnet_group_name": "petclinic-isi-prod-db-subnet-group",
            "dedicated_log_volume": false,
            "delete_automated_backups": true,
            "deletion_protection": false,
            "domain": "",
            "domain_auth_secret_arn": "",
            "domain_dns_ips": null,
            "domain_fqdn": "",
            "domain_iam_role_name": "",
            "domain_ou": "",
            "enabled_cloudwatch_logs_exports": null,
            "endpoint": "petclinic-isi-prod-postgres.cipqeoo2wdpt.us-east-1.rds.amazonaws.com:5432",
            "engine": "postgres",
            "engine_lifecycle_support": "open-source-rds-extended-support",
            "engine_version": "15.17",
            "engine_version_actual": "15.17",
            "final_snapshot_identifier": null,
            "hosted_zone_id": "Z2R2ITUGPM61AM",
            "iam_database_authentication_enabled": false,
            "id": "db-2AYSBFOS5PQBHJZQKBKQ4Y5QSA",
            "identifier": "petclinic-isi-prod-postgres",
            "identifier_prefix": "",
            "instance_class": "db.t3.micro",
            "iops": 3000,
            "kms_key_id": "arn:aws:kms:us-east-1:049618906674:key/fd0b51d6-a8a7-4814-b295-942b9f485258",
            "latest_restorable_time": "2026-09-08T13:24:02Z",
            "license_model": "postgresql-license",
            "listener_endpoint": [],
            "maintenance_window": "mon:04:00-mon:05:00",
            "manage_master_user_password": null,
            "master_user_secret": [],
            "master_user_secret_kms_key_id": null,
            "max_allocated_storage": 40,
            "monitoring_interval": 60,
            "monitoring_role_arn": "arn:aws:iam::049618906674:role/petclinic-isi-prod-rds-monitoring-role",
            "multi_az": true,
            "nchar_character_set_name": "",
            "network_type": "IPV4",
            "option_group_name": "default:postgres-15",
            "parameter_group_name": "petclinic-isi-prod-pg-params",
            "password": "\u00264_\u003ePO[vtOc=M6*cy(-NnY*?8DP857wI",
            "password_wo": null,
            "password_wo_version": null,
            "performance_insights_enabled": true,
            "performance_insights_kms_key_id": "arn:aws:kms:us-east-1:049618906674:key/a726f36e-b89e-4a5d-b814-682cec9f2ed1",
            "performance_insights_retention_period": 7,
            "port": 5432,
            "publicly_accessible": false,
            "replica_mode": "",
            "replicas": [],
            "replicate_source_db": "",
            "resource_id": "db-2AYSBFOS5PQBHJZQKBKQ4Y5QSA",
            "restore_to_point_in_time": [],
            "s3_import": [],
            "skip_final_snapshot": true,
            "snapshot_identifier": null,
            "status": "available",
            "storage_encrypted": true,
            "storage_throughput": 125,
            "storage_type": "gp3",
            "tags": {
              "Name": "petclinic-isi-prod-rds-primary"
            },
            "tags_all": {
              "ManagedBy": "Terraform",
              "Name": "petclinic-isi-prod-rds-primary",
              "Project": "petclinic"
            },
            "timeouts": null,
            "timezone": "",
            "upgrade_storage_config": null,
            "username": "petclinic_admin",
            "vpc_security_group_ids": [
              "sg-0a981c3eb85148f38"
            ]
          },
          "sensitive_attributes": [
            [
              {
                "type": "get_attr",
                "value": "password"
              }
            ],
            [
              {
                "type": "get_attr",
                "value": "password_wo"
              }
            ]
          ],
          "identity_schema_version": 0,
          "private": "eyJlMmJmYjczMC1lY2FhLTExZTYtOGY4OC0zNDM2M2JjN2M0YzAiOnsiY3JlYXRlIjozMDAwMDAwMDAwMDAwLCJkZWxldGUiOjM2MDAwMDAwMDAwMDAsInVwZGF0ZSI6NDgwMDAwMDAwMDAwMH0sInNjaGVtYV92ZXJzaW9uIjoiMiJ9",
          "dependencies": [
            "module.rds.aws_db_parameter_group.main",
            "module.rds.aws_db_subnet_group.main",
            "module.rds.aws_iam_role.rds_enhanced_monitoring",
            "module.rds.aws_kms_key.rds",
            "module.secrets.random_password.db",
            "module.security_groups.aws_security_group.rds",
            "module.vpc.aws_subnet.db",
            "module.vpc.aws_vpc.main"
          ]
        }
      ]
    },
    {
      "module": "module.rds",
      "mode": "managed",
      "type": "aws_db_parameter_group",
      "name": "main",
      "provider": "provider[\"registry.terraform.io/hashicorp/aws\"]",
      "instances": [
        {
          "schema_version": 0,
          "attributes": {
            "arn": "arn:aws:rds:us-east-1:049618906674:pg:petclinic-isi-prod-pg-params",
            "description": "Paramètres PostgreSQL pour petclinic-isi-prod",
            "family": "postgres15",
            "id": "petclinic-isi-prod-pg-params",
            "name": "petclinic-isi-prod-pg-params",
            "name_prefix": "",
            "parameter": [
              {
                "apply_method": "immediate",
                "name": "log_connections",
                "value": "1"
              },
              {
                "apply_method": "immediate",
                "name": "log_disconnections",
                "value": "1"
              },
              {
                "apply_method": "immediate",
                "name": "log_duration",
                "value": "1"
              }
            ],
            "skip_destroy": false,
            "tags": {
              "Name": "petclinic-isi-prod-pg-params"
            },
            "tags_all": {
              "ManagedBy": "Terraform",
              "Name": "petclinic-isi-prod-pg-params",
              "Project": "petclinic"
            }
          },
          "sensitive_attributes": [],
          "identity_schema_version": 0,
          "private": "bnVsbA=="
        }
      ]
    },
    {
      "module": "module.rds",
      "mode": "managed",
      "type": "aws_db_subnet_group",
      "name": "main",
      "provider": "provider[\"registry.terraform.io/hashicorp/aws\"]",
      "instances": [
        {
          "schema_version": 0,
          "attributes": {
            "arn": "arn:aws:rds:us-east-1:049618906674:subgrp:petclinic-isi-prod-db-subnet-group",
            "description": "Subnet group RDS Multi-AZ pour petclinic-isi-prod",
            "id": "petclinic-isi-prod-db-subnet-group",
            "name": "petclinic-isi-prod-db-subnet-group",
            "name_prefix": "",
            "subnet_ids": [
              "subnet-033dbd1913a66573c",
              "subnet-0499c5d1e0f937ca2",
              "subnet-08b94ddd8894b3e92"
            ],
            "supported_network_types": [
              "IPV4"
            ],
            "tags": {
              "Name": "petclinic-isi-prod-db-subnet-group"
            },
            "tags_all": {
              "ManagedBy": "Terraform",
              "Name": "petclinic-isi-prod-db-subnet-group",
              "Project": "petclinic"
            },
            "vpc_id": "vpc-041d7f3991fd01528"
          },
          "sensitive_attributes": [],
          "identity_schema_version": 0,
          "private": "bnVsbA==",
          "dependencies": [
            "module.vpc.aws_subnet.db",
            "module.vpc.aws_vpc.main"
          ]
        }
      ]
    },
    {
      "module": "module.rds",
      "mode": "managed",
      "type": "aws_iam_role",
      "name": "rds_enhanced_monitoring",
      "provider": "provider[\"registry.terraform.io/hashicorp/aws\"]",
      "instances": [
        {
          "schema_version": 0,
          "attributes": {
            "arn": "arn:aws:iam::049618906674:role/petclinic-isi-prod-rds-monitoring-role",
            "assume_role_policy": "{\"Statement\":[{\"Action\":\"sts:AssumeRole\",\"Effect\":\"Allow\",\"Principal\":{\"Service\":\"monitoring.rds.amazonaws.com\"}}],\"Version\":\"2012-10-17\"}",
            "create_date": "2026-09-08T13:09:38Z",
            "description": "",
            "force_detach_policies": false,
            "id": "petclinic-isi-prod-rds-monitoring-role",
            "inline_policy": [],
            "managed_policy_arns": [],
            "max_session_duration": 3600,
            "name": "petclinic-isi-prod-rds-monitoring-role",
            "name_prefix": "",
            "path": "/",
            "permissions_boundary": "",
            "tags": null,
            "tags_all": {
              "ManagedBy": "Terraform",
              "Project": "petclinic"
            },
            "unique_id": "AROAQXDMENYZPNQH5I2AB"
          },
          "sensitive_attributes": [],
          "identity_schema_version": 0,
          "private": "bnVsbA=="
        }
      ]
    },
    {
      "module": "module.rds",
      "mode": "managed",
      "type": "aws_iam_role_policy_attachment",
      "name": "rds_enhanced_monitoring",
      "provider": "provider[\"registry.terraform.io/hashicorp/aws\"]",
      "instances": [
        {
          "schema_version": 0,
          "attributes": {
            "id": "petclinic-isi-prod-rds-monitoring-role-20260908130940804700000004",
            "policy_arn": "arn:aws:iam::aws:policy/service-role/AmazonRDSEnhancedMonitoringRole",
            "role": "petclinic-isi-prod-rds-monitoring-role"
          },
          "sensitive_attributes": [],
          "identity_schema_version": 0,
          "private": "bnVsbA==",
          "dependencies": [
            "module.rds.aws_iam_role.rds_enhanced_monitoring"
          ]
        }
      ]
    },
    {
      "module": "module.rds",
      "mode": "managed",
      "type": "aws_kms_alias",
      "name": "rds",
      "provider": "provider[\"registry.terraform.io/hashicorp/aws\"]",
      "instances": [
        {
          "schema_version": 0,
          "attributes": {
            "arn": "arn:aws:kms:us-east-1:049618906674:alias/petclinic-isi-prod-rds",
            "id": "alias/petclinic-isi-prod-rds",
            "name": "alias/petclinic-isi-prod-rds",
            "name_prefix": "",
            "target_key_arn": "arn:aws:kms:us-east-1:049618906674:key/fd0b51d6-a8a7-4814-b295-942b9f485258",
            "target_key_id": "fd0b51d6-a8a7-4814-b295-942b9f485258"
          },
          "sensitive_attributes": [],
          "identity_schema_version": 0,
          "private": "bnVsbA==",
          "dependencies": [
            "module.rds.aws_kms_key.rds"
          ]
        }
      ]
    },
    {
      "module": "module.rds",
      "mode": "managed",
      "type": "aws_kms_key",
      "name": "rds",
      "provider": "provider[\"registry.terraform.io/hashicorp/aws\"]",
      "instances": [
        {
          "schema_version": 0,
          "attributes": {
            "arn": "arn:aws:kms:us-east-1:049618906674:key/fd0b51d6-a8a7-4814-b295-942b9f485258",
            "bypass_policy_lockout_safety_check": false,
            "custom_key_store_id": "",
            "customer_master_key_spec": "SYMMETRIC_DEFAULT",
            "deletion_window_in_days": 10,
            "description": "Clé KMS pour le chiffrement RDS petclinic-isi-prod",
            "enable_key_rotation": true,
            "id": "fd0b51d6-a8a7-4814-b295-942b9f485258",
            "is_enabled": true,
            "key_id": "fd0b51d6-a8a7-4814-b295-942b9f485258",
            "key_usage": "ENCRYPT_DECRYPT",
            "multi_region": false,
            "policy": "{\"Id\":\"key-default-1\",\"Statement\":[{\"Action\":\"kms:*\",\"Effect\":\"Allow\",\"Principal\":{\"AWS\":\"arn:aws:iam::049618906674:root\"},\"Resource\":\"*\",\"Sid\":\"Enable IAM User Permissions\"}],\"Version\":\"2012-10-17\"}",
            "rotation_period_in_days": 365,
            "tags": {
              "Name": "petclinic-isi-prod-kms-rds"
            },
            "tags_all": {
              "ManagedBy": "Terraform",
              "Name": "petclinic-isi-prod-kms-rds",
              "Project": "petclinic"
            },
            "timeouts": null,
            "xks_key_id": ""
          },
          "sensitive_attributes": [],
          "identity_schema_version": 0,
          "private": "eyJlMmJmYjczMC1lY2FhLTExZTYtOGY4OC0zNDM2M2JjN2M0YzAiOnsiY3JlYXRlIjoxMjAwMDAwMDAwMDB9fQ=="
        }
      ]
    },
    {
      "module": "module.secrets",
      "mode": "managed",
      "type": "aws_secretsmanager_secret",
      "name": "db",
      "provider": "provider[\"registry.terraform.io/hashicorp/aws\"]",
      "instances": [
        {
          "schema_version": 0,
          "attributes": {
            "arn": "arn:aws:secretsmanager:us-east-1:049618906674:secret:petclinic-isi-prod/rds/credentials-VAugtQ",
            "description": "Credentials PostgreSQL pour Spring PetClinic",
            "force_overwrite_replica_secret": false,
            "id": "arn:aws:secretsmanager:us-east-1:049618906674:secret:petclinic-isi-prod/rds/credentials-VAugtQ",
            "kms_key_id": "",
            "name": "petclinic-isi-prod/rds/credentials",
            "name_prefix": "",
            "policy": "",
            "recovery_window_in_days": 0,
            "replica": [],
            "tags": {
              "Name": "petclinic-isi-prod-db-secret"
            },
            "tags_all": {
              "ManagedBy": "Terraform",
              "Name": "petclinic-isi-prod-db-secret",
              "Project": "petclinic"
            }
          },
          "sensitive_attributes": [],
          "identity_schema_version": 0,
          "private": "bnVsbA=="
        }
      ]
    },
    {
      "module": "module.secrets",
      "mode": "managed",
      "type": "aws_secretsmanager_secret_version",
      "name": "db",
      "provider": "provider[\"registry.terraform.io/hashicorp/aws\"]",
      "instances": [
        {
          "schema_version": 0,
          "attributes": {
            "arn": "arn:aws:secretsmanager:us-east-1:049618906674:secret:petclinic-isi-prod/rds/credentials-VAugtQ",
            "has_secret_string_wo": null,
            "id": "arn:aws:secretsmanager:us-east-1:049618906674:secret:petclinic-isi-prod/rds/credentials-VAugtQ|terraform-20260908130939598500000002",
            "secret_binary": "",
            "secret_id": "arn:aws:secretsmanager:us-east-1:049618906674:secret:petclinic-isi-prod/rds/credentials-VAugtQ",
            "secret_string": "{\"dbname\":\"petclinic\",\"engine\":\"postgres\",\"password\":\"\\u00264_\\u003ePO[vtOc=M6*cy(-NnY*?8DP857wI\",\"port\":5432,\"username\":\"petclinic_admin\"}",
            "secret_string_wo": null,
            "secret_string_wo_version": null,
            "version_id": "terraform-20260908130939598500000002",
            "version_stages": [
              "AWSCURRENT"
            ]
          },
          "sensitive_attributes": [
            [
              {
                "type": "get_attr",
                "value": "secret_binary"
              }
            ],
            [
              {
                "type": "get_attr",
                "value": "secret_string"
              }
            ],
            [
              {
                "type": "get_attr",
                "value": "secret_string_wo"
              }
            ]
          ],
          "identity_schema_version": 0,
          "private": "bnVsbA==",
          "dependencies": [
            "module.secrets.aws_secretsmanager_secret.db",
            "module.secrets.random_password.db"
          ]
        }
      ]
    },
    {
      "module": "module.secrets",
      "mode": "managed",
      "type": "random_password",
      "name": "db",
      "provider": "provider[\"registry.terraform.io/hashicorp/random\"]",
      "instances": [
        {
          "schema_version": 3,
          "attributes": {
            "bcrypt_hash": "$2a$10$gBp/afeysjceGLiitWcWvelkVTZnJp/vw8i.J1qUDHIlBiyiYQkJe",
            "id": "none",
            "keepers": null,
            "length": 32,
            "lower": true,
            "min_lower": 0,
            "min_numeric": 0,
            "min_special": 0,
            "min_upper": 0,
            "number": true,
            "numeric": true,
            "override_special": "!#$%\u0026*()-_=+[]{}\u003c\u003e:?",
            "result": "\u00264_\u003ePO[vtOc=M6*cy(-NnY*?8DP857wI",
            "special": true,
            "upper": true
          },
          "sensitive_attributes": [
            [
              {
                "type": "get_attr",
                "value": "bcrypt_hash"
              }
            ],
            [
              {
                "type": "get_attr",
                "value": "result"
              }
            ]
          ],
          "identity_schema_version": 0
        }
      ]
    },
    {
      "module": "module.security_groups",
      "mode": "managed",
      "type": "aws_security_group",
      "name": "alb",
      "provider": "provider[\"registry.terraform.io/hashicorp/aws\"]",
      "instances": [
        {
          "schema_version": 1,
          "attributes": {
            "arn": "arn:aws:ec2:us-east-1:049618906674:security-group/sg-025b6bbacc761953b",
            "description": "Security Group for Application Load Balancer",
            "egress": [
              {
                "cidr_blocks": [
                  "0.0.0.0/0"
                ],
                "description": "Outbound to ECS tasks",
                "from_port": 8080,
                "ipv6_cidr_blocks": [],
                "prefix_list_ids": [],
                "protocol": "tcp",
                "security_groups": [],
                "self": false,
                "to_port": 8080
              }
            ],
            "id": "sg-025b6bbacc761953b",
            "ingress": [
              {
                "cidr_blocks": [
                  "0.0.0.0/0"
                ],
                "description": "HTTP from Internet - redirect to HTTPS",
                "from_port": 80,
                "ipv6_cidr_blocks": [],
                "prefix_list_ids": [],
                "protocol": "tcp",
                "security_groups": [],
                "self": false,
                "to_port": 80
              },
              {
                "cidr_blocks": [
                  "0.0.0.0/0"
                ],
                "description": "HTTPS from Internet",
                "from_port": 443,
                "ipv6_cidr_blocks": [],
                "prefix_list_ids": [],
                "protocol": "tcp",
                "security_groups": [],
                "self": false,
                "to_port": 443
              }
            ],
            "name": "petclinic-isi-prod-sg-alb",
            "name_prefix": "",
            "owner_id": "049618906674",
            "revoke_rules_on_delete": false,
            "tags": {
              "Name": "petclinic-isi-prod-sg-alb"
            },
            "tags_all": {
              "ManagedBy": "Terraform",
              "Name": "petclinic-isi-prod-sg-alb",
              "Project": "petclinic"
            },
            "timeouts": null,
            "vpc_id": "vpc-041d7f3991fd01528"
          },
          "sensitive_attributes": [],
          "identity_schema_version": 0,
          "private": "eyJlMmJmYjczMC1lY2FhLTExZTYtOGY4OC0zNDM2M2JjN2M0YzAiOnsiY3JlYXRlIjo2MDAwMDAwMDAwMDAsImRlbGV0ZSI6OTAwMDAwMDAwMDAwfSwic2NoZW1hX3ZlcnNpb24iOiIxIn0=",
          "dependencies": [
            "module.vpc.aws_vpc.main"
          ],
          "create_before_destroy": true
        }
      ]
    },
    {
      "module": "module.security_groups",
      "mode": "managed",
      "type": "aws_security_group",
      "name": "app",
      "provider": "provider[\"registry.terraform.io/hashicorp/aws\"]",
      "instances": [
        {
          "schema_version": 1,
          "attributes": {
            "arn": "arn:aws:ec2:us-east-1:049618906674:security-group/sg-011448897358a9c7e",
            "description": "Security Group for ECS Fargate tasks",
            "egress": [
              {
                "cidr_blocks": [
                  "0.0.0.0/0"
                ],
                "description": "Outbound Internet via NAT Gateway",
                "from_port": 0,
                "ipv6_cidr_blocks": [],
                "prefix_list_ids": [],
                "protocol": "-1",
                "security_groups": [],
                "self": false,
                "to_port": 0
              }
            ],
            "id": "sg-011448897358a9c7e",
            "ingress": [],
            "name": "petclinic-isi-prod-sg-app",
            "name_prefix": "",
            "owner_id": "049618906674",
            "revoke_rules_on_delete": false,
            "tags": {
              "Name": "petclinic-isi-prod-sg-app"
            },
            "tags_all": {
              "ManagedBy": "Terraform",
              "Name": "petclinic-isi-prod-sg-app",
              "Project": "petclinic"
            },
            "timeouts": null,
            "vpc_id": "vpc-041d7f3991fd01528"
          },
          "sensitive_attributes": [],
          "identity_schema_version": 0,
          "private": "eyJlMmJmYjczMC1lY2FhLTExZTYtOGY4OC0zNDM2M2JjN2M0YzAiOnsiY3JlYXRlIjo2MDAwMDAwMDAwMDAsImRlbGV0ZSI6OTAwMDAwMDAwMDAwfSwic2NoZW1hX3ZlcnNpb24iOiIxIn0=",
          "dependencies": [
            "module.vpc.aws_vpc.main"
          ]
        }
      ]
    },
    {
      "module": "module.security_groups",
      "mode": "managed",
      "type": "aws_security_group",
      "name": "rds",
      "provider": "provider[\"registry.terraform.io/hashicorp/aws\"]",
      "instances": [
        {
          "schema_version": 1,
          "attributes": {
            "arn": "arn:aws:ec2:us-east-1:049618906674:security-group/sg-0a981c3eb85148f38",
            "description": "Security Group for RDS PostgreSQL",
            "egress": [
              {
                "cidr_blocks": [
                  "0.0.0.0/0"
                ],
                "description": "No outbound traffic required",
                "from_port": 0,
                "ipv6_cidr_blocks": [],
                "prefix_list_ids": [],
                "protocol": "-1",
                "security_groups": [],
                "self": false,
                "to_port": 0
              }
            ],
            "id": "sg-0a981c3eb85148f38",
            "ingress": [],
            "name": "petclinic-isi-prod-sg-rds",
            "name_prefix": "",
            "owner_id": "049618906674",
            "revoke_rules_on_delete": false,
            "tags": {
              "Name": "petclinic-isi-prod-sg-rds"
            },
            "tags_all": {
              "ManagedBy": "Terraform",
              "Name": "petclinic-isi-prod-sg-rds",
              "Project": "petclinic"
            },
            "timeouts": null,
            "vpc_id": "vpc-041d7f3991fd01528"
          },
          "sensitive_attributes": [],
          "identity_schema_version": 0,
          "private": "eyJlMmJmYjczMC1lY2FhLTExZTYtOGY4OC0zNDM2M2JjN2M0YzAiOnsiY3JlYXRlIjo2MDAwMDAwMDAwMDAsImRlbGV0ZSI6OTAwMDAwMDAwMDAwfSwic2NoZW1hX3ZlcnNpb24iOiIxIn0=",
          "dependencies": [
            "module.vpc.aws_vpc.main"
          ]
        }
      ]
    },
    {
      "module": "module.security_groups",
      "mode": "managed",
      "type": "aws_security_group_rule",
      "name": "app_from_alb",
      "provider": "provider[\"registry.terraform.io/hashicorp/aws\"]",
      "instances": [
        {
          "schema_version": 2,
          "attributes": {
            "cidr_blocks": null,
            "description": "Traffic from ALB SG only",
            "from_port": 8080,
            "id": "sgrule-1001830170",
            "ipv6_cidr_blocks": null,
            "prefix_list_ids": null,
            "protocol": "tcp",
            "security_group_id": "sg-011448897358a9c7e",
            "security_group_rule_id": "sgr-0659f7e848a99f572",
            "self": false,
            "source_security_group_id": "sg-025b6bbacc761953b",
            "timeouts": null,
            "to_port": 8080,
            "type": "ingress"
          },
          "sensitive_attributes": [],
          "identity_schema_version": 0,
          "private": "eyJlMmJmYjczMC1lY2FhLTExZTYtOGY4OC0zNDM2M2JjN2M0YzAiOnsiY3JlYXRlIjozMDAwMDAwMDAwMDB9LCJzY2hlbWFfdmVyc2lvbiI6IjIifQ==",
          "dependencies": [
            "module.security_groups.aws_security_group.alb",
            "module.security_groups.aws_security_group.app",
            "module.vpc.aws_vpc.main"
          ]
        }
      ]
    },
    {
      "module": "module.security_groups",
      "mode": "managed",
      "type": "aws_security_group_rule",
      "name": "rds_from_app",
      "provider": "provider[\"registry.terraform.io/hashicorp/aws\"]",
      "instances": [
        {
          "schema_version": 2,
          "attributes": {
            "cidr_blocks": null,
            "description": "PostgreSQL from APP SG only",
            "from_port": 5432,
            "id": "sgrule-4225169963",
            "ipv6_cidr_blocks": null,
            "prefix_list_ids": null,
            "protocol": "tcp",
            "security_group_id": "sg-0a981c3eb85148f38",
            "security_group_rule_id": "sgr-0f19b2534ef175943",
            "self": false,
            "source_security_group_id": "sg-011448897358a9c7e",
            "timeouts": null,
            "to_port": 5432,
            "type": "ingress"
          },
          "sensitive_attributes": [],
          "identity_schema_version": 0,
          "private": "eyJlMmJmYjczMC1lY2FhLTExZTYtOGY4OC0zNDM2M2JjN2M0YzAiOnsiY3JlYXRlIjozMDAwMDAwMDAwMDB9LCJzY2hlbWFfdmVyc2lvbiI6IjIifQ==",
          "dependencies": [
            "module.security_groups.aws_security_group.app",
            "module.security_groups.aws_security_group.rds",
            "module.vpc.aws_vpc.main"
          ]
        }
      ]
    },
    {
      "module": "module.vpc",
      "mode": "managed",
      "type": "aws_cloudwatch_log_group",
      "name": "vpc_flow_logs",
      "provider": "provider[\"registry.terraform.io/hashicorp/aws\"]",
      "instances": [
        {
          "schema_version": 0,
          "attributes": {
            "arn": "arn:aws:logs:us-east-1:049618906674:log-group:/aws/vpc/petclinic-isi-prod/flow-logs",
            "id": "/aws/vpc/petclinic-isi-prod/flow-logs",
            "kms_key_id": "",
            "log_group_class": "STANDARD",
            "name": "/aws/vpc/petclinic-isi-prod/flow-logs",
            "name_prefix": "",
            "retention_in_days": 30,
            "skip_destroy": false,
            "tags": null,
            "tags_all": {
              "ManagedBy": "Terraform",
              "Project": "petclinic"
            }
          },
          "sensitive_attributes": [],
          "identity_schema_version": 0,
          "private": "bnVsbA=="
        }
      ]
    },
    {
      "module": "module.vpc",
      "mode": "managed",
      "type": "aws_eip",
      "name": "nat",
      "provider": "provider[\"registry.terraform.io/hashicorp/aws\"]",
      "instances": [
        {
          "index_key": 0,
          "schema_version": 0,
          "attributes": {
            "address": null,
            "allocation_id": "eipalloc-0e1bf977baee37fdb",
            "arn": "arn:aws:ec2:us-east-1:049618906674:elastic-ip/eipalloc-0e1bf977baee37fdb",
            "associate_with_private_ip": null,
            "association_id": "",
            "carrier_ip": "",
            "customer_owned_ip": "",
            "customer_owned_ipv4_pool": "",
            "domain": "vpc",
            "id": "eipalloc-0e1bf977baee37fdb",
            "instance": "",
            "ipam_pool_id": null,
            "network_border_group": "us-east-1",
            "network_interface": "",
            "private_dns": null,
            "private_ip": "",
            "ptr_record": "",
            "public_dns": "ec2-100-60-124-177.compute-1.amazonaws.com",
            "public_ip": "100.60.124.177",
            "public_ipv4_pool": "amazon",
            "tags": {
              "Name": "petclinic-isi-prod-nat-eip-us-east-1a"
            },
            "tags_all": {
              "ManagedBy": "Terraform",
              "Name": "petclinic-isi-prod-nat-eip-us-east-1a",
              "Project": "petclinic"
            },
            "timeouts": null,
            "vpc": true
          },
          "sensitive_attributes": [],
          "identity_schema_version": 0,
          "private": "eyJlMmJmYjczMC1lY2FhLTExZTYtOGY4OC0zNDM2M2JjN2M0YzAiOnsiZGVsZXRlIjoxODAwMDAwMDAwMDAsInJlYWQiOjkwMDAwMDAwMDAwMCwidXBkYXRlIjozMDAwMDAwMDAwMDB9fQ==",
          "dependencies": [
            "module.vpc.aws_internet_gateway.main",
            "module.vpc.aws_vpc.main"
          ]
        },
        {
          "index_key": 1,
          "schema_version": 0,
          "attributes": {
            "address": null,
            "allocation_id": "eipalloc-0381461843b456948",
            "arn": "arn:aws:ec2:us-east-1:049618906674:elastic-ip/eipalloc-0381461843b456948",
            "associate_with_private_ip": null,
            "association_id": "",
            "carrier_ip": "",
            "customer_owned_ip": "",
            "customer_owned_ipv4_pool": "",
            "domain": "vpc",
            "id": "eipalloc-0381461843b456948",
            "instance": "",
            "ipam_pool_id": null,
            "network_border_group": "us-east-1",
            "network_interface": "",
            "private_dns": null,
            "private_ip": "",
            "ptr_record": "",
            "public_dns": "ec2-44-193-57-31.compute-1.amazonaws.com",
            "public_ip": "44.193.57.31",
            "public_ipv4_pool": "amazon",
            "tags": {
              "Name": "petclinic-isi-prod-nat-eip-us-east-1b"
            },
            "tags_all": {
              "ManagedBy": "Terraform",
              "Name": "petclinic-isi-prod-nat-eip-us-east-1b",
              "Project": "petclinic"
            },
            "timeouts": null,
            "vpc": true
          },
          "sensitive_attributes": [],
          "identity_schema_version": 0,
          "private": "eyJlMmJmYjczMC1lY2FhLTExZTYtOGY4OC0zNDM2M2JjN2M0YzAiOnsiZGVsZXRlIjoxODAwMDAwMDAwMDAsInJlYWQiOjkwMDAwMDAwMDAwMCwidXBkYXRlIjozMDAwMDAwMDAwMDB9fQ==",
          "dependencies": [
            "module.vpc.aws_internet_gateway.main",
            "module.vpc.aws_vpc.main"
          ]
        },
        {
          "index_key": 2,
          "schema_version": 0,
          "attributes": {
            "address": null,
            "allocation_id": "eipalloc-07e220c89fbaf80ae",
            "arn": "arn:aws:ec2:us-east-1:049618906674:elastic-ip/eipalloc-07e220c89fbaf80ae",
            "associate_with_private_ip": null,
            "association_id": "",
            "carrier_ip": "",
            "customer_owned_ip": "",
            "customer_owned_ipv4_pool": "",
            "domain": "vpc",
            "id": "eipalloc-07e220c89fbaf80ae",
            "instance": "",
            "ipam_pool_id": null,
            "network_border_group": "us-east-1",
            "network_interface": "",
            "private_dns": null,
            "private_ip": "",
            "ptr_record": "",
            "public_dns": "ec2-54-165-7-200.compute-1.amazonaws.com",
            "public_ip": "54.165.7.200",
            "public_ipv4_pool": "amazon",
            "tags": {
              "Name": "petclinic-isi-prod-nat-eip-us-east-1c"
            },
            "tags_all": {
              "ManagedBy": "Terraform",
              "Name": "petclinic-isi-prod-nat-eip-us-east-1c",
              "Project": "petclinic"
            },
            "timeouts": null,
            "vpc": true
          },
          "sensitive_attributes": [],
          "identity_schema_version": 0,
          "private": "eyJlMmJmYjczMC1lY2FhLTExZTYtOGY4OC0zNDM2M2JjN2M0YzAiOnsiZGVsZXRlIjoxODAwMDAwMDAwMDAsInJlYWQiOjkwMDAwMDAwMDAwMCwidXBkYXRlIjozMDAwMDAwMDAwMDB9fQ==",
          "dependencies": [
            "module.vpc.aws_internet_gateway.main",
            "module.vpc.aws_vpc.main"
          ]
        }
      ]
    },
    {
      "module": "module.vpc",
      "mode": "managed",
      "type": "aws_flow_log",
      "name": "main",
      "provider": "provider[\"registry.terraform.io/hashicorp/aws\"]",
      "instances": [
        {
          "schema_version": 0,
          "attributes": {
            "arn": "arn:aws:ec2:us-east-1:049618906674:vpc-flow-log/fl-01a1869dc06c4eb20",
            "deliver_cross_account_role": "",
            "destination_options": [],
            "eni_id": null,
            "iam_role_arn": "arn:aws:iam::049618906674:role/petclinic-isi-prod-vpc-flow-logs-role",
            "id": "fl-01a1869dc06c4eb20",
            "log_destination": "arn:aws:logs:us-east-1:049618906674:log-group:/aws/vpc/petclinic-isi-prod/flow-logs",
            "log_destination_type": "cloud-watch-logs",
            "log_format": "${version} ${account-id} ${interface-id} ${srcaddr} ${dstaddr} ${srcport} ${dstport} ${protocol} ${packets} ${bytes} ${start} ${end} ${action} ${log-status}",
            "log_group_name": "/aws/vpc/petclinic-isi-prod/flow-logs",
            "max_aggregation_interval": 600,
            "subnet_id": null,
            "tags": {
              "Name": "petclinic-isi-prod-flow-logs"
            },
            "tags_all": {
              "ManagedBy": "Terraform",
              "Name": "petclinic-isi-prod-flow-logs",
              "Project": "petclinic"
            },
            "traffic_type": "ALL",
            "transit_gateway_attachment_id": null,
            "transit_gateway_id": null,
            "vpc_id": "vpc-041d7f3991fd01528"
          },
          "sensitive_attributes": [],
          "identity_schema_version": 0,
          "private": "bnVsbA==",
          "dependencies": [
            "module.vpc.aws_cloudwatch_log_group.vpc_flow_logs",
            "module.vpc.aws_iam_role.vpc_flow_logs",
            "module.vpc.aws_vpc.main"
          ]
        }
      ]
    },
    {
      "module": "module.vpc",
      "mode": "managed",
      "type": "aws_iam_role",
      "name": "vpc_flow_logs",
      "provider": "provider[\"registry.terraform.io/hashicorp/aws\"]",
      "instances": [
        {
          "schema_version": 0,
          "attributes": {
            "arn": "arn:aws:iam::049618906674:role/petclinic-isi-prod-vpc-flow-logs-role",
            "assume_role_policy": "{\"Statement\":[{\"Action\":\"sts:AssumeRole\",\"Effect\":\"Allow\",\"Principal\":{\"Service\":\"vpc-flow-logs.amazonaws.com\"}}],\"Version\":\"2012-10-17\"}",
            "create_date": "2026-09-08T13:09:37Z",
            "description": "",
            "force_detach_policies": false,
            "id": "petclinic-isi-prod-vpc-flow-logs-role",
            "inline_policy": [],
            "managed_policy_arns": [],
            "max_session_duration": 3600,
            "name": "petclinic-isi-prod-vpc-flow-logs-role",
            "name_prefix": "",
            "path": "/",
            "permissions_boundary": "",
            "tags": null,
            "tags_all": {
              "ManagedBy": "Terraform",
              "Project": "petclinic"
            },
            "unique_id": "AROAQXDMENYZPUOCZIKNU"
          },
          "sensitive_attributes": [],
          "identity_schema_version": 0,
          "private": "bnVsbA=="
        }
      ]
    },
    {
      "module": "module.vpc",
      "mode": "managed",
      "type": "aws_iam_role_policy",
      "name": "vpc_flow_logs",
      "provider": "provider[\"registry.terraform.io/hashicorp/aws\"]",
      "instances": [
        {
          "schema_version": 0,
          "attributes": {
            "id": "petclinic-isi-prod-vpc-flow-logs-role:petclinic-isi-prod-vpc-flow-logs-policy",
            "name": "petclinic-isi-prod-vpc-flow-logs-policy",
            "name_prefix": "",
            "policy": "{\"Version\":\"2012-10-17\",\"Statement\":[{\"Action\":[\"logs:CreateLogGroup\",\"logs:CreateLogStream\",\"logs:PutLogEvents\",\"logs:DescribeLogGroups\",\"logs:DescribeLogStreams\"],\"Effect\":\"Allow\",\"Resource\":\"*\"}]}",
            "role": "petclinic-isi-prod-vpc-flow-logs-role"
          },
          "sensitive_attributes": [],
          "identity_schema_version": 0,
          "private": "bnVsbA==",
          "dependencies": [
            "module.vpc.aws_iam_role.vpc_flow_logs"
          ]
        }
      ]
    },
    {
      "module": "module.vpc",
      "mode": "managed",
      "type": "aws_internet_gateway",
      "name": "main",
      "provider": "provider[\"registry.terraform.io/hashicorp/aws\"]",
      "instances": [
        {
          "schema_version": 0,
          "attributes": {
            "arn": "arn:aws:ec2:us-east-1:049618906674:internet-gateway/igw-0c2b67711bf12492f",
            "id": "igw-0c2b67711bf12492f",
            "owner_id": "049618906674",
            "tags": {
              "Name": "petclinic-isi-prod-igw"
            },
            "tags_all": {
              "ManagedBy": "Terraform",
              "Name": "petclinic-isi-prod-igw",
              "Project": "petclinic"
            },
            "timeouts": null,
            "vpc_id": "vpc-041d7f3991fd01528"
          },
          "sensitive_attributes": [],
          "identity_schema_version": 0,
          "private": "eyJlMmJmYjczMC1lY2FhLTExZTYtOGY4OC0zNDM2M2JjN2M0YzAiOnsiY3JlYXRlIjoxMjAwMDAwMDAwMDAwLCJkZWxldGUiOjEyMDAwMDAwMDAwMDAsInVwZGF0ZSI6MTIwMDAwMDAwMDAwMH19",
          "dependencies": [
            "module.vpc.aws_vpc.main"
          ]
        }
      ]
    },
    {
      "module": "module.vpc",
      "mode": "managed",
      "type": "aws_nat_gateway",
      "name": "main",
      "provider": "provider[\"registry.terraform.io/hashicorp/aws\"]",
      "instances": [
        {
          "index_key": 0,
          "schema_version": 0,
          "attributes": {
            "allocation_id": "eipalloc-0e1bf977baee37fdb",
            "association_id": "eipassoc-00ef4d11bdb4a5701",
            "connectivity_type": "public",
            "id": "nat-08d311f3f424a20b6",
            "network_interface_id": "eni-0b754e023d6bbd6e1",
            "private_ip": "10.0.1.211",
            "public_ip": "100.60.124.177",
            "secondary_allocation_ids": null,
            "secondary_private_ip_address_count": 0,
            "secondary_private_ip_addresses": [],
            "subnet_id": "subnet-091ed6feb36c1b386",
            "tags": {
              "Name": "petclinic-isi-prod-nat-us-east-1a"
            },
            "tags_all": {
              "ManagedBy": "Terraform",
              "Name": "petclinic-isi-prod-nat-us-east-1a",
              "Project": "petclinic"
            },
            "timeouts": null
          },
          "sensitive_attributes": [],
          "identity_schema_version": 0,
          "private": "eyJlMmJmYjczMC1lY2FhLTExZTYtOGY4OC0zNDM2M2JjN2M0YzAiOnsiY3JlYXRlIjo2MDAwMDAwMDAwMDAsImRlbGV0ZSI6MTgwMDAwMDAwMDAwMCwidXBkYXRlIjo2MDAwMDAwMDAwMDB9fQ==",
          "dependencies": [
            "module.vpc.aws_eip.nat",
            "module.vpc.aws_internet_gateway.main",
            "module.vpc.aws_subnet.public",
            "module.vpc.aws_vpc.main"
          ]
        },
        {
          "index_key": 1,
          "schema_version": 0,
          "attributes": {
            "allocation_id": "eipalloc-0381461843b456948",
            "association_id": "eipassoc-0038f3c0cb7163ee5",
            "connectivity_type": "public",
            "id": "nat-09354bdc42f5994ad",
            "network_interface_id": "eni-047a5073e773479a2",
            "private_ip": "10.0.2.155",
            "public_ip": "44.193.57.31",
            "secondary_allocation_ids": null,
            "secondary_private_ip_address_count": 0,
            "secondary_private_ip_addresses": [],
            "subnet_id": "subnet-0a37adaec8f996348",
            "tags": {
              "Name": "petclinic-isi-prod-nat-us-east-1b"
            },
            "tags_all": {
              "ManagedBy": "Terraform",
              "Name": "petclinic-isi-prod-nat-us-east-1b",
              "Project": "petclinic"
            },
            "timeouts": null
          },
          "sensitive_attributes": [],
          "identity_schema_version": 0,
          "private": "eyJlMmJmYjczMC1lY2FhLTExZTYtOGY4OC0zNDM2M2JjN2M0YzAiOnsiY3JlYXRlIjo2MDAwMDAwMDAwMDAsImRlbGV0ZSI6MTgwMDAwMDAwMDAwMCwidXBkYXRlIjo2MDAwMDAwMDAwMDB9fQ==",
          "dependencies": [
            "module.vpc.aws_eip.nat",
            "module.vpc.aws_internet_gateway.main",
            "module.vpc.aws_subnet.public",
            "module.vpc.aws_vpc.main"
          ]
        },
        {
          "index_key": 2,
          "schema_version": 0,
          "attributes": {
            "allocation_id": "eipalloc-07e220c89fbaf80ae",
            "association_id": "eipassoc-0990725849916f82b",
            "connectivity_type": "public",
            "id": "nat-0b174590c2b4ea71f",
            "network_interface_id": "eni-0c2bbd8da9ba3ee1b",
            "private_ip": "10.0.3.36",
            "public_ip": "54.165.7.200",
            "secondary_allocation_ids": null,
            "secondary_private_ip_address_count": 0,
            "secondary_private_ip_addresses": [],
            "subnet_id": "subnet-03d58839c06f5244b",
            "tags": {
              "Name": "petclinic-isi-prod-nat-us-east-1c"
            },
            "tags_all": {
              "ManagedBy": "Terraform",
              "Name": "petclinic-isi-prod-nat-us-east-1c",
              "Project": "petclinic"
            },
            "timeouts": null
          },
          "sensitive_attributes": [],
          "identity_schema_version": 0,
          "private": "eyJlMmJmYjczMC1lY2FhLTExZTYtOGY4OC0zNDM2M2JjN2M0YzAiOnsiY3JlYXRlIjo2MDAwMDAwMDAwMDAsImRlbGV0ZSI6MTgwMDAwMDAwMDAwMCwidXBkYXRlIjo2MDAwMDAwMDAwMDB9fQ==",
          "dependencies": [
            "module.vpc.aws_eip.nat",
            "module.vpc.aws_internet_gateway.main",
            "module.vpc.aws_subnet.public",
            "module.vpc.aws_vpc.main"
          ]
        }
      ]
    },
    {
      "module": "module.vpc",
      "mode": "managed",
      "type": "aws_route_table",
      "name": "private",
      "provider": "provider[\"registry.terraform.io/hashicorp/aws\"]",
      "instances": [
        {
          "index_key": 0,
          "schema_version": 0,
          "attributes": {
            "arn": "arn:aws:ec2:us-east-1:049618906674:route-table/rtb-05294279c2cf97b58",
            "id": "rtb-05294279c2cf97b58",
            "owner_id": "049618906674",
            "propagating_vgws": [],
            "route": [
              {
                "carrier_gateway_id": "",
                "cidr_block": "0.0.0.0/0",
                "core_network_arn": "",
                "destination_prefix_list_id": "",
                "egress_only_gateway_id": "",
                "gateway_id": "",
                "ipv6_cidr_block": "",
                "local_gateway_id": "",
                "nat_gateway_id": "nat-08d311f3f424a20b6",
                "network_interface_id": "",
                "transit_gateway_id": "",
                "vpc_endpoint_id": "",
                "vpc_peering_connection_id": ""
              }
            ],
            "tags": {
              "Name": "petclinic-isi-prod-rt-private-us-east-1a"
            },
            "tags_all": {
              "ManagedBy": "Terraform",
              "Name": "petclinic-isi-prod-rt-private-us-east-1a",
              "Project": "petclinic"
            },
            "timeouts": null,
            "vpc_id": "vpc-041d7f3991fd01528"
          },
          "sensitive_attributes": [],
          "identity_schema_version": 0,
          "private": "eyJlMmJmYjczMC1lY2FhLTExZTYtOGY4OC0zNDM2M2JjN2M0YzAiOnsiY3JlYXRlIjozMDAwMDAwMDAwMDAsImRlbGV0ZSI6MzAwMDAwMDAwMDAwLCJ1cGRhdGUiOjEyMDAwMDAwMDAwMH19",
          "dependencies": [
            "module.vpc.aws_eip.nat",
            "module.vpc.aws_internet_gateway.main",
            "module.vpc.aws_nat_gateway.main",
            "module.vpc.aws_subnet.public",
            "module.vpc.aws_vpc.main"
          ]
        },
        {
          "index_key": 1,
          "schema_version": 0,
          "attributes": {
            "arn": "arn:aws:ec2:us-east-1:049618906674:route-table/rtb-0d007684ac5d371c4",
            "id": "rtb-0d007684ac5d371c4",
            "owner_id": "049618906674",
            "propagating_vgws": [],
            "route": [
              {
                "carrier_gateway_id": "",
                "cidr_block": "0.0.0.0/0",
                "core_network_arn": "",
                "destination_prefix_list_id": "",
                "egress_only_gateway_id": "",
                "gateway_id": "",
                "ipv6_cidr_block": "",
                "local_gateway_id": "",
                "nat_gateway_id": "nat-09354bdc42f5994ad",
                "network_interface_id": "",
                "transit_gateway_id": "",
                "vpc_endpoint_id": "",
                "vpc_peering_connection_id": ""
              }
            ],
            "tags": {
              "Name": "petclinic-isi-prod-rt-private-us-east-1b"
            },
            "tags_all": {
              "ManagedBy": "Terraform",
              "Name": "petclinic-isi-prod-rt-private-us-east-1b",
              "Project": "petclinic"
            },
            "timeouts": null,
            "vpc_id": "vpc-041d7f3991fd01528"
          },
          "sensitive_attributes": [],
          "identity_schema_version": 0,
          "private": "eyJlMmJmYjczMC1lY2FhLTExZTYtOGY4OC0zNDM2M2JjN2M0YzAiOnsiY3JlYXRlIjozMDAwMDAwMDAwMDAsImRlbGV0ZSI6MzAwMDAwMDAwMDAwLCJ1cGRhdGUiOjEyMDAwMDAwMDAwMH19",
          "dependencies": [
            "module.vpc.aws_eip.nat",
            "module.vpc.aws_internet_gateway.main",
            "module.vpc.aws_nat_gateway.main",
            "module.vpc.aws_subnet.public",
            "module.vpc.aws_vpc.main"
          ]
        },
        {
          "index_key": 2,
          "schema_version": 0,
          "attributes": {
            "arn": "arn:aws:ec2:us-east-1:049618906674:route-table/rtb-0b219164839b2f41f",
            "id": "rtb-0b219164839b2f41f",
            "owner_id": "049618906674",
            "propagating_vgws": [],
            "route": [
              {
                "carrier_gateway_id": "",
                "cidr_block": "0.0.0.0/0",
                "core_network_arn": "",
                "destination_prefix_list_id": "",
                "egress_only_gateway_id": "",
                "gateway_id": "",
                "ipv6_cidr_block": "",
                "local_gateway_id": "",
                "nat_gateway_id": "nat-0b174590c2b4ea71f",
                "network_interface_id": "",
                "transit_gateway_id": "",
                "vpc_endpoint_id": "",
                "vpc_peering_connection_id": ""
              }
            ],
            "tags": {
              "Name": "petclinic-isi-prod-rt-private-us-east-1c"
            },
            "tags_all": {
              "ManagedBy": "Terraform",
              "Name": "petclinic-isi-prod-rt-private-us-east-1c",
              "Project": "petclinic"
            },
            "timeouts": null,
            "vpc_id": "vpc-041d7f3991fd01528"
          },
          "sensitive_attributes": [],
          "identity_schema_version": 0,
          "private": "eyJlMmJmYjczMC1lY2FhLTExZTYtOGY4OC0zNDM2M2JjN2M0YzAiOnsiY3JlYXRlIjozMDAwMDAwMDAwMDAsImRlbGV0ZSI6MzAwMDAwMDAwMDAwLCJ1cGRhdGUiOjEyMDAwMDAwMDAwMH19",
          "dependencies": [
            "module.vpc.aws_eip.nat",
            "module.vpc.aws_internet_gateway.main",
            "module.vpc.aws_nat_gateway.main",
            "module.vpc.aws_subnet.public",
            "module.vpc.aws_vpc.main"
          ]
        }
      ]
    },
    {
      "module": "module.vpc",
      "mode": "managed",
      "type": "aws_route_table",
      "name": "public",
      "provider": "provider[\"registry.terraform.io/hashicorp/aws\"]",
      "instances": [
        {
          "schema_version": 0,
          "attributes": {
            "arn": "arn:aws:ec2:us-east-1:049618906674:route-table/rtb-04c98426a4a4cd7c7",
            "id": "rtb-04c98426a4a4cd7c7",
            "owner_id": "049618906674",
            "propagating_vgws": [],
            "route": [
              {
                "carrier_gateway_id": "",
                "cidr_block": "0.0.0.0/0",
                "core_network_arn": "",
                "destination_prefix_list_id": "",
                "egress_only_gateway_id": "",
                "gateway_id": "igw-0c2b67711bf12492f",
                "ipv6_cidr_block": "",
                "local_gateway_id": "",
                "nat_gateway_id": "",
                "network_interface_id": "",
                "transit_gateway_id": "",
                "vpc_endpoint_id": "",
                "vpc_peering_connection_id": ""
              }
            ],
            "tags": {
              "Name": "petclinic-isi-prod-rt-public"
            },
            "tags_all": {
              "ManagedBy": "Terraform",
              "Name": "petclinic-isi-prod-rt-public",
              "Project": "petclinic"
            },
            "timeouts": null,
            "vpc_id": "vpc-041d7f3991fd01528"
          },
          "sensitive_attributes": [],
          "identity_schema_version": 0,
          "private": "eyJlMmJmYjczMC1lY2FhLTExZTYtOGY4OC0zNDM2M2JjN2M0YzAiOnsiY3JlYXRlIjozMDAwMDAwMDAwMDAsImRlbGV0ZSI6MzAwMDAwMDAwMDAwLCJ1cGRhdGUiOjEyMDAwMDAwMDAwMH19",
          "dependencies": [
            "module.vpc.aws_internet_gateway.main",
            "module.vpc.aws_vpc.main"
          ]
        }
      ]
    },
    {
      "module": "module.vpc",
      "mode": "managed",
      "type": "aws_route_table_association",
      "name": "db",
      "provider": "provider[\"registry.terraform.io/hashicorp/aws\"]",
      "instances": [
        {
          "index_key": 0,
          "schema_version": 0,
          "attributes": {
            "gateway_id": "",
            "id": "rtbassoc-00b04cb1d14f5893c",
            "route_table_id": "rtb-05294279c2cf97b58",
            "subnet_id": "subnet-0499c5d1e0f937ca2",
            "timeouts": null
          },
          "sensitive_attributes": [],
          "identity_schema_version": 0,
          "private": "eyJlMmJmYjczMC1lY2FhLTExZTYtOGY4OC0zNDM2M2JjN2M0YzAiOnsiY3JlYXRlIjozMDAwMDAwMDAwMDAsImRlbGV0ZSI6MzAwMDAwMDAwMDAwLCJ1cGRhdGUiOjEyMDAwMDAwMDAwMH19",
          "dependencies": [
            "module.vpc.aws_eip.nat",
            "module.vpc.aws_internet_gateway.main",
            "module.vpc.aws_nat_gateway.main",
            "module.vpc.aws_route_table.private",
            "module.vpc.aws_subnet.db",
            "module.vpc.aws_subnet.public",
            "module.vpc.aws_vpc.main"
          ]
        },
        {
          "index_key": 1,
          "schema_version": 0,
          "attributes": {
            "gateway_id": "",
            "id": "rtbassoc-0c4d4ad35bf2e4f2a",
            "route_table_id": "rtb-0d007684ac5d371c4",
            "subnet_id": "subnet-033dbd1913a66573c",
            "timeouts": null
          },
          "sensitive_attributes": [],
          "identity_schema_version": 0,
          "private": "eyJlMmJmYjczMC1lY2FhLTExZTYtOGY4OC0zNDM2M2JjN2M0YzAiOnsiY3JlYXRlIjozMDAwMDAwMDAwMDAsImRlbGV0ZSI6MzAwMDAwMDAwMDAwLCJ1cGRhdGUiOjEyMDAwMDAwMDAwMH19",
          "dependencies": [
            "module.vpc.aws_eip.nat",
            "module.vpc.aws_internet_gateway.main",
            "module.vpc.aws_nat_gateway.main",
            "module.vpc.aws_route_table.private",
            "module.vpc.aws_subnet.db",
            "module.vpc.aws_subnet.public",
            "module.vpc.aws_vpc.main"
          ]
        },
        {
          "index_key": 2,
          "schema_version": 0,
          "attributes": {
            "gateway_id": "",
            "id": "rtbassoc-0da5fd7fd83e3f8c6",
            "route_table_id": "rtb-0b219164839b2f41f",
            "subnet_id": "subnet-08b94ddd8894b3e92",
            "timeouts": null
          },
          "sensitive_attributes": [],
          "identity_schema_version": 0,
          "private": "eyJlMmJmYjczMC1lY2FhLTExZTYtOGY4OC0zNDM2M2JjN2M0YzAiOnsiY3JlYXRlIjozMDAwMDAwMDAwMDAsImRlbGV0ZSI6MzAwMDAwMDAwMDAwLCJ1cGRhdGUiOjEyMDAwMDAwMDAwMH19",
          "dependencies": [
            "module.vpc.aws_eip.nat",
            "module.vpc.aws_internet_gateway.main",
            "module.vpc.aws_nat_gateway.main",
            "module.vpc.aws_route_table.private",
            "module.vpc.aws_subnet.db",
            "module.vpc.aws_subnet.public",
            "module.vpc.aws_vpc.main"
          ]
        }
      ]
    },
    {
      "module": "module.vpc",
      "mode": "managed",
      "type": "aws_route_table_association",
      "name": "private",
      "provider": "provider[\"registry.terraform.io/hashicorp/aws\"]",
      "instances": [
        {
          "index_key": 0,
          "schema_version": 0,
          "attributes": {
            "gateway_id": "",
            "id": "rtbassoc-01d2744c20ccbd48e",
            "route_table_id": "rtb-05294279c2cf97b58",
            "subnet_id": "subnet-0f2567377a5269cbe",
            "timeouts": null
          },
          "sensitive_attributes": [],
          "identity_schema_version": 0,
          "private": "eyJlMmJmYjczMC1lY2FhLTExZTYtOGY4OC0zNDM2M2JjN2M0YzAiOnsiY3JlYXRlIjozMDAwMDAwMDAwMDAsImRlbGV0ZSI6MzAwMDAwMDAwMDAwLCJ1cGRhdGUiOjEyMDAwMDAwMDAwMH19",
          "dependencies": [
            "module.vpc.aws_eip.nat",
            "module.vpc.aws_internet_gateway.main",
            "module.vpc.aws_nat_gateway.main",
            "module.vpc.aws_route_table.private",
            "module.vpc.aws_subnet.private",
            "module.vpc.aws_subnet.public",
            "module.vpc.aws_vpc.main"
          ]
        },
        {
          "index_key": 1,
          "schema_version": 0,
          "attributes": {
            "gateway_id": "",
            "id": "rtbassoc-0130fa7d9f76ea482",
            "route_table_id": "rtb-0d007684ac5d371c4",
            "subnet_id": "subnet-0497d2ac543fe9708",
            "timeouts": null
          },
          "sensitive_attributes": [],
          "identity_schema_version": 0,
          "private": "eyJlMmJmYjczMC1lY2FhLTExZTYtOGY4OC0zNDM2M2JjN2M0YzAiOnsiY3JlYXRlIjozMDAwMDAwMDAwMDAsImRlbGV0ZSI6MzAwMDAwMDAwMDAwLCJ1cGRhdGUiOjEyMDAwMDAwMDAwMH19",
          "dependencies": [
            "module.vpc.aws_eip.nat",
            "module.vpc.aws_internet_gateway.main",
            "module.vpc.aws_nat_gateway.main",
            "module.vpc.aws_route_table.private",
            "module.vpc.aws_subnet.private",
            "module.vpc.aws_subnet.public",
            "module.vpc.aws_vpc.main"
          ]
        },
        {
          "index_key": 2,
          "schema_version": 0,
          "attributes": {
            "gateway_id": "",
            "id": "rtbassoc-0dc61d80b3559b7fa",
            "route_table_id": "rtb-0b219164839b2f41f",
            "subnet_id": "subnet-074c8cfb5be71d604",
            "timeouts": null
          },
          "sensitive_attributes": [],
          "identity_schema_version": 0,
          "private": "eyJlMmJmYjczMC1lY2FhLTExZTYtOGY4OC0zNDM2M2JjN2M0YzAiOnsiY3JlYXRlIjozMDAwMDAwMDAwMDAsImRlbGV0ZSI6MzAwMDAwMDAwMDAwLCJ1cGRhdGUiOjEyMDAwMDAwMDAwMH19",
          "dependencies": [
            "module.vpc.aws_eip.nat",
            "module.vpc.aws_internet_gateway.main",
            "module.vpc.aws_nat_gateway.main",
            "module.vpc.aws_route_table.private",
            "module.vpc.aws_subnet.private",
            "module.vpc.aws_subnet.public",
            "module.vpc.aws_vpc.main"
          ]
        }
      ]
    },
    {
      "module": "module.vpc",
      "mode": "managed",
      "type": "aws_route_table_association",
      "name": "public",
      "provider": "provider[\"registry.terraform.io/hashicorp/aws\"]",
      "instances": [
        {
          "index_key": 0,
          "schema_version": 0,
          "attributes": {
            "gateway_id": "",
            "id": "rtbassoc-041bf7b08b9252d84",
            "route_table_id": "rtb-04c98426a4a4cd7c7",
            "subnet_id": "subnet-091ed6feb36c1b386",
            "timeouts": null
          },
          "sensitive_attributes": [],
          "identity_schema_version": 0,
          "private": "eyJlMmJmYjczMC1lY2FhLTExZTYtOGY4OC0zNDM2M2JjN2M0YzAiOnsiY3JlYXRlIjozMDAwMDAwMDAwMDAsImRlbGV0ZSI6MzAwMDAwMDAwMDAwLCJ1cGRhdGUiOjEyMDAwMDAwMDAwMH19",
          "dependencies": [
            "module.vpc.aws_internet_gateway.main",
            "module.vpc.aws_route_table.public",
            "module.vpc.aws_subnet.public",
            "module.vpc.aws_vpc.main"
          ]
        },
        {
          "index_key": 1,
          "schema_version": 0,
          "attributes": {
            "gateway_id": "",
            "id": "rtbassoc-012b170624f263d92",
            "route_table_id": "rtb-04c98426a4a4cd7c7",
            "subnet_id": "subnet-0a37adaec8f996348",
            "timeouts": null
          },
          "sensitive_attributes": [],
          "identity_schema_version": 0,
          "private": "eyJlMmJmYjczMC1lY2FhLTExZTYtOGY4OC0zNDM2M2JjN2M0YzAiOnsiY3JlYXRlIjozMDAwMDAwMDAwMDAsImRlbGV0ZSI6MzAwMDAwMDAwMDAwLCJ1cGRhdGUiOjEyMDAwMDAwMDAwMH19",
          "dependencies": [
            "module.vpc.aws_internet_gateway.main",
            "module.vpc.aws_route_table.public",
            "module.vpc.aws_subnet.public",
            "module.vpc.aws_vpc.main"
          ]
        },
        {
          "index_key": 2,
          "schema_version": 0,
          "attributes": {
            "gateway_id": "",
            "id": "rtbassoc-06545779fbdaa11f0",
            "route_table_id": "rtb-04c98426a4a4cd7c7",
            "subnet_id": "subnet-03d58839c06f5244b",
            "timeouts": null
          },
          "sensitive_attributes": [],
          "identity_schema_version": 0,
          "private": "eyJlMmJmYjczMC1lY2FhLTExZTYtOGY4OC0zNDM2M2JjN2M0YzAiOnsiY3JlYXRlIjozMDAwMDAwMDAwMDAsImRlbGV0ZSI6MzAwMDAwMDAwMDAwLCJ1cGRhdGUiOjEyMDAwMDAwMDAwMH19",
          "dependencies": [
            "module.vpc.aws_internet_gateway.main",
            "module.vpc.aws_route_table.public",
            "module.vpc.aws_subnet.public",
            "module.vpc.aws_vpc.main"
          ]
        }
      ]
    },
    {
      "module": "module.vpc",
      "mode": "managed",
      "type": "aws_subnet",
      "name": "db",
      "provider": "provider[\"registry.terraform.io/hashicorp/aws\"]",
      "instances": [
        {
          "index_key": 0,
          "schema_version": 1,
          "attributes": {
            "arn": "arn:aws:ec2:us-east-1:049618906674:subnet/subnet-0499c5d1e0f937ca2",
            "assign_ipv6_address_on_creation": false,
            "availability_zone": "us-east-1a",
            "availability_zone_id": "use1-az1",
            "cidr_block": "10.0.21.0/24",
            "customer_owned_ipv4_pool": "",
            "enable_dns64": false,
            "enable_lni_at_device_index": 0,
            "enable_resource_name_dns_a_record_on_launch": false,
            "enable_resource_name_dns_aaaa_record_on_launch": false,
            "id": "subnet-0499c5d1e0f937ca2",
            "ipv6_cidr_block": "",
            "ipv6_cidr_block_association_id": "",
            "ipv6_native": false,
            "map_customer_owned_ip_on_launch": false,
            "map_public_ip_on_launch": false,
            "outpost_arn": "",
            "owner_id": "049618906674",
            "private_dns_hostname_type_on_launch": "ip-name",
            "tags": {
              "Name": "petclinic-isi-prod-db-us-east-1a",
              "Type": "Private-DB"
            },
            "tags_all": {
              "ManagedBy": "Terraform",
              "Name": "petclinic-isi-prod-db-us-east-1a",
              "Project": "petclinic",
              "Type": "Private-DB"
            },
            "timeouts": null,
            "vpc_id": "vpc-041d7f3991fd01528"
          },
          "sensitive_attributes": [],
          "identity_schema_version": 0,
          "private": "eyJlMmJmYjczMC1lY2FhLTExZTYtOGY4OC0zNDM2M2JjN2M0YzAiOnsiY3JlYXRlIjo2MDAwMDAwMDAwMDAsImRlbGV0ZSI6MTIwMDAwMDAwMDAwMH0sInNjaGVtYV92ZXJzaW9uIjoiMSJ9",
          "dependencies": [
            "module.vpc.aws_vpc.main"
          ]
        },
        {
          "index_key": 1,
          "schema_version": 1,
          "attributes": {
            "arn": "arn:aws:ec2:us-east-1:049618906674:subnet/subnet-033dbd1913a66573c",
            "assign_ipv6_address_on_creation": false,
            "availability_zone": "us-east-1b",
            "availability_zone_id": "use1-az2",
            "cidr_block": "10.0.22.0/24",
            "customer_owned_ipv4_pool": "",
            "enable_dns64": false,
            "enable_lni_at_device_index": 0,
            "enable_resource_name_dns_a_record_on_launch": false,
            "enable_resource_name_dns_aaaa_record_on_launch": false,
            "id": "subnet-033dbd1913a66573c",
            "ipv6_cidr_block": "",
            "ipv6_cidr_block_association_id": "",
            "ipv6_native": false,
            "map_customer_owned_ip_on_launch": false,
            "map_public_ip_on_launch": false,
            "outpost_arn": "",
            "owner_id": "049618906674",
            "private_dns_hostname_type_on_launch": "ip-name",
            "tags": {
              "Name": "petclinic-isi-prod-db-us-east-1b",
              "Type": "Private-DB"
            },
            "tags_all": {
              "ManagedBy": "Terraform",
              "Name": "petclinic-isi-prod-db-us-east-1b",
              "Project": "petclinic",
              "Type": "Private-DB"
            },
            "timeouts": null,
            "vpc_id": "vpc-041d7f3991fd01528"
          },
          "sensitive_attributes": [],
          "identity_schema_version": 0,
          "private": "eyJlMmJmYjczMC1lY2FhLTExZTYtOGY4OC0zNDM2M2JjN2M0YzAiOnsiY3JlYXRlIjo2MDAwMDAwMDAwMDAsImRlbGV0ZSI6MTIwMDAwMDAwMDAwMH0sInNjaGVtYV92ZXJzaW9uIjoiMSJ9",
          "dependencies": [
            "module.vpc.aws_vpc.main"
          ]
        },
        {
          "index_key": 2,
          "schema_version": 1,
          "attributes": {
            "arn": "arn:aws:ec2:us-east-1:049618906674:subnet/subnet-08b94ddd8894b3e92",
            "assign_ipv6_address_on_creation": false,
            "availability_zone": "us-east-1c",
            "availability_zone_id": "use1-az4",
            "cidr_block": "10.0.23.0/24",
            "customer_owned_ipv4_pool": "",
            "enable_dns64": false,
            "enable_lni_at_device_index": 0,
            "enable_resource_name_dns_a_record_on_launch": false,
            "enable_resource_name_dns_aaaa_record_on_launch": false,
            "id": "subnet-08b94ddd8894b3e92",
            "ipv6_cidr_block": "",
            "ipv6_cidr_block_association_id": "",
            "ipv6_native": false,
            "map_customer_owned_ip_on_launch": false,
            "map_public_ip_on_launch": false,
            "outpost_arn": "",
            "owner_id": "049618906674",
            "private_dns_hostname_type_on_launch": "ip-name",
            "tags": {
              "Name": "petclinic-isi-prod-db-us-east-1c",
              "Type": "Private-DB"
            },
            "tags_all": {
              "ManagedBy": "Terraform",
              "Name": "petclinic-isi-prod-db-us-east-1c",
              "Project": "petclinic",
              "Type": "Private-DB"
            },
            "timeouts": null,
            "vpc_id": "vpc-041d7f3991fd01528"
          },
          "sensitive_attributes": [],
          "identity_schema_version": 0,
          "private": "eyJlMmJmYjczMC1lY2FhLTExZTYtOGY4OC0zNDM2M2JjN2M0YzAiOnsiY3JlYXRlIjo2MDAwMDAwMDAwMDAsImRlbGV0ZSI6MTIwMDAwMDAwMDAwMH0sInNjaGVtYV92ZXJzaW9uIjoiMSJ9",
          "dependencies": [
            "module.vpc.aws_vpc.main"
          ]
        }
      ]
    },
    {
      "module": "module.vpc",
      "mode": "managed",
      "type": "aws_subnet",
      "name": "private",
      "provider": "provider[\"registry.terraform.io/hashicorp/aws\"]",
      "instances": [
        {
          "index_key": 0,
          "schema_version": 1,
          "attributes": {
            "arn": "arn:aws:ec2:us-east-1:049618906674:subnet/subnet-0f2567377a5269cbe",
            "assign_ipv6_address_on_creation": false,
            "availability_zone": "us-east-1a",
            "availability_zone_id": "use1-az1",
            "cidr_block": "10.0.11.0/24",
            "customer_owned_ipv4_pool": "",
            "enable_dns64": false,
            "enable_lni_at_device_index": 0,
            "enable_resource_name_dns_a_record_on_launch": false,
            "enable_resource_name_dns_aaaa_record_on_launch": false,
            "id": "subnet-0f2567377a5269cbe",
            "ipv6_cidr_block": "",
            "ipv6_cidr_block_association_id": "",
            "ipv6_native": false,
            "map_customer_owned_ip_on_launch": false,
            "map_public_ip_on_launch": false,
            "outpost_arn": "",
            "owner_id": "049618906674",
            "private_dns_hostname_type_on_launch": "ip-name",
            "tags": {
              "Name": "petclinic-isi-prod-private-us-east-1a",
              "Type": "Private-App"
            },
            "tags_all": {
              "ManagedBy": "Terraform",
              "Name": "petclinic-isi-prod-private-us-east-1a",
              "Project": "petclinic",
              "Type": "Private-App"
            },
            "timeouts": null,
            "vpc_id": "vpc-041d7f3991fd01528"
          },
          "sensitive_attributes": [],
          "identity_schema_version": 0,
          "private": "eyJlMmJmYjczMC1lY2FhLTExZTYtOGY4OC0zNDM2M2JjN2M0YzAiOnsiY3JlYXRlIjo2MDAwMDAwMDAwMDAsImRlbGV0ZSI6MTIwMDAwMDAwMDAwMH0sInNjaGVtYV92ZXJzaW9uIjoiMSJ9",
          "dependencies": [
            "module.vpc.aws_vpc.main"
          ]
        },
        {
          "index_key": 1,
          "schema_version": 1,
          "attributes": {
            "arn": "arn:aws:ec2:us-east-1:049618906674:subnet/subnet-0497d2ac543fe9708",
            "assign_ipv6_address_on_creation": false,
            "availability_zone": "us-east-1b",
            "availability_zone_id": "use1-az2",
            "cidr_block": "10.0.12.0/24",
            "customer_owned_ipv4_pool": "",
            "enable_dns64": false,
            "enable_lni_at_device_index": 0,
            "enable_resource_name_dns_a_record_on_launch": false,
            "enable_resource_name_dns_aaaa_record_on_launch": false,
            "id": "subnet-0497d2ac543fe9708",
            "ipv6_cidr_block": "",
            "ipv6_cidr_block_association_id": "",
            "ipv6_native": false,
            "map_customer_owned_ip_on_launch": false,
            "map_public_ip_on_launch": false,
            "outpost_arn": "",
            "owner_id": "049618906674",
            "private_dns_hostname_type_on_launch": "ip-name",
            "tags": {
              "Name": "petclinic-isi-prod-private-us-east-1b",
              "Type": "Private-App"
            },
            "tags_all": {
              "ManagedBy": "Terraform",
              "Name": "petclinic-isi-prod-private-us-east-1b",
              "Project": "petclinic",
              "Type": "Private-App"
            },
            "timeouts": null,
            "vpc_id": "vpc-041d7f3991fd01528"
          },
          "sensitive_attributes": [],
          "identity_schema_version": 0,
          "private": "eyJlMmJmYjczMC1lY2FhLTExZTYtOGY4OC0zNDM2M2JjN2M0YzAiOnsiY3JlYXRlIjo2MDAwMDAwMDAwMDAsImRlbGV0ZSI6MTIwMDAwMDAwMDAwMH0sInNjaGVtYV92ZXJzaW9uIjoiMSJ9",
          "dependencies": [
            "module.vpc.aws_vpc.main"
          ]
        },
        {
          "index_key": 2,
          "schema_version": 1,
          "attributes": {
            "arn": "arn:aws:ec2:us-east-1:049618906674:subnet/subnet-074c8cfb5be71d604",
            "assign_ipv6_address_on_creation": false,
            "availability_zone": "us-east-1c",
            "availability_zone_id": "use1-az4",
            "cidr_block": "10.0.13.0/24",
            "customer_owned_ipv4_pool": "",
            "enable_dns64": false,
            "enable_lni_at_device_index": 0,
            "enable_resource_name_dns_a_record_on_launch": false,
            "enable_resource_name_dns_aaaa_record_on_launch": false,
            "id": "subnet-074c8cfb5be71d604",
            "ipv6_cidr_block": "",
            "ipv6_cidr_block_association_id": "",
            "ipv6_native": false,
            "map_customer_owned_ip_on_launch": false,
            "map_public_ip_on_launch": false,
            "outpost_arn": "",
            "owner_id": "049618906674",
            "private_dns_hostname_type_on_launch": "ip-name",
            "tags": {
              "Name": "petclinic-isi-prod-private-us-east-1c",
              "Type": "Private-App"
            },
            "tags_all": {
              "ManagedBy": "Terraform",
              "Name": "petclinic-isi-prod-private-us-east-1c",
              "Project": "petclinic",
              "Type": "Private-App"
            },
            "timeouts": null,
            "vpc_id": "vpc-041d7f3991fd01528"
          },
          "sensitive_attributes": [],
          "identity_schema_version": 0,
          "private": "eyJlMmJmYjczMC1lY2FhLTExZTYtOGY4OC0zNDM2M2JjN2M0YzAiOnsiY3JlYXRlIjo2MDAwMDAwMDAwMDAsImRlbGV0ZSI6MTIwMDAwMDAwMDAwMH0sInNjaGVtYV92ZXJzaW9uIjoiMSJ9",
          "dependencies": [
            "module.vpc.aws_vpc.main"
          ]
        }
      ]
    },
    {
      "module": "module.vpc",
      "mode": "managed",
      "type": "aws_subnet",
      "name": "public",
      "provider": "provider[\"registry.terraform.io/hashicorp/aws\"]",
      "instances": [
        {
          "index_key": 0,
          "schema_version": 1,
          "attributes": {
            "arn": "arn:aws:ec2:us-east-1:049618906674:subnet/subnet-091ed6feb36c1b386",
            "assign_ipv6_address_on_creation": false,
            "availability_zone": "us-east-1a",
            "availability_zone_id": "use1-az1",
            "cidr_block": "10.0.1.0/24",
            "customer_owned_ipv4_pool": "",
            "enable_dns64": false,
            "enable_lni_at_device_index": 0,
            "enable_resource_name_dns_a_record_on_launch": false,
            "enable_resource_name_dns_aaaa_record_on_launch": false,
            "id": "subnet-091ed6feb36c1b386",
            "ipv6_cidr_block": "",
            "ipv6_cidr_block_association_id": "",
            "ipv6_native": false,
            "map_customer_owned_ip_on_launch": false,
            "map_public_ip_on_launch": true,
            "outpost_arn": "",
            "owner_id": "049618906674",
            "private_dns_hostname_type_on_launch": "ip-name",
            "tags": {
              "Name": "petclinic-isi-prod-public-us-east-1a",
              "Type": "Public"
            },
            "tags_all": {
              "ManagedBy": "Terraform",
              "Name": "petclinic-isi-prod-public-us-east-1a",
              "Project": "petclinic",
              "Type": "Public"
            },
            "timeouts": null,
            "vpc_id": "vpc-041d7f3991fd01528"
          },
          "sensitive_attributes": [],
          "identity_schema_version": 0,
          "private": "eyJlMmJmYjczMC1lY2FhLTExZTYtOGY4OC0zNDM2M2JjN2M0YzAiOnsiY3JlYXRlIjo2MDAwMDAwMDAwMDAsImRlbGV0ZSI6MTIwMDAwMDAwMDAwMH0sInNjaGVtYV92ZXJzaW9uIjoiMSJ9",
          "dependencies": [
            "module.vpc.aws_vpc.main"
          ],
          "create_before_destroy": true
        },
        {
          "index_key": 1,
          "schema_version": 1,
          "attributes": {
            "arn": "arn:aws:ec2:us-east-1:049618906674:subnet/subnet-0a37adaec8f996348",
            "assign_ipv6_address_on_creation": false,
            "availability_zone": "us-east-1b",
            "availability_zone_id": "use1-az2",
            "cidr_block": "10.0.2.0/24",
            "customer_owned_ipv4_pool": "",
            "enable_dns64": false,
            "enable_lni_at_device_index": 0,
            "enable_resource_name_dns_a_record_on_launch": false,
            "enable_resource_name_dns_aaaa_record_on_launch": false,
            "id": "subnet-0a37adaec8f996348",
            "ipv6_cidr_block": "",
            "ipv6_cidr_block_association_id": "",
            "ipv6_native": false,
            "map_customer_owned_ip_on_launch": false,
            "map_public_ip_on_launch": true,
            "outpost_arn": "",
            "owner_id": "049618906674",
            "private_dns_hostname_type_on_launch": "ip-name",
            "tags": {
              "Name": "petclinic-isi-prod-public-us-east-1b",
              "Type": "Public"
            },
            "tags_all": {
              "ManagedBy": "Terraform",
              "Name": "petclinic-isi-prod-public-us-east-1b",
              "Project": "petclinic",
              "Type": "Public"
            },
            "timeouts": null,
            "vpc_id": "vpc-041d7f3991fd01528"
          },
          "sensitive_attributes": [],
          "identity_schema_version": 0,
          "private": "eyJlMmJmYjczMC1lY2FhLTExZTYtOGY4OC0zNDM2M2JjN2M0YzAiOnsiY3JlYXRlIjo2MDAwMDAwMDAwMDAsImRlbGV0ZSI6MTIwMDAwMDAwMDAwMH0sInNjaGVtYV92ZXJzaW9uIjoiMSJ9",
          "dependencies": [
            "module.vpc.aws_vpc.main"
          ],
          "create_before_destroy": true
        },
        {
          "index_key": 2,
          "schema_version": 1,
          "attributes": {
            "arn": "arn:aws:ec2:us-east-1:049618906674:subnet/subnet-03d58839c06f5244b",
            "assign_ipv6_address_on_creation": false,
            "availability_zone": "us-east-1c",
            "availability_zone_id": "use1-az4",
            "cidr_block": "10.0.3.0/24",
            "customer_owned_ipv4_pool": "",
            "enable_dns64": false,
            "enable_lni_at_device_index": 0,
            "enable_resource_name_dns_a_record_on_launch": false,
            "enable_resource_name_dns_aaaa_record_on_launch": false,
            "id": "subnet-03d58839c06f5244b",
            "ipv6_cidr_block": "",
            "ipv6_cidr_block_association_id": "",
            "ipv6_native": false,
            "map_customer_owned_ip_on_launch": false,
            "map_public_ip_on_launch": true,
            "outpost_arn": "",
            "owner_id": "049618906674",
            "private_dns_hostname_type_on_launch": "ip-name",
            "tags": {
              "Name": "petclinic-isi-prod-public-us-east-1c",
              "Type": "Public"
            },
            "tags_all": {
              "ManagedBy": "Terraform",
              "Name": "petclinic-isi-prod-public-us-east-1c",
              "Project": "petclinic",
              "Type": "Public"
            },
            "timeouts": null,
            "vpc_id": "vpc-041d7f3991fd01528"
          },
          "sensitive_attributes": [],
          "identity_schema_version": 0,
          "private": "eyJlMmJmYjczMC1lY2FhLTExZTYtOGY4OC0zNDM2M2JjN2M0YzAiOnsiY3JlYXRlIjo2MDAwMDAwMDAwMDAsImRlbGV0ZSI6MTIwMDAwMDAwMDAwMH0sInNjaGVtYV92ZXJzaW9uIjoiMSJ9",
          "dependencies": [
            "module.vpc.aws_vpc.main"
          ],
          "create_before_destroy": true
        }
      ]
    },
    {
      "module": "module.vpc",
      "mode": "managed",
      "type": "aws_vpc",
      "name": "main",
      "provider": "provider[\"registry.terraform.io/hashicorp/aws\"]",
      "instances": [
        {
          "schema_version": 1,
          "attributes": {
            "arn": "arn:aws:ec2:us-east-1:049618906674:vpc/vpc-041d7f3991fd01528",
            "assign_generated_ipv6_cidr_block": false,
            "cidr_block": "10.0.0.0/16",
            "default_network_acl_id": "acl-013ca130734e35321",
            "default_route_table_id": "rtb-0478055d3cdb7a327",
            "default_security_group_id": "sg-0e53ebab0400db3b1",
            "dhcp_options_id": "dopt-0e84afa008fa529ff",
            "enable_dns_hostnames": true,
            "enable_dns_support": true,
            "enable_network_address_usage_metrics": false,
            "id": "vpc-041d7f3991fd01528",
            "instance_tenancy": "default",
            "ipv4_ipam_pool_id": null,
            "ipv4_netmask_length": null,
            "ipv6_association_id": "",
            "ipv6_cidr_block": "",
            "ipv6_cidr_block_network_border_group": "",
            "ipv6_ipam_pool_id": "",
            "ipv6_netmask_length": 0,
            "main_route_table_id": "rtb-0478055d3cdb7a327",
            "owner_id": "049618906674",
            "tags": {
              "Name": "petclinic-isi-prod-vpc"
            },
            "tags_all": {
              "ManagedBy": "Terraform",
              "Name": "petclinic-isi-prod-vpc",
              "Project": "petclinic"
            }
          },
          "sensitive_attributes": [],
          "identity_schema_version": 0,
          "private": "eyJzY2hlbWFfdmVyc2lvbiI6IjEifQ==",
          "create_before_destroy": true
        }
      ]
    }
  ],
  "check_results": null
}
